
Microsoft Visual Studio Solution File, Format Version 12.00
# Visual Studio Version 17
VisualStudioVersion = 17.1.31911.260
MinimumVisualStudioVersion = 16.0.22
Project("{9A19103F-16F7-4668-BE54-9A1E7A4F7556}") = "MainDemo.Module.Win.NetCore.Desktop", "MainDemo.Module.Win\MainDemo.Module.Win.NetCore.Desktop.csproj", "{70AC2425-F2E8-480A-825C-9E42C8F071E6}"
EndProject
Project("{9A19103F-16F7-4668-BE54-9A1E7A4F7556}") = "MainDemo.Module", "MainDemo.Module\MainDemo.Module.csproj", "{D7B72244-7C11-414B-ABE5-A3EB78567D93}"
EndProject
Project("{9A19103F-16F7-4668-BE54-9A1E7A4F7556}") = "MainDemo.Win.NetCore.Desktop", "MainDemo.Win\MainDemo.Win.NetCore.Desktop.csproj", "{6ABA08C0-4C39-490C-9F2E-8C97EC101FB0}"
EndProject
Project("{2150E333-8FDC-42A3-9474-1A3956D46DE8}") = "Solution Items", "Solution Items", "{52420D9D-E923-4573-B5B7-6691942B9D05}"
	ProjectSection(SolutionItems) = preProject
		Directory.Build.props = Directory.Build.props
		..\Directory.Build.props = ..\Directory.Build.props
		..\..\Directory.Build.props = ..\..\Directory.Build.props
	EndProjectSection
EndProject
Project("{2150E333-8FDC-42A3-9474-1A3956D46DE8}") = "Apps", "Apps", "{66F3F924-63AA-42A9-A6A3-9965419BB4E8}"
EndProject
Project("{2150E333-8FDC-42A3-9474-1A3956D46DE8}") = "Modules", "Modules", "{675CB539-165E-4B1A-93F7-0532523D4B87}"
EndProject
Project("{2150E333-8FDC-42A3-9474-1A3956D46DE8}") = "src", "src", "{AF4B7C32-FBE9-4609-BCC8-D14DE09CA829}"
EndProject
Project("{9A19103F-16F7-4668-BE54-9A1E7A4F7556}") = "Xenial.Framework", "..\..\src\Xenial.Framework\Xenial.Framework.csproj", "{3B970E4E-FC1A-47E5-ACE3-EFD74508E8DC}"
EndProject
Project("{9A19103F-16F7-4668-BE54-9A1E7A4F7556}") = "Xenial.Framework.Win", "..\..\src\Xenial.Framework.Win\Xenial.Framework.Win.csproj", "{37E784C4-9C33-4EE1-BBC8-C52767FF5900}"
EndProject
Project("{9A19103F-16F7-4668-BE54-9A1E7A4F7556}") = "Xenial.Framework.Generators", "..\..\src\Xenial.Framework.Generators\Xenial.Framework.Generators.csproj", "{598EE1C2-B7AF-4CD4-971B-C76919371EE1}"
EndProject
Project("{9A19103F-16F7-4668-BE54-9A1E7A4F7556}") = "Xenial.Framework.Images", "..\..\src\Xenial.Framework.Images\Xenial.Framework.Images.csproj", "{999984FE-D63D-4040-871D-517B41AE4DF3}"
EndProject
Global
	GlobalSection(SolutionConfigurationPlatforms) = preSolution
		Debug|Any CPU = Debug|Any CPU
		EasyTest|Any CPU = EasyTest|Any CPU
		Release|Any CPU = Release|Any CPU
	EndGlobalSection
	GlobalSection(ProjectConfigurationPlatforms) = postSolution
		{70AC2425-F2E8-480A-825C-9E42C8F071E6}.Debug|Any CPU.ActiveCfg = Debug|Any CPU
		{70AC2425-F2E8-480A-825C-9E42C8F071E6}.Debug|Any CPU.Build.0 = Debug|Any CPU
		{70AC2425-F2E8-480A-825C-9E42C8F071E6}.EasyTest|Any CPU.ActiveCfg = EasyTest|Any CPU
		{70AC2425-F2E8-480A-825C-9E42C8F071E6}.EasyTest|Any CPU.Build.0 = EasyTest|Any CPU
		{70AC2425-F2E8-480A-825C-9E42C8F071E6}.Release|Any CPU.ActiveCfg = Release|Any CPU
		{70AC2425-F2E8-480A-825C-9E42C8F071E6}.Release|Any CPU.Build.0 = Release|Any CPU
		{D7B72244-7C11-414B-ABE5-A3EB78567D93}.Debug|Any CPU.ActiveCfg = Debug|Any CPU
		{D7B72244-7C11-414B-ABE5-A3EB78567D93}.Debug|Any CPU.Build.0 = Debug|Any CPU
		{D7B72244-7C11-414B-ABE5-A3EB78567D93}.EasyTest|Any CPU.ActiveCfg = EasyTest|Any CPU
		{D7B72244-7C11-414B-ABE5-A3EB78567D93}.EasyTest|Any CPU.Build.0 = EasyTest|Any CPU
		{D7B72244-7C11-414B-ABE5-A3EB78567D93}.Release|Any CPU.ActiveCfg = Release|Any CPU
		{D7B72244-7C11-414B-ABE5-A3EB78567D93}.Release|Any CPU.Build.0 = Release|Any CPU
		{6ABA08C0-4C39-490C-9F2E-8C97EC101FB0}.Debug|Any CPU.ActiveCfg = Debug|Any CPU
		{6ABA08C0-4C39-490C-9F2E-8C97EC101FB0}.Debug|Any CPU.Build.0 = Debug|Any CPU
		{6ABA08C0-4C39-490C-9F2E-8C97EC101FB0}.EasyTest|Any CPU.ActiveCfg = EasyTest|Any CPU
		{6ABA08C0-4C39-490C-9F2E-8C97EC101FB0}.EasyTest|Any CPU.Build.0 = EasyTest|Any CPU
		{6ABA08C0-4C39-490C-9F2E-8C97EC101FB0}.Release|Any CPU.ActiveCfg = Release|Any CPU
		{6ABA08C0-4C39-490C-9F2E-8C97EC101FB0}.Release|Any CPU.Build.0 = Release|Any CPU
		{3B970E4E-FC1A-47E5-ACE3-EFD74508E8DC}.Debug|Any CPU.ActiveCfg = Debug|Any CPU
		{3B970E4E-FC1A-47E5-ACE3-EFD74508E8DC}.Debug|Any CPU.Build.0 = Debug|Any CPU
		{3B970E4E-FC1A-47E5-ACE3-EFD74508E8DC}.EasyTest|Any CPU.ActiveCfg = Debug|Any CPU
		{3B970E4E-FC1A-47E5-ACE3-EFD74508E8DC}.EasyTest|Any CPU.Build.0 = Debug|Any CPU
		{3B970E4E-FC1A-47E5-ACE3-EFD74508E8DC}.Release|Any CPU.ActiveCfg = Release|Any CPU
		{3B970E4E-FC1A-47E5-ACE3-EFD74508E8DC}.Release|Any CPU.Build.0 = Release|Any CPU
		{37E784C4-9C33-4EE1-BBC8-C52767FF5900}.Debug|Any CPU.ActiveCfg = Debug|Any CPU
		{37E784C4-9C33-4EE1-BBC8-C52767FF5900}.Debug|Any CPU.Build.0 = Debug|Any CPU
		{37E784C4-9C33-4EE1-BBC8-C52767FF5900}.EasyTest|Any CPU.ActiveCfg = Debug|Any CPU
		{37E784C4-9C33-4EE1-BBC8-C52767FF5900}.EasyTest|Any CPU.Build.0 = Debug|Any CPU
		{37E784C4-9C33-4EE1-BBC8-C52767FF5900}.Release|Any CPU.ActiveCfg = Release|Any CPU
		{37E784C4-9C33-4EE1-BBC8-C52767FF5900}.Release|Any CPU.Build.0 = Release|Any CPU
		{598EE1C2-B7AF-4CD4-971B-C76919371EE1}.Debug|Any CPU.ActiveCfg = Debug|Any CPU
		{598EE1C2-B7AF-4CD4-971B-C76919371EE1}.Debug|Any CPU.Build.0 = Debug|Any CPU
		{598EE1C2-B7AF-4CD4-971B-C76919371EE1}.EasyTest|Any CPU.ActiveCfg = Debug|Any CPU
		{598EE1C2-B7AF-4CD4-971B-C76919371EE1}.EasyTest|Any CPU.Build.0 = Debug|Any CPU
		{598EE1C2-B7AF-4CD4-971B-C76919371EE1}.Release|Any CPU.ActiveCfg = Release|Any CPU
		{598EE1C2-B7AF-4CD4-971B-C76919371EE1}.Release|Any CPU.Build.0 = Release|Any CPU
		{999984FE-D63D-4040-871D-517B41AE4DF3}.Debug|Any CPU.ActiveCfg = Debug|Any CPU
		{999984FE-D63D-4040-871D-517B41AE4DF3}.Debug|Any CPU.Build.0 = Debug|Any CPU
		{999984FE-D63D-4040-871D-517B41AE4DF3}.EasyTest|Any CPU.ActiveCfg = Debug|Any CPU
		{999984FE-D63D-4040-871D-517B41AE4DF3}.EasyTest|Any CPU.Build.0 = Debug|Any CPU
		{999984FE-D63D-4040-871D-517B41AE4DF3}.Release|Any CPU.ActiveCfg = Release|Any CPU
		{999984FE-D63D-4040-871D-517B41AE4DF3}.Release|Any CPU.Build.0 = Release|Any CPU
	EndGlobalSection
	GlobalSection(SolutionProperties) = preSolution
		HideSolutionNode = FALSE
	EndGlobalSection
	GlobalSection(NestedProjects) = preSolution
		{70AC2425-F2E8-480A-825C-9E42C8F071E6} = {675CB539-165E-4B1A-93F7-0532523D4B87}
		{D7B72244-7C11-414B-ABE5-A3EB78567D93} = {675CB539-165E-4B1A-93F7-0532523D4B87}
		{6ABA08C0-4C39-490C-9F2E-8C97EC101FB0} = {66F3F924-63AA-42A9-A6A3-9965419BB4E8}
		{3B970E4E-FC1A-47E5-ACE3-EFD74508E8DC} = {AF4B7C32-FBE9-4609-BCC8-D14DE09CA829}
		{37E784C4-9C33-4EE1-BBC8-C52767FF5900} = {AF4B7C32-FBE9-4609-BCC8-D14DE09CA829}
		{598EE1C2-B7AF-4CD4-971B-C76919371EE1} = {AF4B7C32-FBE9-4609-BCC8-D14DE09CA829}
		{999984FE-D63D-4040-871D-517B41AE4DF3} = {AF4B7C32-FBE9-4609-BCC8-D14DE09CA829}
	EndGlobalSection
	GlobalSection(ExtensibilityGlobals) = postSolution
		SolutionGuid = {27157A80-E084-469A-9410-B85FE2C0C323}
	EndGlobalSection
EndGlobal
