
Microsoft Visual Studio Solution File, Format Version 12.00
# Visual Studio 15
VisualStudioVersion = 15.0.26124.0
MinimumVisualStudioVersion = 15.0.26124.0
Project("{FAE04EC0-301F-11D3-BF4B-00C04F79EFBC}") = "MainDemo.Module", "MainDemo.Module\MainDemo.Module.csproj", "{F596DC71-61A3-43E8-8D90-28B6D4964164}"
EndProject
Project("{FAE04EC0-301F-11D3-BF4B-00C04F79EFBC}") = "MainDemo.Module.Win", "MainDemo.Module.Win\MainDemo.Module.Win.csproj", "{37FF1441-2696-41BE-AE6B-02746056B0DC}"
EndProject
Project("{FAE04EC0-301F-11D3-BF4B-00C04F79EFBC}") = "MainDemo.Module.Blazor", "MainDemo.Module.Blazor\MainDemo.Module.Blazor.csproj", "{49383D4E-9DB4-4094-A7AC-0BF1D02E9676}"
EndProject
Project("{FAE04EC0-301F-11D3-BF4B-00C04F79EFBC}") = "MainDemo.Win", "MainDemo.Win\MainDemo.Win.csproj", "{04E7D0E8-8105-459F-9F35-0486E55335D7}"
EndProject
Global
	GlobalSection(SolutionConfigurationPlatforms) = preSolution
		Debug|Any CPU = Debug|Any CPU
		Debug|x64 = Debug|x64
		Debug|x86 = Debug|x86
		Release|Any CPU = Release|Any CPU
		Release|x64 = Release|x64
		Release|x86 = Release|x86
	EndGlobalSection
	GlobalSection(SolutionProperties) = preSolution
		HideSolutionNode = FALSE
	EndGlobalSection
	GlobalSection(ProjectConfigurationPlatforms) = postSolution
		{F596DC71-61A3-43E8-8D90-28B6D4964164}.Debug|Any CPU.ActiveCfg = Debug|Any CPU
		{F596DC71-61A3-43E8-8D90-28B6D4964164}.Debug|Any CPU.Build.0 = Debug|Any CPU
		{F596DC71-61A3-43E8-8D90-28B6D4964164}.Debug|x64.ActiveCfg = Debug|Any CPU
		{F596DC71-61A3-43E8-8D90-28B6D4964164}.Debug|x64.Build.0 = Debug|Any CPU
		{F596DC71-61A3-43E8-8D90-28B6D4964164}.Debug|x86.ActiveCfg = Debug|Any CPU
		{F596DC71-61A3-43E8-8D90-28B6D4964164}.Debug|x86.Build.0 = Debug|Any CPU
		{F596DC71-61A3-43E8-8D90-28B6D4964164}.Release|Any CPU.ActiveCfg = Release|Any CPU
		{F596DC71-61A3-43E8-8D90-28B6D4964164}.Release|Any CPU.Build.0 = Release|Any CPU
		{F596DC71-61A3-43E8-8D90-28B6D4964164}.Release|x64.ActiveCfg = Release|Any CPU
		{F596DC71-61A3-43E8-8D90-28B6D4964164}.Release|x64.Build.0 = Release|Any CPU
		{F596DC71-61A3-43E8-8D90-28B6D4964164}.Release|x86.ActiveCfg = Release|Any CPU
		{F596DC71-61A3-43E8-8D90-28B6D4964164}.Release|x86.Build.0 = Release|Any CPU
		{37FF1441-2696-41BE-AE6B-02746056B0DC}.Debug|Any CPU.ActiveCfg = Debug|Any CPU
		{37FF1441-2696-41BE-AE6B-02746056B0DC}.Debug|Any CPU.Build.0 = Debug|Any CPU
		{37FF1441-2696-41BE-AE6B-02746056B0DC}.Debug|x64.ActiveCfg = Debug|Any CPU
		{37FF1441-2696-41BE-AE6B-02746056B0DC}.Debug|x64.Build.0 = Debug|Any CPU
		{37FF1441-2696-41BE-AE6B-02746056B0DC}.Debug|x86.ActiveCfg = Debug|Any CPU
		{37FF1441-2696-41BE-AE6B-02746056B0DC}.Debug|x86.Build.0 = Debug|Any CPU
		{37FF1441-2696-41BE-AE6B-02746056B0DC}.Release|Any CPU.ActiveCfg = Release|Any CPU
		{37FF1441-2696-41BE-AE6B-02746056B0DC}.Release|Any CPU.Build.0 = Release|Any CPU
		{37FF1441-2696-41BE-AE6B-02746056B0DC}.Release|x64.ActiveCfg = Release|Any CPU
		{37FF1441-2696-41BE-AE6B-02746056B0DC}.Release|x64.Build.0 = Release|Any CPU
		{37FF1441-2696-41BE-AE6B-02746056B0DC}.Release|x86.ActiveCfg = Release|Any CPU
		{37FF1441-2696-41BE-AE6B-02746056B0DC}.Release|x86.Build.0 = Release|Any CPU
		{49383D4E-9DB4-4094-A7AC-0BF1D02E9676}.Debug|Any CPU.ActiveCfg = Debug|Any CPU
		{49383D4E-9DB4-4094-A7AC-0BF1D02E9676}.Debug|Any CPU.Build.0 = Debug|Any CPU
		{49383D4E-9DB4-4094-A7AC-0BF1D02E9676}.Debug|x64.ActiveCfg = Debug|Any CPU
		{49383D4E-9DB4-4094-A7AC-0BF1D02E9676}.Debug|x64.Build.0 = Debug|Any CPU
		{49383D4E-9DB4-4094-A7AC-0BF1D02E9676}.Debug|x86.ActiveCfg = Debug|Any CPU
		{49383D4E-9DB4-4094-A7AC-0BF1D02E9676}.Debug|x86.Build.0 = Debug|Any CPU
		{49383D4E-9DB4-4094-A7AC-0BF1D02E9676}.Release|Any CPU.ActiveCfg = Release|Any CPU
		{49383D4E-9DB4-4094-A7AC-0BF1D02E9676}.Release|Any CPU.Build.0 = Release|Any CPU
		{49383D4E-9DB4-4094-A7AC-0BF1D02E9676}.Release|x64.ActiveCfg = Release|Any CPU
		{49383D4E-9DB4-4094-A7AC-0BF1D02E9676}.Release|x64.Build.0 = Release|Any CPU
		{49383D4E-9DB4-4094-A7AC-0BF1D02E9676}.Release|x86.ActiveCfg = Release|Any CPU
		{49383D4E-9DB4-4094-A7AC-0BF1D02E9676}.Release|x86.Build.0 = Release|Any CPU
		{04E7D0E8-8105-459F-9F35-0486E55335D7}.Debug|Any CPU.ActiveCfg = Debug|Any CPU
		{04E7D0E8-8105-459F-9F35-0486E55335D7}.Debug|Any CPU.Build.0 = Debug|Any CPU
		{04E7D0E8-8105-459F-9F35-0486E55335D7}.Debug|x64.ActiveCfg = Debug|Any CPU
		{04E7D0E8-8105-459F-9F35-0486E55335D7}.Debug|x64.Build.0 = Debug|Any CPU
		{04E7D0E8-8105-459F-9F35-0486E55335D7}.Debug|x86.ActiveCfg = Debug|Any CPU
		{04E7D0E8-8105-459F-9F35-0486E55335D7}.Debug|x86.Build.0 = Debug|Any CPU
		{04E7D0E8-8105-459F-9F35-0486E55335D7}.Release|Any CPU.ActiveCfg = Release|Any CPU
		{04E7D0E8-8105-459F-9F35-0486E55335D7}.Release|Any CPU.Build.0 = Release|Any CPU
		{04E7D0E8-8105-459F-9F35-0486E55335D7}.Release|x64.ActiveCfg = Release|Any CPU
		{04E7D0E8-8105-459F-9F35-0486E55335D7}.Release|x64.Build.0 = Release|Any CPU
		{04E7D0E8-8105-459F-9F35-0486E55335D7}.Release|x86.ActiveCfg = Release|Any CPU
		{04E7D0E8-8105-459F-9F35-0486E55335D7}.Release|x86.Build.0 = Release|Any CPU
	EndGlobalSection
EndGlobal
