
Microsoft Visual Studio Solution File, Format Version 12.00
# Visual Studio Version 17
VisualStudioVersion = 17.1.31911.260
MinimumVisualStudioVersion = 15.0.26124.0
Project("{9A19103F-16F7-4668-BE54-9A1E7A4F7556}") = "Xenial.FeatureCenter.Module", "Xenial.FeatureCenter.Module\Xenial.FeatureCenter.Module.csproj", "{D4003A4E-868C-48A8-83CF-638D6CAA84D2}"
EndProject
Project("{9A19103F-16F7-4668-BE54-9A1E7A4F7556}") = "Xenial.FeatureCenter.Module.Win", "Xenial.FeatureCenter.Module.Win\Xenial.FeatureCenter.Module.Win.csproj", "{5E197F93-F621-4A34-8A7E-3B28DCC168B9}"
EndProject
Project("{9A19103F-16F7-4668-BE54-9A1E7A4F7556}") = "Xenial.FeatureCenter.Win", "Xenial.FeatureCenter.Win\Xenial.FeatureCenter.Win.csproj", "{5155D4CC-BFAF-438B-8910-142605A203D7}"
EndProject
Project("{9A19103F-16F7-4668-BE54-9A1E7A4F7556}") = "Xenial.FeatureCenter.Module.Blazor", "Xenial.FeatureCenter.Module.Blazor\Xenial.FeatureCenter.Module.Blazor.csproj", "{26C69744-9293-4764-85AF-B44DBD5050E5}"
EndProject
Project("{9A19103F-16F7-4668-BE54-9A1E7A4F7556}") = "Xenial.FeatureCenter.Blazor.Server", "Xenial.FeatureCenter.Blazor.Server\Xenial.FeatureCenter.Blazor.Server.csproj", "{B8CBB102-8C14-4CA9-BC6D-0BC041770995}"
EndProject
Project("{2150E333-8FDC-42A3-9474-1A3956D46DE8}") = "Solution Items", "Solution Items", "{96F16191-4923-4FE9-B8DB-F6AE19EB866A}"
	ProjectSection(SolutionItems) = preProject
		..\Directory.Build.props = ..\Directory.Build.props
	EndProjectSection
EndProject
Project("{2150E333-8FDC-42A3-9474-1A3956D46DE8}") = "src", "src", "{C528FF75-46C2-46E2-BFA7-51FF0C01D8B0}"
EndProject
Project("{9A19103F-16F7-4668-BE54-9A1E7A4F7556}") = "Xenial.Framework", "..\..\src\Xenial.Framework\Xenial.Framework.csproj", "{B9271563-78C2-4221-8B79-D14E9F0088BF}"
EndProject
Project("{9A19103F-16F7-4668-BE54-9A1E7A4F7556}") = "Xenial.Framework.Badges", "..\..\src\Xenial.Framework.Badges\Xenial.Framework.Badges.csproj", "{608D8228-7C10-4DFF-AE71-8DB4BF9F2513}"
EndProject
Project("{9A19103F-16F7-4668-BE54-9A1E7A4F7556}") = "Xenial.Framework.Badges.Blazor", "..\..\src\Xenial.Framework.Badges.Blazor\Xenial.Framework.Badges.Blazor.csproj", "{61F0A606-878A-4795-9256-EA42957F3D7D}"
EndProject
Project("{9A19103F-16F7-4668-BE54-9A1E7A4F7556}") = "Xenial.Framework.Badges.Win", "..\..\src\Xenial.Framework.Badges.Win\Xenial.Framework.Badges.Win.csproj", "{647C505B-A063-4BEF-96B4-159CB8BD4E1C}"
EndProject
Project("{9A19103F-16F7-4668-BE54-9A1E7A4F7556}") = "Xenial.Framework.Blazor", "..\..\src\Xenial.Framework.Blazor\Xenial.Framework.Blazor.csproj", "{BB84F93D-30AE-4009-B5C9-B99BFBABF877}"
EndProject
Project("{9A19103F-16F7-4668-BE54-9A1E7A4F7556}") = "Xenial.Framework.Generators", "..\..\src\Xenial.Framework.Generators\Xenial.Framework.Generators.csproj", "{A7E9C857-F7B8-4E70-A9C0-06D1AEF6C5A0}"
EndProject
Project("{9A19103F-16F7-4668-BE54-9A1E7A4F7556}") = "Xenial.Framework.Images", "..\..\src\Xenial.Framework.Images\Xenial.Framework.Images.csproj", "{BF44F1E8-308E-4C0B-9868-0DDAADD8A0D3}"
EndProject
Project("{9A19103F-16F7-4668-BE54-9A1E7A4F7556}") = "Xenial.Framework.Lab", "..\..\src\Xenial.Framework.Lab\Xenial.Framework.Lab.csproj", "{4C165379-E4D5-4576-B669-58C8B4E7B8D4}"
EndProject
Project("{9A19103F-16F7-4668-BE54-9A1E7A4F7556}") = "Xenial.Framework.Lab.Blazor", "..\..\src\Xenial.Framework.Lab.Blazor\Xenial.Framework.Lab.Blazor.csproj", "{2D33AC6B-3DDE-45F3-A5FE-4538F1F68998}"
EndProject
Project("{9A19103F-16F7-4668-BE54-9A1E7A4F7556}") = "Xenial.Framework.Lab.Win", "..\..\src\Xenial.Framework.Lab.Win\Xenial.Framework.Lab.Win.csproj", "{1110BB74-3014-469A-BCA8-644BAD5A0C80}"
EndProject
Project("{9A19103F-16F7-4668-BE54-9A1E7A4F7556}") = "Xenial.Framework.LabelEditors", "..\..\src\Xenial.Framework.LabelEditors\Xenial.Framework.LabelEditors.csproj", "{532EE1F3-562D-4E2D-9D91-E73333952BDE}"
EndProject
Project("{9A19103F-16F7-4668-BE54-9A1E7A4F7556}") = "Xenial.Framework.LabelEditors.Win", "..\..\src\Xenial.Framework.LabelEditors.Win\Xenial.Framework.LabelEditors.Win.csproj", "{E4BAC500-05D1-452C-8F3A-DE444B362C92}"
EndProject
Project("{9A19103F-16F7-4668-BE54-9A1E7A4F7556}") = "Xenial.Framework.StepProgressEditors", "..\..\src\Xenial.Framework.StepProgressEditors\Xenial.Framework.StepProgressEditors.csproj", "{9DCF2CE1-AC4E-4442-9834-5E0B500A6AFD}"
EndProject
Project("{9A19103F-16F7-4668-BE54-9A1E7A4F7556}") = "Xenial.Framework.StepProgressEditors.Win", "..\..\src\Xenial.Framework.StepProgressEditors.Win\Xenial.Framework.StepProgressEditors.Win.csproj", "{188BA8D3-7E6A-4B8E-B192-AF12316718E1}"
EndProject
Project("{9A19103F-16F7-4668-BE54-9A1E7A4F7556}") = "Xenial.Framework.TokenEditors", "..\..\src\Xenial.Framework.TokenEditors\Xenial.Framework.TokenEditors.csproj", "{EEACAD09-3EC7-49BA-A5F0-1655FA2BCBBB}"
EndProject
Project("{9A19103F-16F7-4668-BE54-9A1E7A4F7556}") = "Xenial.Framework.TokenEditors.Blazor", "..\..\src\Xenial.Framework.TokenEditors.Blazor\Xenial.Framework.TokenEditors.Blazor.csproj", "{5E03AA05-AF03-4082-82B5-FB45A083A9E0}"
EndProject
Project("{9A19103F-16F7-4668-BE54-9A1E7A4F7556}") = "Xenial.Framework.TokenEditors.Win", "..\..\src\Xenial.Framework.TokenEditors.Win\Xenial.Framework.TokenEditors.Win.csproj", "{15D495C5-9C6D-43F2-8118-82E260716667}"
EndProject
Project("{9A19103F-16F7-4668-BE54-9A1E7A4F7556}") = "Xenial.Framework.WebView", "..\..\src\Xenial.Framework.WebView\Xenial.Framework.WebView.csproj", "{81089E99-E86A-4F11-AAA9-B6C8BD80D1ED}"
EndProject
Project("{9A19103F-16F7-4668-BE54-9A1E7A4F7556}") = "Xenial.Framework.WebView.Blazor", "..\..\src\Xenial.Framework.WebView.Blazor\Xenial.Framework.WebView.Blazor.csproj", "{FC3F7A2B-16AB-4AC3-83BE-B5592ADE8470}"
EndProject
Project("{9A19103F-16F7-4668-BE54-9A1E7A4F7556}") = "Xenial.Framework.WebView.Win", "..\..\src\Xenial.Framework.WebView.Win\Xenial.Framework.WebView.Win.csproj", "{BA30F47E-CC38-4554-9520-8A692027F03B}"
EndProject
Project("{9A19103F-16F7-4668-BE54-9A1E7A4F7556}") = "Xenial.Framework.Win", "..\..\src\Xenial.Framework.Win\Xenial.Framework.Win.csproj", "{69329EEA-735A-411E-A908-05521BE5FB41}"
EndProject
Project("{9A19103F-16F7-4668-BE54-9A1E7A4F7556}") = "Xenial.Framework.Xpo", "..\..\src\Xenial.Framework.Xpo\Xenial.Framework.Xpo.csproj", "{6E0F92FE-E5D7-4129-AB59-99E72B09AED7}"
EndProject
Project("{2150E333-8FDC-42A3-9474-1A3956D46DE8}") = "Apps", "Apps", "{C1689DF0-A086-4ACB-A786-CB712D86E00F}"
EndProject
Project("{2150E333-8FDC-42A3-9474-1A3956D46DE8}") = "Modules", "Modules", "{D9A9B61B-4129-4666-A6EA-ABEA431E6DDF}"
EndProject
Global
	GlobalSection(SolutionConfigurationPlatforms) = preSolution
		Debug|Any CPU = Debug|Any CPU
		Debug|x64 = Debug|x64
		Debug|x86 = Debug|x86
		Release|Any CPU = Release|Any CPU
		Release|x64 = Release|x64
		Release|x86 = Release|x86
	EndGlobalSection
	GlobalSection(ProjectConfigurationPlatforms) = postSolution
		{D4003A4E-868C-48A8-83CF-638D6CAA84D2}.Debug|Any CPU.ActiveCfg = Debug|Any CPU
		{D4003A4E-868C-48A8-83CF-638D6CAA84D2}.Debug|Any CPU.Build.0 = Debug|Any CPU
		{D4003A4E-868C-48A8-83CF-638D6CAA84D2}.Debug|x64.ActiveCfg = Debug|Any CPU
		{D4003A4E-868C-48A8-83CF-638D6CAA84D2}.Debug|x64.Build.0 = Debug|Any CPU
		{D4003A4E-868C-48A8-83CF-638D6CAA84D2}.Debug|x86.ActiveCfg = Debug|Any CPU
		{D4003A4E-868C-48A8-83CF-638D6CAA84D2}.Debug|x86.Build.0 = Debug|Any CPU
		{D4003A4E-868C-48A8-83CF-638D6CAA84D2}.Release|Any CPU.ActiveCfg = Release|Any CPU
		{D4003A4E-868C-48A8-83CF-638D6CAA84D2}.Release|Any CPU.Build.0 = Release|Any CPU
		{D4003A4E-868C-48A8-83CF-638D6CAA84D2}.Release|x64.ActiveCfg = Release|Any CPU
		{D4003A4E-868C-48A8-83CF-638D6CAA84D2}.Release|x64.Build.0 = Release|Any CPU
		{D4003A4E-868C-48A8-83CF-638D6CAA84D2}.Release|x86.ActiveCfg = Release|Any CPU
		{D4003A4E-868C-48A8-83CF-638D6CAA84D2}.Release|x86.Build.0 = Release|Any CPU
		{5E197F93-F621-4A34-8A7E-3B28DCC168B9}.Debug|Any CPU.ActiveCfg = Debug|Any CPU
		{5E197F93-F621-4A34-8A7E-3B28DCC168B9}.Debug|Any CPU.Build.0 = Debug|Any CPU
		{5E197F93-F621-4A34-8A7E-3B28DCC168B9}.Debug|x64.ActiveCfg = Debug|Any CPU
		{5E197F93-F621-4A34-8A7E-3B28DCC168B9}.Debug|x64.Build.0 = Debug|Any CPU
		{5E197F93-F621-4A34-8A7E-3B28DCC168B9}.Debug|x86.ActiveCfg = Debug|Any CPU
		{5E197F93-F621-4A34-8A7E-3B28DCC168B9}.Debug|x86.Build.0 = Debug|Any CPU
		{5E197F93-F621-4A34-8A7E-3B28DCC168B9}.Release|Any CPU.ActiveCfg = Release|Any CPU
		{5E197F93-F621-4A34-8A7E-3B28DCC168B9}.Release|Any CPU.Build.0 = Release|Any CPU
		{5E197F93-F621-4A34-8A7E-3B28DCC168B9}.Release|x64.ActiveCfg = Release|Any CPU
		{5E197F93-F621-4A34-8A7E-3B28DCC168B9}.Release|x64.Build.0 = Release|Any CPU
		{5E197F93-F621-4A34-8A7E-3B28DCC168B9}.Release|x86.ActiveCfg = Release|Any CPU
		{5E197F93-F621-4A34-8A7E-3B28DCC168B9}.Release|x86.Build.0 = Release|Any CPU
		{5155D4CC-BFAF-438B-8910-142605A203D7}.Debug|Any CPU.ActiveCfg = Debug|Any CPU
		{5155D4CC-BFAF-438B-8910-142605A203D7}.Debug|Any CPU.Build.0 = Debug|Any CPU
		{5155D4CC-BFAF-438B-8910-142605A203D7}.Debug|x64.ActiveCfg = Debug|Any CPU
		{5155D4CC-BFAF-438B-8910-142605A203D7}.Debug|x64.Build.0 = Debug|Any CPU
		{5155D4CC-BFAF-438B-8910-142605A203D7}.Debug|x86.ActiveCfg = Debug|Any CPU
		{5155D4CC-BFAF-438B-8910-142605A203D7}.Debug|x86.Build.0 = Debug|Any CPU
		{5155D4CC-BFAF-438B-8910-142605A203D7}.Release|Any CPU.ActiveCfg = Release|Any CPU
		{5155D4CC-BFAF-438B-8910-142605A203D7}.Release|Any CPU.Build.0 = Release|Any CPU
		{5155D4CC-BFAF-438B-8910-142605A203D7}.Release|x64.ActiveCfg = Release|Any CPU
		{5155D4CC-BFAF-438B-8910-142605A203D7}.Release|x64.Build.0 = Release|Any CPU
		{5155D4CC-BFAF-438B-8910-142605A203D7}.Release|x86.ActiveCfg = Release|Any CPU
		{5155D4CC-BFAF-438B-8910-142605A203D7}.Release|x86.Build.0 = Release|Any CPU
		{26C69744-9293-4764-85AF-B44DBD5050E5}.Debug|Any CPU.ActiveCfg = Debug|Any CPU
		{26C69744-9293-4764-85AF-B44DBD5050E5}.Debug|Any CPU.Build.0 = Debug|Any CPU
		{26C69744-9293-4764-85AF-B44DBD5050E5}.Debug|x64.ActiveCfg = Debug|Any CPU
		{26C69744-9293-4764-85AF-B44DBD5050E5}.Debug|x64.Build.0 = Debug|Any CPU
		{26C69744-9293-4764-85AF-B44DBD5050E5}.Debug|x86.ActiveCfg = Debug|Any CPU
		{26C69744-9293-4764-85AF-B44DBD5050E5}.Debug|x86.Build.0 = Debug|Any CPU
		{26C69744-9293-4764-85AF-B44DBD5050E5}.Release|Any CPU.ActiveCfg = Release|Any CPU
		{26C69744-9293-4764-85AF-B44DBD5050E5}.Release|Any CPU.Build.0 = Release|Any CPU
		{26C69744-9293-4764-85AF-B44DBD5050E5}.Release|x64.ActiveCfg = Release|Any CPU
		{26C69744-9293-4764-85AF-B44DBD5050E5}.Release|x64.Build.0 = Release|Any CPU
		{26C69744-9293-4764-85AF-B44DBD5050E5}.Release|x86.ActiveCfg = Release|Any CPU
		{26C69744-9293-4764-85AF-B44DBD5050E5}.Release|x86.Build.0 = Release|Any CPU
		{B8CBB102-8C14-4CA9-BC6D-0BC041770995}.Debug|Any CPU.ActiveCfg = Debug|Any CPU
		{B8CBB102-8C14-4CA9-BC6D-0BC041770995}.Debug|Any CPU.Build.0 = Debug|Any CPU
		{B8CBB102-8C14-4CA9-BC6D-0BC041770995}.Debug|x64.ActiveCfg = Debug|Any CPU
		{B8CBB102-8C14-4CA9-BC6D-0BC041770995}.Debug|x64.Build.0 = Debug|Any CPU
		{B8CBB102-8C14-4CA9-BC6D-0BC041770995}.Debug|x86.ActiveCfg = Debug|Any CPU
		{B8CBB102-8C14-4CA9-BC6D-0BC041770995}.Debug|x86.Build.0 = Debug|Any CPU
		{B8CBB102-8C14-4CA9-BC6D-0BC041770995}.Release|Any CPU.ActiveCfg = Release|Any CPU
		{B8CBB102-8C14-4CA9-BC6D-0BC041770995}.Release|Any CPU.Build.0 = Release|Any CPU
		{B8CBB102-8C14-4CA9-BC6D-0BC041770995}.Release|x64.ActiveCfg = Release|Any CPU
		{B8CBB102-8C14-4CA9-BC6D-0BC041770995}.Release|x64.Build.0 = Release|Any CPU
		{B8CBB102-8C14-4CA9-BC6D-0BC041770995}.Release|x86.ActiveCfg = Release|Any CPU
		{B8CBB102-8C14-4CA9-BC6D-0BC041770995}.Release|x86.Build.0 = Release|Any CPU
		{B9271563-78C2-4221-8B79-D14E9F0088BF}.Debug|Any CPU.ActiveCfg = Debug|Any CPU
		{B9271563-78C2-4221-8B79-D14E9F0088BF}.Debug|Any CPU.Build.0 = Debug|Any CPU
		{B9271563-78C2-4221-8B79-D14E9F0088BF}.Debug|x64.ActiveCfg = Debug|Any CPU
		{B9271563-78C2-4221-8B79-D14E9F0088BF}.Debug|x64.Build.0 = Debug|Any CPU
		{B9271563-78C2-4221-8B79-D14E9F0088BF}.Debug|x86.ActiveCfg = Debug|Any CPU
		{B9271563-78C2-4221-8B79-D14E9F0088BF}.Debug|x86.Build.0 = Debug|Any CPU
		{B9271563-78C2-4221-8B79-D14E9F0088BF}.Release|Any CPU.ActiveCfg = Release|Any CPU
		{B9271563-78C2-4221-8B79-D14E9F0088BF}.Release|Any CPU.Build.0 = Release|Any CPU
		{B9271563-78C2-4221-8B79-D14E9F0088BF}.Release|x64.ActiveCfg = Release|Any CPU
		{B9271563-78C2-4221-8B79-D14E9F0088BF}.Release|x64.Build.0 = Release|Any CPU
		{B9271563-78C2-4221-8B79-D14E9F0088BF}.Release|x86.ActiveCfg = Release|Any CPU
		{B9271563-78C2-4221-8B79-D14E9F0088BF}.Release|x86.Build.0 = Release|Any CPU
		{608D8228-7C10-4DFF-AE71-8DB4BF9F2513}.Debug|Any CPU.ActiveCfg = Debug|Any CPU
		{608D8228-7C10-4DFF-AE71-8DB4BF9F2513}.Debug|Any CPU.Build.0 = Debug|Any CPU
		{608D8228-7C10-4DFF-AE71-8DB4BF9F2513}.Debug|x64.ActiveCfg = Debug|Any CPU
		{608D8228-7C10-4DFF-AE71-8DB4BF9F2513}.Debug|x64.Build.0 = Debug|Any CPU
		{608D8228-7C10-4DFF-AE71-8DB4BF9F2513}.Debug|x86.ActiveCfg = Debug|Any CPU
		{608D8228-7C10-4DFF-AE71-8DB4BF9F2513}.Debug|x86.Build.0 = Debug|Any CPU
		{608D8228-7C10-4DFF-AE71-8DB4BF9F2513}.Release|Any CPU.ActiveCfg = Release|Any CPU
		{608D8228-7C10-4DFF-AE71-8DB4BF9F2513}.Release|Any CPU.Build.0 = Release|Any CPU
		{608D8228-7C10-4DFF-AE71-8DB4BF9F2513}.Release|x64.ActiveCfg = Release|Any CPU
		{608D8228-7C10-4DFF-AE71-8DB4BF9F2513}.Release|x64.Build.0 = Release|Any CPU
		{608D8228-7C10-4DFF-AE71-8DB4BF9F2513}.Release|x86.ActiveCfg = Release|Any CPU
		{608D8228-7C10-4DFF-AE71-8DB4BF9F2513}.Release|x86.Build.0 = Release|Any CPU
		{61F0A606-878A-4795-9256-EA42957F3D7D}.Debug|Any CPU.ActiveCfg = Debug|Any CPU
		{61F0A606-878A-4795-9256-EA42957F3D7D}.Debug|Any CPU.Build.0 = Debug|Any CPU
		{61F0A606-878A-4795-9256-EA42957F3D7D}.Debug|x64.ActiveCfg = Debug|Any CPU
		{61F0A606-878A-4795-9256-EA42957F3D7D}.Debug|x64.Build.0 = Debug|Any CPU
		{61F0A606-878A-4795-9256-EA42957F3D7D}.Debug|x86.ActiveCfg = Debug|Any CPU
		{61F0A606-878A-4795-9256-EA42957F3D7D}.Debug|x86.Build.0 = Debug|Any CPU
		{61F0A606-878A-4795-9256-EA42957F3D7D}.Release|Any CPU.ActiveCfg = Release|Any CPU
		{61F0A606-878A-4795-9256-EA42957F3D7D}.Release|Any CPU.Build.0 = Release|Any CPU
		{61F0A606-878A-4795-9256-EA42957F3D7D}.Release|x64.ActiveCfg = Release|Any CPU
		{61F0A606-878A-4795-9256-EA42957F3D7D}.Release|x64.Build.0 = Release|Any CPU
		{61F0A606-878A-4795-9256-EA42957F3D7D}.Release|x86.ActiveCfg = Release|Any CPU
		{61F0A606-878A-4795-9256-EA42957F3D7D}.Release|x86.Build.0 = Release|Any CPU
		{647C505B-A063-4BEF-96B4-159CB8BD4E1C}.Debug|Any CPU.ActiveCfg = Debug|Any CPU
		{647C505B-A063-4BEF-96B4-159CB8BD4E1C}.Debug|Any CPU.Build.0 = Debug|Any CPU
		{647C505B-A063-4BEF-96B4-159CB8BD4E1C}.Debug|x64.ActiveCfg = Debug|Any CPU
		{647C505B-A063-4BEF-96B4-159CB8BD4E1C}.Debug|x64.Build.0 = Debug|Any CPU
		{647C505B-A063-4BEF-96B4-159CB8BD4E1C}.Debug|x86.ActiveCfg = Debug|Any CPU
		{647C505B-A063-4BEF-96B4-159CB8BD4E1C}.Debug|x86.Build.0 = Debug|Any CPU
		{647C505B-A063-4BEF-96B4-159CB8BD4E1C}.Release|Any CPU.ActiveCfg = Release|Any CPU
		{647C505B-A063-4BEF-96B4-159CB8BD4E1C}.Release|Any CPU.Build.0 = Release|Any CPU
		{647C505B-A063-4BEF-96B4-159CB8BD4E1C}.Release|x64.ActiveCfg = Release|Any CPU
		{647C505B-A063-4BEF-96B4-159CB8BD4E1C}.Release|x64.Build.0 = Release|Any CPU
		{647C505B-A063-4BEF-96B4-159CB8BD4E1C}.Release|x86.ActiveCfg = Release|Any CPU
		{647C505B-A063-4BEF-96B4-159CB8BD4E1C}.Release|x86.Build.0 = Release|Any CPU
		{BB84F93D-30AE-4009-B5C9-B99BFBABF877}.Debug|Any CPU.ActiveCfg = Debug|Any CPU
		{BB84F93D-30AE-4009-B5C9-B99BFBABF877}.Debug|Any CPU.Build.0 = Debug|Any CPU
		{BB84F93D-30AE-4009-B5C9-B99BFBABF877}.Debug|x64.ActiveCfg = Debug|Any CPU
		{BB84F93D-30AE-4009-B5C9-B99BFBABF877}.Debug|x64.Build.0 = Debug|Any CPU
		{BB84F93D-30AE-4009-B5C9-B99BFBABF877}.Debug|x86.ActiveCfg = Debug|Any CPU
		{BB84F93D-30AE-4009-B5C9-B99BFBABF877}.Debug|x86.Build.0 = Debug|Any CPU
		{BB84F93D-30AE-4009-B5C9-B99BFBABF877}.Release|Any CPU.ActiveCfg = Release|Any CPU
		{BB84F93D-30AE-4009-B5C9-B99BFBABF877}.Release|Any CPU.Build.0 = Release|Any CPU
		{BB84F93D-30AE-4009-B5C9-B99BFBABF877}.Release|x64.ActiveCfg = Release|Any CPU
		{BB84F93D-30AE-4009-B5C9-B99BFBABF877}.Release|x64.Build.0 = Release|Any CPU
		{BB84F93D-30AE-4009-B5C9-B99BFBABF877}.Release|x86.ActiveCfg = Release|Any CPU
		{BB84F93D-30AE-4009-B5C9-B99BFBABF877}.Release|x86.Build.0 = Release|Any CPU
		{A7E9C857-F7B8-4E70-A9C0-06D1AEF6C5A0}.Debug|Any CPU.ActiveCfg = Debug|Any CPU
		{A7E9C857-F7B8-4E70-A9C0-06D1AEF6C5A0}.Debug|Any CPU.Build.0 = Debug|Any CPU
		{A7E9C857-F7B8-4E70-A9C0-06D1AEF6C5A0}.Debug|x64.ActiveCfg = Debug|Any CPU
		{A7E9C857-F7B8-4E70-A9C0-06D1AEF6C5A0}.Debug|x64.Build.0 = Debug|Any CPU
		{A7E9C857-F7B8-4E70-A9C0-06D1AEF6C5A0}.Debug|x86.ActiveCfg = Debug|Any CPU
		{A7E9C857-F7B8-4E70-A9C0-06D1AEF6C5A0}.Debug|x86.Build.0 = Debug|Any CPU
		{A7E9C857-F7B8-4E70-A9C0-06D1AEF6C5A0}.Release|Any CPU.ActiveCfg = Release|Any CPU
		{A7E9C857-F7B8-4E70-A9C0-06D1AEF6C5A0}.Release|Any CPU.Build.0 = Release|Any CPU
		{A7E9C857-F7B8-4E70-A9C0-06D1AEF6C5A0}.Release|x64.ActiveCfg = Release|Any CPU
		{A7E9C857-F7B8-4E70-A9C0-06D1AEF6C5A0}.Release|x64.Build.0 = Release|Any CPU
		{A7E9C857-F7B8-4E70-A9C0-06D1AEF6C5A0}.Release|x86.ActiveCfg = Release|Any CPU
		{A7E9C857-F7B8-4E70-A9C0-06D1AEF6C5A0}.Release|x86.Build.0 = Release|Any CPU
		{BF44F1E8-308E-4C0B-9868-0DDAADD8A0D3}.Debug|Any CPU.ActiveCfg = Debug|Any CPU
		{BF44F1E8-308E-4C0B-9868-0DDAADD8A0D3}.Debug|Any CPU.Build.0 = Debug|Any CPU
		{BF44F1E8-308E-4C0B-9868-0DDAADD8A0D3}.Debug|x64.ActiveCfg = Debug|Any CPU
		{BF44F1E8-308E-4C0B-9868-0DDAADD8A0D3}.Debug|x64.Build.0 = Debug|Any CPU
		{BF44F1E8-308E-4C0B-9868-0DDAADD8A0D3}.Debug|x86.ActiveCfg = Debug|Any CPU
		{BF44F1E8-308E-4C0B-9868-0DDAADD8A0D3}.Debug|x86.Build.0 = Debug|Any CPU
		{BF44F1E8-308E-4C0B-9868-0DDAADD8A0D3}.Release|Any CPU.ActiveCfg = Release|Any CPU
		{BF44F1E8-308E-4C0B-9868-0DDAADD8A0D3}.Release|Any CPU.Build.0 = Release|Any CPU
		{BF44F1E8-308E-4C0B-9868-0DDAADD8A0D3}.Release|x64.ActiveCfg = Release|Any CPU
		{BF44F1E8-308E-4C0B-9868-0DDAADD8A0D3}.Release|x64.Build.0 = Release|Any CPU
		{BF44F1E8-308E-4C0B-9868-0DDAADD8A0D3}.Release|x86.ActiveCfg = Release|Any CPU
		{BF44F1E8-308E-4C0B-9868-0DDAADD8A0D3}.Release|x86.Build.0 = Release|Any CPU
		{4C165379-E4D5-4576-B669-58C8B4E7B8D4}.Debug|Any CPU.ActiveCfg = Debug|Any CPU
		{4C165379-E4D5-4576-B669-58C8B4E7B8D4}.Debug|Any CPU.Build.0 = Debug|Any CPU
		{4C165379-E4D5-4576-B669-58C8B4E7B8D4}.Debug|x64.ActiveCfg = Debug|Any CPU
		{4C165379-E4D5-4576-B669-58C8B4E7B8D4}.Debug|x64.Build.0 = Debug|Any CPU
		{4C165379-E4D5-4576-B669-58C8B4E7B8D4}.Debug|x86.ActiveCfg = Debug|Any CPU
		{4C165379-E4D5-4576-B669-58C8B4E7B8D4}.Debug|x86.Build.0 = Debug|Any CPU
		{4C165379-E4D5-4576-B669-58C8B4E7B8D4}.Release|Any CPU.ActiveCfg = Release|Any CPU
		{4C165379-E4D5-4576-B669-58C8B4E7B8D4}.Release|Any CPU.Build.0 = Release|Any CPU
		{4C165379-E4D5-4576-B669-58C8B4E7B8D4}.Release|x64.ActiveCfg = Release|Any CPU
		{4C165379-E4D5-4576-B669-58C8B4E7B8D4}.Release|x64.Build.0 = Release|Any CPU
		{4C165379-E4D5-4576-B669-58C8B4E7B8D4}.Release|x86.ActiveCfg = Release|Any CPU
		{4C165379-E4D5-4576-B669-58C8B4E7B8D4}.Release|x86.Build.0 = Release|Any CPU
		{2D33AC6B-3DDE-45F3-A5FE-4538F1F68998}.Debug|Any CPU.ActiveCfg = Debug|Any CPU
		{2D33AC6B-3DDE-45F3-A5FE-4538F1F68998}.Debug|Any CPU.Build.0 = Debug|Any CPU
		{2D33AC6B-3DDE-45F3-A5FE-4538F1F68998}.Debug|x64.ActiveCfg = Debug|Any CPU
		{2D33AC6B-3DDE-45F3-A5FE-4538F1F68998}.Debug|x64.Build.0 = Debug|Any CPU
		{2D33AC6B-3DDE-45F3-A5FE-4538F1F68998}.Debug|x86.ActiveCfg = Debug|Any CPU
		{2D33AC6B-3DDE-45F3-A5FE-4538F1F68998}.Debug|x86.Build.0 = Debug|Any CPU
		{2D33AC6B-3DDE-45F3-A5FE-4538F1F68998}.Release|Any CPU.ActiveCfg = Release|Any CPU
		{2D33AC6B-3DDE-45F3-A5FE-4538F1F68998}.Release|Any CPU.Build.0 = Release|Any CPU
		{2D33AC6B-3DDE-45F3-A5FE-4538F1F68998}.Release|x64.ActiveCfg = Release|Any CPU
		{2D33AC6B-3DDE-45F3-A5FE-4538F1F68998}.Release|x64.Build.0 = Release|Any CPU
		{2D33AC6B-3DDE-45F3-A5FE-4538F1F68998}.Release|x86.ActiveCfg = Release|Any CPU
		{2D33AC6B-3DDE-45F3-A5FE-4538F1F68998}.Release|x86.Build.0 = Release|Any CPU
		{1110BB74-3014-469A-BCA8-644BAD5A0C80}.Debug|Any CPU.ActiveCfg = Debug|Any CPU
		{1110BB74-3014-469A-BCA8-644BAD5A0C80}.Debug|Any CPU.Build.0 = Debug|Any CPU
		{1110BB74-3014-469A-BCA8-644BAD5A0C80}.Debug|x64.ActiveCfg = Debug|Any CPU
		{1110BB74-3014-469A-BCA8-644BAD5A0C80}.Debug|x64.Build.0 = Debug|Any CPU
		{1110BB74-3014-469A-BCA8-644BAD5A0C80}.Debug|x86.ActiveCfg = Debug|Any CPU
		{1110BB74-3014-469A-BCA8-644BAD5A0C80}.Debug|x86.Build.0 = Debug|Any CPU
		{1110BB74-3014-469A-BCA8-644BAD5A0C80}.Release|Any CPU.ActiveCfg = Release|Any CPU
		{1110BB74-3014-469A-BCA8-644BAD5A0C80}.Release|Any CPU.Build.0 = Release|Any CPU
		{1110BB74-3014-469A-BCA8-644BAD5A0C80}.Release|x64.ActiveCfg = Release|Any CPU
		{1110BB74-3014-469A-BCA8-644BAD5A0C80}.Release|x64.Build.0 = Release|Any CPU
		{1110BB74-3014-469A-BCA8-644BAD5A0C80}.Release|x86.ActiveCfg = Release|Any CPU
		{1110BB74-3014-469A-BCA8-644BAD5A0C80}.Release|x86.Build.0 = Release|Any CPU
		{532EE1F3-562D-4E2D-9D91-E73333952BDE}.Debug|Any CPU.ActiveCfg = Debug|Any CPU
		{532EE1F3-562D-4E2D-9D91-E73333952BDE}.Debug|Any CPU.Build.0 = Debug|Any CPU
		{532EE1F3-562D-4E2D-9D91-E73333952BDE}.Debug|x64.ActiveCfg = Debug|Any CPU
		{532EE1F3-562D-4E2D-9D91-E73333952BDE}.Debug|x64.Build.0 = Debug|Any CPU
		{532EE1F3-562D-4E2D-9D91-E73333952BDE}.Debug|x86.ActiveCfg = Debug|Any CPU
		{532EE1F3-562D-4E2D-9D91-E73333952BDE}.Debug|x86.Build.0 = Debug|Any CPU
		{532EE1F3-562D-4E2D-9D91-E73333952BDE}.Release|Any CPU.ActiveCfg = Release|Any CPU
		{532EE1F3-562D-4E2D-9D91-E73333952BDE}.Release|Any CPU.Build.0 = Release|Any CPU
		{532EE1F3-562D-4E2D-9D91-E73333952BDE}.Release|x64.ActiveCfg = Release|Any CPU
		{532EE1F3-562D-4E2D-9D91-E73333952BDE}.Release|x64.Build.0 = Release|Any CPU
		{532EE1F3-562D-4E2D-9D91-E73333952BDE}.Release|x86.ActiveCfg = Release|Any CPU
		{532EE1F3-562D-4E2D-9D91-E73333952BDE}.Release|x86.Build.0 = Release|Any CPU
		{E4BAC500-05D1-452C-8F3A-DE444B362C92}.Debug|Any CPU.ActiveCfg = Debug|Any CPU
		{E4BAC500-05D1-452C-8F3A-DE444B362C92}.Debug|Any CPU.Build.0 = Debug|Any CPU
		{E4BAC500-05D1-452C-8F3A-DE444B362C92}.Debug|x64.ActiveCfg = Debug|Any CPU
		{E4BAC500-05D1-452C-8F3A-DE444B362C92}.Debug|x64.Build.0 = Debug|Any CPU
		{E4BAC500-05D1-452C-8F3A-DE444B362C92}.Debug|x86.ActiveCfg = Debug|Any CPU
		{E4BAC500-05D1-452C-8F3A-DE444B362C92}.Debug|x86.Build.0 = Debug|Any CPU
		{E4BAC500-05D1-452C-8F3A-DE444B362C92}.Release|Any CPU.ActiveCfg = Release|Any CPU
		{E4BAC500-05D1-452C-8F3A-DE444B362C92}.Release|Any CPU.Build.0 = Release|Any CPU
		{E4BAC500-05D1-452C-8F3A-DE444B362C92}.Release|x64.ActiveCfg = Release|Any CPU
		{E4BAC500-05D1-452C-8F3A-DE444B362C92}.Release|x64.Build.0 = Release|Any CPU
		{E4BAC500-05D1-452C-8F3A-DE444B362C92}.Release|x86.ActiveCfg = Release|Any CPU
		{E4BAC500-05D1-452C-8F3A-DE444B362C92}.Release|x86.Build.0 = Release|Any CPU
		{9DCF2CE1-AC4E-4442-9834-5E0B500A6AFD}.Debug|Any CPU.ActiveCfg = Debug|Any CPU
		{9DCF2CE1-AC4E-4442-9834-5E0B500A6AFD}.Debug|Any CPU.Build.0 = Debug|Any CPU
		{9DCF2CE1-AC4E-4442-9834-5E0B500A6AFD}.Debug|x64.ActiveCfg = Debug|Any CPU
		{9DCF2CE1-AC4E-4442-9834-5E0B500A6AFD}.Debug|x64.Build.0 = Debug|Any CPU
		{9DCF2CE1-AC4E-4442-9834-5E0B500A6AFD}.Debug|x86.ActiveCfg = Debug|Any CPU
		{9DCF2CE1-AC4E-4442-9834-5E0B500A6AFD}.Debug|x86.Build.0 = Debug|Any CPU
		{9DCF2CE1-AC4E-4442-9834-5E0B500A6AFD}.Release|Any CPU.ActiveCfg = Release|Any CPU
		{9DCF2CE1-AC4E-4442-9834-5E0B500A6AFD}.Release|Any CPU.Build.0 = Release|Any CPU
		{9DCF2CE1-AC4E-4442-9834-5E0B500A6AFD}.Release|x64.ActiveCfg = Release|Any CPU
		{9DCF2CE1-AC4E-4442-9834-5E0B500A6AFD}.Release|x64.Build.0 = Release|Any CPU
		{9DCF2CE1-AC4E-4442-9834-5E0B500A6AFD}.Release|x86.ActiveCfg = Release|Any CPU
		{9DCF2CE1-AC4E-4442-9834-5E0B500A6AFD}.Release|x86.Build.0 = Release|Any CPU
		{188BA8D3-7E6A-4B8E-B192-AF12316718E1}.Debug|Any CPU.ActiveCfg = Debug|Any CPU
		{188BA8D3-7E6A-4B8E-B192-AF12316718E1}.Debug|Any CPU.Build.0 = Debug|Any CPU
		{188BA8D3-7E6A-4B8E-B192-AF12316718E1}.Debug|x64.ActiveCfg = Debug|Any CPU
		{188BA8D3-7E6A-4B8E-B192-AF12316718E1}.Debug|x64.Build.0 = Debug|Any CPU
		{188BA8D3-7E6A-4B8E-B192-AF12316718E1}.Debug|x86.ActiveCfg = Debug|Any CPU
		{188BA8D3-7E6A-4B8E-B192-AF12316718E1}.Debug|x86.Build.0 = Debug|Any CPU
		{188BA8D3-7E6A-4B8E-B192-AF12316718E1}.Release|Any CPU.ActiveCfg = Release|Any CPU
		{188BA8D3-7E6A-4B8E-B192-AF12316718E1}.Release|Any CPU.Build.0 = Release|Any CPU
		{188BA8D3-7E6A-4B8E-B192-AF12316718E1}.Release|x64.ActiveCfg = Release|Any CPU
		{188BA8D3-7E6A-4B8E-B192-AF12316718E1}.Release|x64.Build.0 = Release|Any CPU
		{188BA8D3-7E6A-4B8E-B192-AF12316718E1}.Release|x86.ActiveCfg = Release|Any CPU
		{188BA8D3-7E6A-4B8E-B192-AF12316718E1}.Release|x86.Build.0 = Release|Any CPU
		{EEACAD09-3EC7-49BA-A5F0-1655FA2BCBBB}.Debug|Any CPU.ActiveCfg = Debug|Any CPU
		{EEACAD09-3EC7-49BA-A5F0-1655FA2BCBBB}.Debug|Any CPU.Build.0 = Debug|Any CPU
		{EEACAD09-3EC7-49BA-A5F0-1655FA2BCBBB}.Debug|x64.ActiveCfg = Debug|Any CPU
		{EEACAD09-3EC7-49BA-A5F0-1655FA2BCBBB}.Debug|x64.Build.0 = Debug|Any CPU
		{EEACAD09-3EC7-49BA-A5F0-1655FA2BCBBB}.Debug|x86.ActiveCfg = Debug|Any CPU
		{EEACAD09-3EC7-49BA-A5F0-1655FA2BCBBB}.Debug|x86.Build.0 = Debug|Any CPU
		{EEACAD09-3EC7-49BA-A5F0-1655FA2BCBBB}.Release|Any CPU.ActiveCfg = Release|Any CPU
		{EEACAD09-3EC7-49BA-A5F0-1655FA2BCBBB}.Release|Any CPU.Build.0 = Release|Any CPU
		{EEACAD09-3EC7-49BA-A5F0-1655FA2BCBBB}.Release|x64.ActiveCfg = Release|Any CPU
		{EEACAD09-3EC7-49BA-A5F0-1655FA2BCBBB}.Release|x64.Build.0 = Release|Any CPU
		{EEACAD09-3EC7-49BA-A5F0-1655FA2BCBBB}.Release|x86.ActiveCfg = Release|Any CPU
		{EEACAD09-3EC7-49BA-A5F0-1655FA2BCBBB}.Release|x86.Build.0 = Release|Any CPU
		{5E03AA05-AF03-4082-82B5-FB45A083A9E0}.Debug|Any CPU.ActiveCfg = Debug|Any CPU
		{5E03AA05-AF03-4082-82B5-FB45A083A9E0}.Debug|Any CPU.Build.0 = Debug|Any CPU
		{5E03AA05-AF03-4082-82B5-FB45A083A9E0}.Debug|x64.ActiveCfg = Debug|Any CPU
		{5E03AA05-AF03-4082-82B5-FB45A083A9E0}.Debug|x64.Build.0 = Debug|Any CPU
		{5E03AA05-AF03-4082-82B5-FB45A083A9E0}.Debug|x86.ActiveCfg = Debug|Any CPU
		{5E03AA05-AF03-4082-82B5-FB45A083A9E0}.Debug|x86.Build.0 = Debug|Any CPU
		{5E03AA05-AF03-4082-82B5-FB45A083A9E0}.Release|Any CPU.ActiveCfg = Release|Any CPU
		{5E03AA05-AF03-4082-82B5-FB45A083A9E0}.Release|Any CPU.Build.0 = Release|Any CPU
		{5E03AA05-AF03-4082-82B5-FB45A083A9E0}.Release|x64.ActiveCfg = Release|Any CPU
		{5E03AA05-AF03-4082-82B5-FB45A083A9E0}.Release|x64.Build.0 = Release|Any CPU
		{5E03AA05-AF03-4082-82B5-FB45A083A9E0}.Release|x86.ActiveCfg = Release|Any CPU
		{5E03AA05-AF03-4082-82B5-FB45A083A9E0}.Release|x86.Build.0 = Release|Any CPU
		{15D495C5-9C6D-43F2-8118-82E260716667}.Debug|Any CPU.ActiveCfg = Debug|Any CPU
		{15D495C5-9C6D-43F2-8118-82E260716667}.Debug|Any CPU.Build.0 = Debug|Any CPU
		{15D495C5-9C6D-43F2-8118-82E260716667}.Debug|x64.ActiveCfg = Debug|Any CPU
		{15D495C5-9C6D-43F2-8118-82E260716667}.Debug|x64.Build.0 = Debug|Any CPU
		{15D495C5-9C6D-43F2-8118-82E260716667}.Debug|x86.ActiveCfg = Debug|Any CPU
		{15D495C5-9C6D-43F2-8118-82E260716667}.Debug|x86.Build.0 = Debug|Any CPU
		{15D495C5-9C6D-43F2-8118-82E260716667}.Release|Any CPU.ActiveCfg = Release|Any CPU
		{15D495C5-9C6D-43F2-8118-82E260716667}.Release|Any CPU.Build.0 = Release|Any CPU
		{15D495C5-9C6D-43F2-8118-82E260716667}.Release|x64.ActiveCfg = Release|Any CPU
		{15D495C5-9C6D-43F2-8118-82E260716667}.Release|x64.Build.0 = Release|Any CPU
		{15D495C5-9C6D-43F2-8118-82E260716667}.Release|x86.ActiveCfg = Release|Any CPU
		{15D495C5-9C6D-43F2-8118-82E260716667}.Release|x86.Build.0 = Release|Any CPU
		{81089E99-E86A-4F11-AAA9-B6C8BD80D1ED}.Debug|Any CPU.ActiveCfg = Debug|Any CPU
		{81089E99-E86A-4F11-AAA9-B6C8BD80D1ED}.Debug|Any CPU.Build.0 = Debug|Any CPU
		{81089E99-E86A-4F11-AAA9-B6C8BD80D1ED}.Debug|x64.ActiveCfg = Debug|Any CPU
		{81089E99-E86A-4F11-AAA9-B6C8BD80D1ED}.Debug|x64.Build.0 = Debug|Any CPU
		{81089E99-E86A-4F11-AAA9-B6C8BD80D1ED}.Debug|x86.ActiveCfg = Debug|Any CPU
		{81089E99-E86A-4F11-AAA9-B6C8BD80D1ED}.Debug|x86.Build.0 = Debug|Any CPU
		{81089E99-E86A-4F11-AAA9-B6C8BD80D1ED}.Release|Any CPU.ActiveCfg = Release|Any CPU
		{81089E99-E86A-4F11-AAA9-B6C8BD80D1ED}.Release|Any CPU.Build.0 = Release|Any CPU
		{81089E99-E86A-4F11-AAA9-B6C8BD80D1ED}.Release|x64.ActiveCfg = Release|Any CPU
		{81089E99-E86A-4F11-AAA9-B6C8BD80D1ED}.Release|x64.Build.0 = Release|Any CPU
		{81089E99-E86A-4F11-AAA9-B6C8BD80D1ED}.Release|x86.ActiveCfg = Release|Any CPU
		{81089E99-E86A-4F11-AAA9-B6C8BD80D1ED}.Release|x86.Build.0 = Release|Any CPU
		{FC3F7A2B-16AB-4AC3-83BE-B5592ADE8470}.Debug|Any CPU.ActiveCfg = Debug|Any CPU
		{FC3F7A2B-16AB-4AC3-83BE-B5592ADE8470}.Debug|Any CPU.Build.0 = Debug|Any CPU
		{FC3F7A2B-16AB-4AC3-83BE-B5592ADE8470}.Debug|x64.ActiveCfg = Debug|Any CPU
		{FC3F7A2B-16AB-4AC3-83BE-B5592ADE8470}.Debug|x64.Build.0 = Debug|Any CPU
		{FC3F7A2B-16AB-4AC3-83BE-B5592ADE8470}.Debug|x86.ActiveCfg = Debug|Any CPU
		{FC3F7A2B-16AB-4AC3-83BE-B5592ADE8470}.Debug|x86.Build.0 = Debug|Any CPU
		{FC3F7A2B-16AB-4AC3-83BE-B5592ADE8470}.Release|Any CPU.ActiveCfg = Release|Any CPU
		{FC3F7A2B-16AB-4AC3-83BE-B5592ADE8470}.Release|Any CPU.Build.0 = Release|Any CPU
		{FC3F7A2B-16AB-4AC3-83BE-B5592ADE8470}.Release|x64.ActiveCfg = Release|Any CPU
		{FC3F7A2B-16AB-4AC3-83BE-B5592ADE8470}.Release|x64.Build.0 = Release|Any CPU
		{FC3F7A2B-16AB-4AC3-83BE-B5592ADE8470}.Release|x86.ActiveCfg = Release|Any CPU
		{FC3F7A2B-16AB-4AC3-83BE-B5592ADE8470}.Release|x86.Build.0 = Release|Any CPU
		{BA30F47E-CC38-4554-9520-8A692027F03B}.Debug|Any CPU.ActiveCfg = Debug|Any CPU
		{BA30F47E-CC38-4554-9520-8A692027F03B}.Debug|Any CPU.Build.0 = Debug|Any CPU
		{BA30F47E-CC38-4554-9520-8A692027F03B}.Debug|x64.ActiveCfg = Debug|Any CPU
		{BA30F47E-CC38-4554-9520-8A692027F03B}.Debug|x64.Build.0 = Debug|Any CPU
		{BA30F47E-CC38-4554-9520-8A692027F03B}.Debug|x86.ActiveCfg = Debug|Any CPU
		{BA30F47E-CC38-4554-9520-8A692027F03B}.Debug|x86.Build.0 = Debug|Any CPU
		{BA30F47E-CC38-4554-9520-8A692027F03B}.Release|Any CPU.ActiveCfg = Release|Any CPU
		{BA30F47E-CC38-4554-9520-8A692027F03B}.Release|Any CPU.Build.0 = Release|Any CPU
		{BA30F47E-CC38-4554-9520-8A692027F03B}.Release|x64.ActiveCfg = Release|Any CPU
		{BA30F47E-CC38-4554-9520-8A692027F03B}.Release|x64.Build.0 = Release|Any CPU
		{BA30F47E-CC38-4554-9520-8A692027F03B}.Release|x86.ActiveCfg = Release|Any CPU
		{BA30F47E-CC38-4554-9520-8A692027F03B}.Release|x86.Build.0 = Release|Any CPU
		{69329EEA-735A-411E-A908-05521BE5FB41}.Debug|Any CPU.ActiveCfg = Debug|Any CPU
		{69329EEA-735A-411E-A908-05521BE5FB41}.Debug|Any CPU.Build.0 = Debug|Any CPU
		{69329EEA-735A-411E-A908-05521BE5FB41}.Debug|x64.ActiveCfg = Debug|Any CPU
		{69329EEA-735A-411E-A908-05521BE5FB41}.Debug|x64.Build.0 = Debug|Any CPU
		{69329EEA-735A-411E-A908-05521BE5FB41}.Debug|x86.ActiveCfg = Debug|Any CPU
		{69329EEA-735A-411E-A908-05521BE5FB41}.Debug|x86.Build.0 = Debug|Any CPU
		{69329EEA-735A-411E-A908-05521BE5FB41}.Release|Any CPU.ActiveCfg = Release|Any CPU
		{69329EEA-735A-411E-A908-05521BE5FB41}.Release|Any CPU.Build.0 = Release|Any CPU
		{69329EEA-735A-411E-A908-05521BE5FB41}.Release|x64.ActiveCfg = Release|Any CPU
		{69329EEA-735A-411E-A908-05521BE5FB41}.Release|x64.Build.0 = Release|Any CPU
		{69329EEA-735A-411E-A908-05521BE5FB41}.Release|x86.ActiveCfg = Release|Any CPU
		{69329EEA-735A-411E-A908-05521BE5FB41}.Release|x86.Build.0 = Release|Any CPU
		{6E0F92FE-E5D7-4129-AB59-99E72B09AED7}.Debug|Any CPU.ActiveCfg = Debug|Any CPU
		{6E0F92FE-E5D7-4129-AB59-99E72B09AED7}.Debug|Any CPU.Build.0 = Debug|Any CPU
		{6E0F92FE-E5D7-4129-AB59-99E72B09AED7}.Debug|x64.ActiveCfg = Debug|Any CPU
		{6E0F92FE-E5D7-4129-AB59-99E72B09AED7}.Debug|x64.Build.0 = Debug|Any CPU
		{6E0F92FE-E5D7-4129-AB59-99E72B09AED7}.Debug|x86.ActiveCfg = Debug|Any CPU
		{6E0F92FE-E5D7-4129-AB59-99E72B09AED7}.Debug|x86.Build.0 = Debug|Any CPU
		{6E0F92FE-E5D7-4129-AB59-99E72B09AED7}.Release|Any CPU.ActiveCfg = Release|Any CPU
		{6E0F92FE-E5D7-4129-AB59-99E72B09AED7}.Release|Any CPU.Build.0 = Release|Any CPU
		{6E0F92FE-E5D7-4129-AB59-99E72B09AED7}.Release|x64.ActiveCfg = Release|Any CPU
		{6E0F92FE-E5D7-4129-AB59-99E72B09AED7}.Release|x64.Build.0 = Release|Any CPU
		{6E0F92FE-E5D7-4129-AB59-99E72B09AED7}.Release|x86.ActiveCfg = Release|Any CPU
		{6E0F92FE-E5D7-4129-AB59-99E72B09AED7}.Release|x86.Build.0 = Release|Any CPU
	EndGlobalSection
	GlobalSection(SolutionProperties) = preSolution
		HideSolutionNode = FALSE
	EndGlobalSection
	GlobalSection(NestedProjects) = preSolution
		{D4003A4E-868C-48A8-83CF-638D6CAA84D2} = {D9A9B61B-4129-4666-A6EA-ABEA431E6DDF}
		{5E197F93-F621-4A34-8A7E-3B28DCC168B9} = {D9A9B61B-4129-4666-A6EA-ABEA431E6DDF}
		{5155D4CC-BFAF-438B-8910-142605A203D7} = {C1689DF0-A086-4ACB-A786-CB712D86E00F}
		{26C69744-9293-4764-85AF-B44DBD5050E5} = {D9A9B61B-4129-4666-A6EA-ABEA431E6DDF}
		{B8CBB102-8C14-4CA9-BC6D-0BC041770995} = {C1689DF0-A086-4ACB-A786-CB712D86E00F}
		{B9271563-78C2-4221-8B79-D14E9F0088BF} = {C528FF75-46C2-46E2-BFA7-51FF0C01D8B0}
		{608D8228-7C10-4DFF-AE71-8DB4BF9F2513} = {C528FF75-46C2-46E2-BFA7-51FF0C01D8B0}
		{61F0A606-878A-4795-9256-EA42957F3D7D} = {C528FF75-46C2-46E2-BFA7-51FF0C01D8B0}
		{647C505B-A063-4BEF-96B4-159CB8BD4E1C} = {C528FF75-46C2-46E2-BFA7-51FF0C01D8B0}
		{BB84F93D-30AE-4009-B5C9-B99BFBABF877} = {C528FF75-46C2-46E2-BFA7-51FF0C01D8B0}
		{A7E9C857-F7B8-4E70-A9C0-06D1AEF6C5A0} = {C528FF75-46C2-46E2-BFA7-51FF0C01D8B0}
		{BF44F1E8-308E-4C0B-9868-0DDAADD8A0D3} = {C528FF75-46C2-46E2-BFA7-51FF0C01D8B0}
		{4C165379-E4D5-4576-B669-58C8B4E7B8D4} = {C528FF75-46C2-46E2-BFA7-51FF0C01D8B0}
		{2D33AC6B-3DDE-45F3-A5FE-4538F1F68998} = {C528FF75-46C2-46E2-BFA7-51FF0C01D8B0}
		{1110BB74-3014-469A-BCA8-644BAD5A0C80} = {C528FF75-46C2-46E2-BFA7-51FF0C01D8B0}
		{532EE1F3-562D-4E2D-9D91-E73333952BDE} = {C528FF75-46C2-46E2-BFA7-51FF0C01D8B0}
		{E4BAC500-05D1-452C-8F3A-DE444B362C92} = {C528FF75-46C2-46E2-BFA7-51FF0C01D8B0}
		{9DCF2CE1-AC4E-4442-9834-5E0B500A6AFD} = {C528FF75-46C2-46E2-BFA7-51FF0C01D8B0}
		{188BA8D3-7E6A-4B8E-B192-AF12316718E1} = {C528FF75-46C2-46E2-BFA7-51FF0C01D8B0}
		{EEACAD09-3EC7-49BA-A5F0-1655FA2BCBBB} = {C528FF75-46C2-46E2-BFA7-51FF0C01D8B0}
		{5E03AA05-AF03-4082-82B5-FB45A083A9E0} = {C528FF75-46C2-46E2-BFA7-51FF0C01D8B0}
		{15D495C5-9C6D-43F2-8118-82E260716667} = {C528FF75-46C2-46E2-BFA7-51FF0C01D8B0}
		{81089E99-E86A-4F11-AAA9-B6C8BD80D1ED} = {C528FF75-46C2-46E2-BFA7-51FF0C01D8B0}
		{FC3F7A2B-16AB-4AC3-83BE-B5592ADE8470} = {C528FF75-46C2-46E2-BFA7-51FF0C01D8B0}
		{BA30F47E-CC38-4554-9520-8A692027F03B} = {C528FF75-46C2-46E2-BFA7-51FF0C01D8B0}
		{69329EEA-735A-411E-A908-05521BE5FB41} = {C528FF75-46C2-46E2-BFA7-51FF0C01D8B0}
		{6E0F92FE-E5D7-4129-AB59-99E72B09AED7} = {C528FF75-46C2-46E2-BFA7-51FF0C01D8B0}
	EndGlobalSection
	GlobalSection(ExtensibilityGlobals) = postSolution
		SolutionGuid = {DF065533-AF22-42CD-A901-454CFD2FE4FE}
	EndGlobalSection
EndGlobal
