
Microsoft Visual Studio Solution File, Format Version 12.00
# Visual Studio Version 17
VisualStudioVersion = 17.0.31825.309
MinimumVisualStudioVersion = 15.0.26124.0
Project("{2150E333-8FDC-42A3-9474-1A3956D46DE8}") = "src", "src", "{BBC9F78B-FCA3-4E8B-BE69-DFF8533377E7}"
	ProjectSection(SolutionItems) = preProject
		src\Directory.Build.props = src\Directory.Build.props
	EndProjectSection
EndProject
Project("{9A19103F-16F7-4668-BE54-9A1E7A4F7556}") = "Xenial.Framework", "src\Xenial.Framework\Xenial.Framework.csproj", "{81C57726-7940-4739-94C4-5F11A7E33867}"
EndProject
Project("{9A19103F-16F7-4668-BE54-9A1E7A4F7556}") = "Xenial.Framework.Win", "src\Xenial.Framework.Win\Xenial.Framework.Win.csproj", "{DF2D0A93-CE45-4617-BD65-DE132D384025}"
EndProject
Project("{2150E333-8FDC-42A3-9474-1A3956D46DE8}") = "test", "test", "{D7059831-CCB9-41AA-9EAF-0F0EED485003}"
	ProjectSection(SolutionItems) = preProject
		test\.editorconfig = test\.editorconfig
		test\Directory.Build.props = test\Directory.Build.props
	EndProjectSection
EndProject
Project("{9A19103F-16F7-4668-BE54-9A1E7A4F7556}") = "Xenial.Framework.Tests", "test\Xenial.Framework.Tests\Xenial.Framework.Tests.csproj", "{4EC4B3AB-3177-4801-89C7-E8D22E639C63}"
EndProject
Project("{9A19103F-16F7-4668-BE54-9A1E7A4F7556}") = "Xenial.Framework.Win.Tests", "test\Xenial.Framework.Win.Tests\Xenial.Framework.Win.Tests.csproj", "{8329BEAA-2326-4D50-BD4D-4149C5E0CF43}"
EndProject
Project("{2150E333-8FDC-42A3-9474-1A3956D46DE8}") = "Solution Items", "Solution Items", "{EDFA82A4-1E5D-47BA-A5B3-DEE807DE39E8}"
	ProjectSection(SolutionItems) = preProject
		.editorconfig = .editorconfig
		.github\workflows\build.yml = .github\workflows\build.yml
		CodeFormatting.ruleset = CodeFormatting.ruleset
		Directory.Build.props = Directory.Build.props
		global.json = global.json
		nuget.config = nuget.config
		README.md = README.md
	EndProjectSection
EndProject
Project("{9A19103F-16F7-4668-BE54-9A1E7A4F7556}") = "Xenial.Framework.WebView.Win", "src\Xenial.Framework.WebView.Win\Xenial.Framework.WebView.Win.csproj", "{A15EF953-29DA-4E15-94BB-1BBDF97CA1DE}"
EndProject
Project("{2150E333-8FDC-42A3-9474-1A3956D46DE8}") = "Modules", "Modules", "{AB69777C-A497-434A-A4A3-30BF7C1EF4A6}"
EndProject
Project("{9A19103F-16F7-4668-BE54-9A1E7A4F7556}") = "Xenial.Framework.WebView", "src\Xenial.Framework.WebView\Xenial.Framework.WebView.csproj", "{C4BF9075-3554-4668-BD4E-8009D052366E}"
EndProject
Project("{9A19103F-16F7-4668-BE54-9A1E7A4F7556}") = "Xenial.Framework.TokenEditors", "src\Xenial.Framework.TokenEditors\Xenial.Framework.TokenEditors.csproj", "{7CEB564C-C69A-43C4-8F38-52B9E9BA6597}"
EndProject
Project("{9A19103F-16F7-4668-BE54-9A1E7A4F7556}") = "Xenial.Framework.TokenEditors.Win", "src\Xenial.Framework.TokenEditors.Win\Xenial.Framework.TokenEditors.Win.csproj", "{90619CA6-48C2-4BC5-AA8E-9D4D5C31F6DB}"
EndProject
Project("{2150E333-8FDC-42A3-9474-1A3956D46DE8}") = "Editors", "Editors", "{4E58D432-9D7F-4719-B15B-4E334A478D14}"
EndProject
Project("{9A19103F-16F7-4668-BE54-9A1E7A4F7556}") = "Xenial.Framework.Xpo", "src\Xenial.Framework.Xpo\Xenial.Framework.Xpo.csproj", "{FCEC9126-D9D4-4AC0-A88F-79A491994FD7}"
EndProject
Project("{9A19103F-16F7-4668-BE54-9A1E7A4F7556}") = "Xenial.Framework.Blazor", "src\Xenial.Framework.Blazor\Xenial.Framework.Blazor.csproj", "{47DBCB2D-E981-483D-A299-D0B3887A4918}"
EndProject
Project("{9A19103F-16F7-4668-BE54-9A1E7A4F7556}") = "Xenial.Framework.TokenEditors.Blazor", "src\Xenial.Framework.TokenEditors.Blazor\Xenial.Framework.TokenEditors.Blazor.csproj", "{CA6B535E-6371-411B-9EE6-E8D165F11339}"
EndProject
Project("{2150E333-8FDC-42A3-9474-1A3956D46DE8}") = "TokenEditors", "TokenEditors", "{6C888352-2A09-44CF-9067-F9D9E73AB6A5}"
EndProject
Project("{2150E333-8FDC-42A3-9474-1A3956D46DE8}") = "WebView", "WebView", "{792C8FAC-BEE4-4C60-8080-AF8FEAD8753C}"
EndProject
Project("{9A19103F-16F7-4668-BE54-9A1E7A4F7556}") = "Xenial.Framework.StepProgressEditors", "src\Xenial.Framework.StepProgressEditors\Xenial.Framework.StepProgressEditors.csproj", "{2A5C5FF7-D961-4E2F-B830-078E827340DA}"
EndProject
Project("{9A19103F-16F7-4668-BE54-9A1E7A4F7556}") = "Xenial.Framework.StepProgressEditors.Win", "src\Xenial.Framework.StepProgressEditors.Win\Xenial.Framework.StepProgressEditors.Win.csproj", "{9E1699E0-1D32-4935-BFCF-982EE2581DBB}"
EndProject
Project("{2150E333-8FDC-42A3-9474-1A3956D46DE8}") = "StepProgressEditors", "StepProgressEditors", "{22679A92-BDFE-4FDC-8B0B-B797E723B63C}"
EndProject
Project("{9A19103F-16F7-4668-BE54-9A1E7A4F7556}") = "Xenial.Framework.WebView.Blazor", "src\Xenial.Framework.WebView.Blazor\Xenial.Framework.WebView.Blazor.csproj", "{8C666F86-B7C0-4668-8A64-564FBB0BE79D}"
EndProject
Project("{9A19103F-16F7-4668-BE54-9A1E7A4F7556}") = "Xenial.Framework.Badges", "src\Xenial.Framework.Badges\Xenial.Framework.Badges.csproj", "{CA4D8152-71DA-409E-AF5D-EA7099F22144}"
EndProject
Project("{9A19103F-16F7-4668-BE54-9A1E7A4F7556}") = "Xenial.Framework.Badges.Blazor", "src\Xenial.Framework.Badges.Blazor\Xenial.Framework.Badges.Blazor.csproj", "{453EF279-1459-4EF8-903C-D0D79D40EE9D}"
EndProject
Project("{9A19103F-16F7-4668-BE54-9A1E7A4F7556}") = "Xenial.Framework.Badges.Win", "src\Xenial.Framework.Badges.Win\Xenial.Framework.Badges.Win.csproj", "{ED7EC4F3-49FB-45C6-B4DC-45D2B0E82B67}"
EndProject
Project("{9A19103F-16F7-4668-BE54-9A1E7A4F7556}") = "Xenial.Framework.Lab", "src\Xenial.Framework.Lab\Xenial.Framework.Lab.csproj", "{C0E0597A-E21E-42C5-A011-DEED04A6BCB7}"
EndProject
Project("{9A19103F-16F7-4668-BE54-9A1E7A4F7556}") = "Xenial.Framework.Lab.Win", "src\Xenial.Framework.Lab.Win\Xenial.Framework.Lab.Win.csproj", "{C723EF96-A6EC-4D92-B32F-70FCB9A487BF}"
EndProject
Project("{9A19103F-16F7-4668-BE54-9A1E7A4F7556}") = "Xenial.Framework.Lab.Blazor", "src\Xenial.Framework.Lab.Blazor\Xenial.Framework.Lab.Blazor.csproj", "{060AE15E-BDAC-476D-9270-D6D72FFD70D1}"
EndProject
Project("{2150E333-8FDC-42A3-9474-1A3956D46DE8}") = "UX", "UX", "{6EBFDA1F-6500-416D-80CD-5CE510EF7D8D}"
EndProject
Project("{2150E333-8FDC-42A3-9474-1A3956D46DE8}") = "Badges", "Badges", "{95170AD6-A968-4C6F-A6F3-008B32D470FA}"
EndProject
Project("{2150E333-8FDC-42A3-9474-1A3956D46DE8}") = "Lab", "Lab", "{3250CF49-8628-4C4F-88ED-27DD99F2D420}"
EndProject
Project("{9A19103F-16F7-4668-BE54-9A1E7A4F7556}") = "Xenial.Framework.CompilerServices", "src\Xenial.Framework.CompilerServices\Xenial.Framework.CompilerServices.csproj", "{6056382C-02F0-4484-8C58-0D2602C8EFCF}"
EndProject
Project("{9A19103F-16F7-4668-BE54-9A1E7A4F7556}") = "Xenial.Framework.Images", "src\Xenial.Framework.Images\Xenial.Framework.Images.csproj", "{D8FBB0AA-4362-4DB6-BD58-194CC352AF56}"
EndProject
Project("{9A19103F-16F7-4668-BE54-9A1E7A4F7556}") = "Xenial.Framework.LabelEditors", "src\Xenial.Framework.LabelEditors\Xenial.Framework.LabelEditors.csproj", "{42448A9C-7F07-4597-9574-2C551D4F2298}"
EndProject
Project("{9A19103F-16F7-4668-BE54-9A1E7A4F7556}") = "Xenial.Framework.LabelEditors.Win", "src\Xenial.Framework.LabelEditors.Win\Xenial.Framework.LabelEditors.Win.csproj", "{EDA05479-2A81-4D8A-8989-B37F4F5F80A4}"
EndProject
Project("{2150E333-8FDC-42A3-9474-1A3956D46DE8}") = "LabelEditors", "LabelEditors", "{F6E72FB4-D648-440F-8B0F-CBF588311AAF}"
EndProject
Project("{2150E333-8FDC-42A3-9474-1A3956D46DE8}") = "FilePreviewEditors", "FilePreviewEditors", "{09579B6C-753E-4102-874C-38F2C5C16C65}"
EndProject
Project("{9A19103F-16F7-4668-BE54-9A1E7A4F7556}") = "Xenial.Framework.FilePreviewEditors", "src\Xenial.Framework.FilePreviewEditors\Xenial.Framework.FilePreviewEditors.csproj", "{B231810E-035C-4F56-A36D-757A5B6B7868}"
EndProject
Project("{9A19103F-16F7-4668-BE54-9A1E7A4F7556}") = "Xenial.Framework.FilePreviewEditors.WebView2.Win", "src\Xenial.Framework.FilePreviewEditors.WebView2.Win\Xenial.Framework.FilePreviewEditors.WebView2.Win.csproj", "{57DD6951-2AD5-49FD-9C4B-A1DF076780EB}"
EndProject
Project("{9A19103F-16F7-4668-BE54-9A1E7A4F7556}") = "Xenial.Framework.FilePreviewEditors.MimeKit.Win", "src\Xenial.Framework.FilePreviewEditors.MimeKit.Win\Xenial.Framework.FilePreviewEditors.MimeKit.Win.csproj", "{04C312E0-2CCF-4D4C-BE70-BD3C64B6969E}"
EndProject
Project("{9A19103F-16F7-4668-BE54-9A1E7A4F7556}") = "Xenial.Framework.FilePreviewEditors.Win", "src\Xenial.Framework.FilePreviewEditors.Win\Xenial.Framework.FilePreviewEditors.Win.csproj", "{8847D0C4-2E58-4375-8820-5DBF7869FCB0}"
EndProject
Project("{2150E333-8FDC-42A3-9474-1A3956D46DE8}") = "Win", "Win", "{B520A2CE-2761-42CD-8BAE-05E47DA21914}"
EndProject
Project("{9A19103F-16F7-4668-BE54-9A1E7A4F7556}") = "Xenial.Framework.DevTools.Win", "src\Xenial.Framework.DevTools.Win\Xenial.Framework.DevTools.Win.csproj", "{C5B651CD-0C79-4FCD-971A-08341D21A1ED}"
EndProject
Project("{9A19103F-16F7-4668-BE54-9A1E7A4F7556}") = "Xenial.Framework.DevTools", "src\Xenial.Framework.DevTools\Xenial.Framework.DevTools.csproj", "{984973D1-0725-477F-A134-371170D5F46B}"
EndProject
Project("{2150E333-8FDC-42A3-9474-1A3956D46DE8}") = "Base", "Base", "{07ADF602-FB7D-48CB-8938-6C8A7309E629}"
EndProject
Project("{9A19103F-16F7-4668-BE54-9A1E7A4F7556}") = "Xenial.Framework.Validation", "src\Xenial.Framework.Validation\Xenial.Framework.Validation.csproj", "{EFFACAC3-964D-4B0E-B174-5F5DA170C591}"
EndProject
Project("{9A19103F-16F7-4668-BE54-9A1E7A4F7556}") = "Xenial.Framework.Validation.Win", "src\Xenial.Framework.Validation.Win\Xenial.Framework.Validation.Win.csproj", "{996A3638-D958-4658-BFBF-856F8135FCB1}"
EndProject
Project("{2150E333-8FDC-42A3-9474-1A3956D46DE8}") = "DevTools", "DevTools", "{790FFED5-14EA-4C06-AAC8-5BF20E0D2D6B}"
EndProject
Global
	GlobalSection(SolutionConfigurationPlatforms) = preSolution
		Debug|Any CPU = Debug|Any CPU
		Debug|x64 = Debug|x64
		Debug|x86 = Debug|x86
		Release|Any CPU = Release|Any CPU
		Release|x64 = Release|x64
		Release|x86 = Release|x86
	EndGlobalSection
	GlobalSection(ProjectConfigurationPlatforms) = postSolution
		{81C57726-7940-4739-94C4-5F11A7E33867}.Debug|Any CPU.ActiveCfg = Debug|Any CPU
		{81C57726-7940-4739-94C4-5F11A7E33867}.Debug|Any CPU.Build.0 = Debug|Any CPU
		{81C57726-7940-4739-94C4-5F11A7E33867}.Debug|x64.ActiveCfg = Debug|Any CPU
		{81C57726-7940-4739-94C4-5F11A7E33867}.Debug|x64.Build.0 = Debug|Any CPU
		{81C57726-7940-4739-94C4-5F11A7E33867}.Debug|x86.ActiveCfg = Debug|Any CPU
		{81C57726-7940-4739-94C4-5F11A7E33867}.Debug|x86.Build.0 = Debug|Any CPU
		{81C57726-7940-4739-94C4-5F11A7E33867}.Release|Any CPU.ActiveCfg = Release|Any CPU
		{81C57726-7940-4739-94C4-5F11A7E33867}.Release|Any CPU.Build.0 = Release|Any CPU
		{81C57726-7940-4739-94C4-5F11A7E33867}.Release|x64.ActiveCfg = Release|Any CPU
		{81C57726-7940-4739-94C4-5F11A7E33867}.Release|x64.Build.0 = Release|Any CPU
		{81C57726-7940-4739-94C4-5F11A7E33867}.Release|x86.ActiveCfg = Release|Any CPU
		{81C57726-7940-4739-94C4-5F11A7E33867}.Release|x86.Build.0 = Release|Any CPU
		{DF2D0A93-CE45-4617-BD65-DE132D384025}.Debug|Any CPU.ActiveCfg = Debug|Any CPU
		{DF2D0A93-CE45-4617-BD65-DE132D384025}.Debug|Any CPU.Build.0 = Debug|Any CPU
		{DF2D0A93-CE45-4617-BD65-DE132D384025}.Debug|x64.ActiveCfg = Debug|Any CPU
		{DF2D0A93-CE45-4617-BD65-DE132D384025}.Debug|x64.Build.0 = Debug|Any CPU
		{DF2D0A93-CE45-4617-BD65-DE132D384025}.Debug|x86.ActiveCfg = Debug|Any CPU
		{DF2D0A93-CE45-4617-BD65-DE132D384025}.Debug|x86.Build.0 = Debug|Any CPU
		{DF2D0A93-CE45-4617-BD65-DE132D384025}.Release|Any CPU.ActiveCfg = Release|Any CPU
		{DF2D0A93-CE45-4617-BD65-DE132D384025}.Release|Any CPU.Build.0 = Release|Any CPU
		{DF2D0A93-CE45-4617-BD65-DE132D384025}.Release|x64.ActiveCfg = Release|Any CPU
		{DF2D0A93-CE45-4617-BD65-DE132D384025}.Release|x64.Build.0 = Release|Any CPU
		{DF2D0A93-CE45-4617-BD65-DE132D384025}.Release|x86.ActiveCfg = Release|Any CPU
		{DF2D0A93-CE45-4617-BD65-DE132D384025}.Release|x86.Build.0 = Release|Any CPU
		{4EC4B3AB-3177-4801-89C7-E8D22E639C63}.Debug|Any CPU.ActiveCfg = Debug|Any CPU
		{4EC4B3AB-3177-4801-89C7-E8D22E639C63}.Debug|Any CPU.Build.0 = Debug|Any CPU
		{4EC4B3AB-3177-4801-89C7-E8D22E639C63}.Debug|x64.ActiveCfg = Debug|Any CPU
		{4EC4B3AB-3177-4801-89C7-E8D22E639C63}.Debug|x64.Build.0 = Debug|Any CPU
		{4EC4B3AB-3177-4801-89C7-E8D22E639C63}.Debug|x86.ActiveCfg = Debug|Any CPU
		{4EC4B3AB-3177-4801-89C7-E8D22E639C63}.Debug|x86.Build.0 = Debug|Any CPU
		{4EC4B3AB-3177-4801-89C7-E8D22E639C63}.Release|Any CPU.ActiveCfg = Release|Any CPU
		{4EC4B3AB-3177-4801-89C7-E8D22E639C63}.Release|Any CPU.Build.0 = Release|Any CPU
		{4EC4B3AB-3177-4801-89C7-E8D22E639C63}.Release|x64.ActiveCfg = Release|Any CPU
		{4EC4B3AB-3177-4801-89C7-E8D22E639C63}.Release|x64.Build.0 = Release|Any CPU
		{4EC4B3AB-3177-4801-89C7-E8D22E639C63}.Release|x86.ActiveCfg = Release|Any CPU
		{4EC4B3AB-3177-4801-89C7-E8D22E639C63}.Release|x86.Build.0 = Release|Any CPU
		{8329BEAA-2326-4D50-BD4D-4149C5E0CF43}.Debug|Any CPU.ActiveCfg = Debug|Any CPU
		{8329BEAA-2326-4D50-BD4D-4149C5E0CF43}.Debug|Any CPU.Build.0 = Debug|Any CPU
		{8329BEAA-2326-4D50-BD4D-4149C5E0CF43}.Debug|x64.ActiveCfg = Debug|Any CPU
		{8329BEAA-2326-4D50-BD4D-4149C5E0CF43}.Debug|x64.Build.0 = Debug|Any CPU
		{8329BEAA-2326-4D50-BD4D-4149C5E0CF43}.Debug|x86.ActiveCfg = Debug|Any CPU
		{8329BEAA-2326-4D50-BD4D-4149C5E0CF43}.Debug|x86.Build.0 = Debug|Any CPU
		{8329BEAA-2326-4D50-BD4D-4149C5E0CF43}.Release|Any CPU.ActiveCfg = Release|Any CPU
		{8329BEAA-2326-4D50-BD4D-4149C5E0CF43}.Release|Any CPU.Build.0 = Release|Any CPU
		{8329BEAA-2326-4D50-BD4D-4149C5E0CF43}.Release|x64.ActiveCfg = Release|Any CPU
		{8329BEAA-2326-4D50-BD4D-4149C5E0CF43}.Release|x64.Build.0 = Release|Any CPU
		{8329BEAA-2326-4D50-BD4D-4149C5E0CF43}.Release|x86.ActiveCfg = Release|Any CPU
		{8329BEAA-2326-4D50-BD4D-4149C5E0CF43}.Release|x86.Build.0 = Release|Any CPU
		{A15EF953-29DA-4E15-94BB-1BBDF97CA1DE}.Debug|Any CPU.ActiveCfg = Debug|Any CPU
		{A15EF953-29DA-4E15-94BB-1BBDF97CA1DE}.Debug|Any CPU.Build.0 = Debug|Any CPU
		{A15EF953-29DA-4E15-94BB-1BBDF97CA1DE}.Debug|x64.ActiveCfg = Debug|Any CPU
		{A15EF953-29DA-4E15-94BB-1BBDF97CA1DE}.Debug|x64.Build.0 = Debug|Any CPU
		{A15EF953-29DA-4E15-94BB-1BBDF97CA1DE}.Debug|x86.ActiveCfg = Debug|Any CPU
		{A15EF953-29DA-4E15-94BB-1BBDF97CA1DE}.Debug|x86.Build.0 = Debug|Any CPU
		{A15EF953-29DA-4E15-94BB-1BBDF97CA1DE}.Release|Any CPU.ActiveCfg = Release|Any CPU
		{A15EF953-29DA-4E15-94BB-1BBDF97CA1DE}.Release|Any CPU.Build.0 = Release|Any CPU
		{A15EF953-29DA-4E15-94BB-1BBDF97CA1DE}.Release|x64.ActiveCfg = Release|Any CPU
		{A15EF953-29DA-4E15-94BB-1BBDF97CA1DE}.Release|x64.Build.0 = Release|Any CPU
		{A15EF953-29DA-4E15-94BB-1BBDF97CA1DE}.Release|x86.ActiveCfg = Release|Any CPU
		{A15EF953-29DA-4E15-94BB-1BBDF97CA1DE}.Release|x86.Build.0 = Release|Any CPU
		{C4BF9075-3554-4668-BD4E-8009D052366E}.Debug|Any CPU.ActiveCfg = Debug|Any CPU
		{C4BF9075-3554-4668-BD4E-8009D052366E}.Debug|Any CPU.Build.0 = Debug|Any CPU
		{C4BF9075-3554-4668-BD4E-8009D052366E}.Debug|x64.ActiveCfg = Debug|Any CPU
		{C4BF9075-3554-4668-BD4E-8009D052366E}.Debug|x64.Build.0 = Debug|Any CPU
		{C4BF9075-3554-4668-BD4E-8009D052366E}.Debug|x86.ActiveCfg = Debug|Any CPU
		{C4BF9075-3554-4668-BD4E-8009D052366E}.Debug|x86.Build.0 = Debug|Any CPU
		{C4BF9075-3554-4668-BD4E-8009D052366E}.Release|Any CPU.ActiveCfg = Release|Any CPU
		{C4BF9075-3554-4668-BD4E-8009D052366E}.Release|Any CPU.Build.0 = Release|Any CPU
		{C4BF9075-3554-4668-BD4E-8009D052366E}.Release|x64.ActiveCfg = Release|Any CPU
		{C4BF9075-3554-4668-BD4E-8009D052366E}.Release|x64.Build.0 = Release|Any CPU
		{C4BF9075-3554-4668-BD4E-8009D052366E}.Release|x86.ActiveCfg = Release|Any CPU
		{C4BF9075-3554-4668-BD4E-8009D052366E}.Release|x86.Build.0 = Release|Any CPU
		{7CEB564C-C69A-43C4-8F38-52B9E9BA6597}.Debug|Any CPU.ActiveCfg = Debug|Any CPU
		{7CEB564C-C69A-43C4-8F38-52B9E9BA6597}.Debug|Any CPU.Build.0 = Debug|Any CPU
		{7CEB564C-C69A-43C4-8F38-52B9E9BA6597}.Debug|x64.ActiveCfg = Debug|Any CPU
		{7CEB564C-C69A-43C4-8F38-52B9E9BA6597}.Debug|x64.Build.0 = Debug|Any CPU
		{7CEB564C-C69A-43C4-8F38-52B9E9BA6597}.Debug|x86.ActiveCfg = Debug|Any CPU
		{7CEB564C-C69A-43C4-8F38-52B9E9BA6597}.Debug|x86.Build.0 = Debug|Any CPU
		{7CEB564C-C69A-43C4-8F38-52B9E9BA6597}.Release|Any CPU.ActiveCfg = Release|Any CPU
		{7CEB564C-C69A-43C4-8F38-52B9E9BA6597}.Release|Any CPU.Build.0 = Release|Any CPU
		{7CEB564C-C69A-43C4-8F38-52B9E9BA6597}.Release|x64.ActiveCfg = Release|Any CPU
		{7CEB564C-C69A-43C4-8F38-52B9E9BA6597}.Release|x64.Build.0 = Release|Any CPU
		{7CEB564C-C69A-43C4-8F38-52B9E9BA6597}.Release|x86.ActiveCfg = Release|Any CPU
		{7CEB564C-C69A-43C4-8F38-52B9E9BA6597}.Release|x86.Build.0 = Release|Any CPU
		{90619CA6-48C2-4BC5-AA8E-9D4D5C31F6DB}.Debug|Any CPU.ActiveCfg = Debug|Any CPU
		{90619CA6-48C2-4BC5-AA8E-9D4D5C31F6DB}.Debug|Any CPU.Build.0 = Debug|Any CPU
		{90619CA6-48C2-4BC5-AA8E-9D4D5C31F6DB}.Debug|x64.ActiveCfg = Debug|Any CPU
		{90619CA6-48C2-4BC5-AA8E-9D4D5C31F6DB}.Debug|x64.Build.0 = Debug|Any CPU
		{90619CA6-48C2-4BC5-AA8E-9D4D5C31F6DB}.Debug|x86.ActiveCfg = Debug|Any CPU
		{90619CA6-48C2-4BC5-AA8E-9D4D5C31F6DB}.Debug|x86.Build.0 = Debug|Any CPU
		{90619CA6-48C2-4BC5-AA8E-9D4D5C31F6DB}.Release|Any CPU.ActiveCfg = Release|Any CPU
		{90619CA6-48C2-4BC5-AA8E-9D4D5C31F6DB}.Release|Any CPU.Build.0 = Release|Any CPU
		{90619CA6-48C2-4BC5-AA8E-9D4D5C31F6DB}.Release|x64.ActiveCfg = Release|Any CPU
		{90619CA6-48C2-4BC5-AA8E-9D4D5C31F6DB}.Release|x64.Build.0 = Release|Any CPU
		{90619CA6-48C2-4BC5-AA8E-9D4D5C31F6DB}.Release|x86.ActiveCfg = Release|Any CPU
		{90619CA6-48C2-4BC5-AA8E-9D4D5C31F6DB}.Release|x86.Build.0 = Release|Any CPU
		{FCEC9126-D9D4-4AC0-A88F-79A491994FD7}.Debug|Any CPU.ActiveCfg = Debug|Any CPU
		{FCEC9126-D9D4-4AC0-A88F-79A491994FD7}.Debug|Any CPU.Build.0 = Debug|Any CPU
		{FCEC9126-D9D4-4AC0-A88F-79A491994FD7}.Debug|x64.ActiveCfg = Debug|Any CPU
		{FCEC9126-D9D4-4AC0-A88F-79A491994FD7}.Debug|x64.Build.0 = Debug|Any CPU
		{FCEC9126-D9D4-4AC0-A88F-79A491994FD7}.Debug|x86.ActiveCfg = Debug|Any CPU
		{FCEC9126-D9D4-4AC0-A88F-79A491994FD7}.Debug|x86.Build.0 = Debug|Any CPU
		{FCEC9126-D9D4-4AC0-A88F-79A491994FD7}.Release|Any CPU.ActiveCfg = Release|Any CPU
		{FCEC9126-D9D4-4AC0-A88F-79A491994FD7}.Release|Any CPU.Build.0 = Release|Any CPU
		{FCEC9126-D9D4-4AC0-A88F-79A491994FD7}.Release|x64.ActiveCfg = Release|Any CPU
		{FCEC9126-D9D4-4AC0-A88F-79A491994FD7}.Release|x64.Build.0 = Release|Any CPU
		{FCEC9126-D9D4-4AC0-A88F-79A491994FD7}.Release|x86.ActiveCfg = Release|Any CPU
		{FCEC9126-D9D4-4AC0-A88F-79A491994FD7}.Release|x86.Build.0 = Release|Any CPU
		{47DBCB2D-E981-483D-A299-D0B3887A4918}.Debug|Any CPU.ActiveCfg = Debug|Any CPU
		{47DBCB2D-E981-483D-A299-D0B3887A4918}.Debug|Any CPU.Build.0 = Debug|Any CPU
		{47DBCB2D-E981-483D-A299-D0B3887A4918}.Debug|x64.ActiveCfg = Debug|Any CPU
		{47DBCB2D-E981-483D-A299-D0B3887A4918}.Debug|x64.Build.0 = Debug|Any CPU
		{47DBCB2D-E981-483D-A299-D0B3887A4918}.Debug|x86.ActiveCfg = Debug|Any CPU
		{47DBCB2D-E981-483D-A299-D0B3887A4918}.Debug|x86.Build.0 = Debug|Any CPU
		{47DBCB2D-E981-483D-A299-D0B3887A4918}.Release|Any CPU.ActiveCfg = Release|Any CPU
		{47DBCB2D-E981-483D-A299-D0B3887A4918}.Release|Any CPU.Build.0 = Release|Any CPU
		{47DBCB2D-E981-483D-A299-D0B3887A4918}.Release|x64.ActiveCfg = Release|Any CPU
		{47DBCB2D-E981-483D-A299-D0B3887A4918}.Release|x64.Build.0 = Release|Any CPU
		{47DBCB2D-E981-483D-A299-D0B3887A4918}.Release|x86.ActiveCfg = Release|Any CPU
		{47DBCB2D-E981-483D-A299-D0B3887A4918}.Release|x86.Build.0 = Release|Any CPU
		{CA6B535E-6371-411B-9EE6-E8D165F11339}.Debug|Any CPU.ActiveCfg = Debug|Any CPU
		{CA6B535E-6371-411B-9EE6-E8D165F11339}.Debug|Any CPU.Build.0 = Debug|Any CPU
		{CA6B535E-6371-411B-9EE6-E8D165F11339}.Debug|x64.ActiveCfg = Debug|Any CPU
		{CA6B535E-6371-411B-9EE6-E8D165F11339}.Debug|x64.Build.0 = Debug|Any CPU
		{CA6B535E-6371-411B-9EE6-E8D165F11339}.Debug|x86.ActiveCfg = Debug|Any CPU
		{CA6B535E-6371-411B-9EE6-E8D165F11339}.Debug|x86.Build.0 = Debug|Any CPU
		{CA6B535E-6371-411B-9EE6-E8D165F11339}.Release|Any CPU.ActiveCfg = Release|Any CPU
		{CA6B535E-6371-411B-9EE6-E8D165F11339}.Release|Any CPU.Build.0 = Release|Any CPU
		{CA6B535E-6371-411B-9EE6-E8D165F11339}.Release|x64.ActiveCfg = Release|Any CPU
		{CA6B535E-6371-411B-9EE6-E8D165F11339}.Release|x64.Build.0 = Release|Any CPU
		{CA6B535E-6371-411B-9EE6-E8D165F11339}.Release|x86.ActiveCfg = Release|Any CPU
		{CA6B535E-6371-411B-9EE6-E8D165F11339}.Release|x86.Build.0 = Release|Any CPU
		{2A5C5FF7-D961-4E2F-B830-078E827340DA}.Debug|Any CPU.ActiveCfg = Debug|Any CPU
		{2A5C5FF7-D961-4E2F-B830-078E827340DA}.Debug|Any CPU.Build.0 = Debug|Any CPU
		{2A5C5FF7-D961-4E2F-B830-078E827340DA}.Debug|x64.ActiveCfg = Debug|Any CPU
		{2A5C5FF7-D961-4E2F-B830-078E827340DA}.Debug|x64.Build.0 = Debug|Any CPU
		{2A5C5FF7-D961-4E2F-B830-078E827340DA}.Debug|x86.ActiveCfg = Debug|Any CPU
		{2A5C5FF7-D961-4E2F-B830-078E827340DA}.Debug|x86.Build.0 = Debug|Any CPU
		{2A5C5FF7-D961-4E2F-B830-078E827340DA}.Release|Any CPU.ActiveCfg = Release|Any CPU
		{2A5C5FF7-D961-4E2F-B830-078E827340DA}.Release|Any CPU.Build.0 = Release|Any CPU
		{2A5C5FF7-D961-4E2F-B830-078E827340DA}.Release|x64.ActiveCfg = Release|Any CPU
		{2A5C5FF7-D961-4E2F-B830-078E827340DA}.Release|x64.Build.0 = Release|Any CPU
		{2A5C5FF7-D961-4E2F-B830-078E827340DA}.Release|x86.ActiveCfg = Release|Any CPU
		{2A5C5FF7-D961-4E2F-B830-078E827340DA}.Release|x86.Build.0 = Release|Any CPU
		{9E1699E0-1D32-4935-BFCF-982EE2581DBB}.Debug|Any CPU.ActiveCfg = Debug|Any CPU
		{9E1699E0-1D32-4935-BFCF-982EE2581DBB}.Debug|Any CPU.Build.0 = Debug|Any CPU
		{9E1699E0-1D32-4935-BFCF-982EE2581DBB}.Debug|x64.ActiveCfg = Debug|Any CPU
		{9E1699E0-1D32-4935-BFCF-982EE2581DBB}.Debug|x64.Build.0 = Debug|Any CPU
		{9E1699E0-1D32-4935-BFCF-982EE2581DBB}.Debug|x86.ActiveCfg = Debug|Any CPU
		{9E1699E0-1D32-4935-BFCF-982EE2581DBB}.Debug|x86.Build.0 = Debug|Any CPU
		{9E1699E0-1D32-4935-BFCF-982EE2581DBB}.Release|Any CPU.ActiveCfg = Release|Any CPU
		{9E1699E0-1D32-4935-BFCF-982EE2581DBB}.Release|Any CPU.Build.0 = Release|Any CPU
		{9E1699E0-1D32-4935-BFCF-982EE2581DBB}.Release|x64.ActiveCfg = Release|Any CPU
		{9E1699E0-1D32-4935-BFCF-982EE2581DBB}.Release|x64.Build.0 = Release|Any CPU
		{9E1699E0-1D32-4935-BFCF-982EE2581DBB}.Release|x86.ActiveCfg = Release|Any CPU
		{9E1699E0-1D32-4935-BFCF-982EE2581DBB}.Release|x86.Build.0 = Release|Any CPU
		{8C666F86-B7C0-4668-8A64-564FBB0BE79D}.Debug|Any CPU.ActiveCfg = Debug|Any CPU
		{8C666F86-B7C0-4668-8A64-564FBB0BE79D}.Debug|Any CPU.Build.0 = Debug|Any CPU
		{8C666F86-B7C0-4668-8A64-564FBB0BE79D}.Debug|x64.ActiveCfg = Debug|Any CPU
		{8C666F86-B7C0-4668-8A64-564FBB0BE79D}.Debug|x64.Build.0 = Debug|Any CPU
		{8C666F86-B7C0-4668-8A64-564FBB0BE79D}.Debug|x86.ActiveCfg = Debug|Any CPU
		{8C666F86-B7C0-4668-8A64-564FBB0BE79D}.Debug|x86.Build.0 = Debug|Any CPU
		{8C666F86-B7C0-4668-8A64-564FBB0BE79D}.Release|Any CPU.ActiveCfg = Release|Any CPU
		{8C666F86-B7C0-4668-8A64-564FBB0BE79D}.Release|Any CPU.Build.0 = Release|Any CPU
		{8C666F86-B7C0-4668-8A64-564FBB0BE79D}.Release|x64.ActiveCfg = Release|Any CPU
		{8C666F86-B7C0-4668-8A64-564FBB0BE79D}.Release|x64.Build.0 = Release|Any CPU
		{8C666F86-B7C0-4668-8A64-564FBB0BE79D}.Release|x86.ActiveCfg = Release|Any CPU
		{8C666F86-B7C0-4668-8A64-564FBB0BE79D}.Release|x86.Build.0 = Release|Any CPU
		{CA4D8152-71DA-409E-AF5D-EA7099F22144}.Debug|Any CPU.ActiveCfg = Debug|Any CPU
		{CA4D8152-71DA-409E-AF5D-EA7099F22144}.Debug|Any CPU.Build.0 = Debug|Any CPU
		{CA4D8152-71DA-409E-AF5D-EA7099F22144}.Debug|x64.ActiveCfg = Debug|Any CPU
		{CA4D8152-71DA-409E-AF5D-EA7099F22144}.Debug|x64.Build.0 = Debug|Any CPU
		{CA4D8152-71DA-409E-AF5D-EA7099F22144}.Debug|x86.ActiveCfg = Debug|Any CPU
		{CA4D8152-71DA-409E-AF5D-EA7099F22144}.Debug|x86.Build.0 = Debug|Any CPU
		{CA4D8152-71DA-409E-AF5D-EA7099F22144}.Release|Any CPU.ActiveCfg = Release|Any CPU
		{CA4D8152-71DA-409E-AF5D-EA7099F22144}.Release|Any CPU.Build.0 = Release|Any CPU
		{CA4D8152-71DA-409E-AF5D-EA7099F22144}.Release|x64.ActiveCfg = Release|Any CPU
		{CA4D8152-71DA-409E-AF5D-EA7099F22144}.Release|x64.Build.0 = Release|Any CPU
		{CA4D8152-71DA-409E-AF5D-EA7099F22144}.Release|x86.ActiveCfg = Release|Any CPU
		{CA4D8152-71DA-409E-AF5D-EA7099F22144}.Release|x86.Build.0 = Release|Any CPU
		{453EF279-1459-4EF8-903C-D0D79D40EE9D}.Debug|Any CPU.ActiveCfg = Debug|Any CPU
		{453EF279-1459-4EF8-903C-D0D79D40EE9D}.Debug|Any CPU.Build.0 = Debug|Any CPU
		{453EF279-1459-4EF8-903C-D0D79D40EE9D}.Debug|x64.ActiveCfg = Debug|Any CPU
		{453EF279-1459-4EF8-903C-D0D79D40EE9D}.Debug|x64.Build.0 = Debug|Any CPU
		{453EF279-1459-4EF8-903C-D0D79D40EE9D}.Debug|x86.ActiveCfg = Debug|Any CPU
		{453EF279-1459-4EF8-903C-D0D79D40EE9D}.Debug|x86.Build.0 = Debug|Any CPU
		{453EF279-1459-4EF8-903C-D0D79D40EE9D}.Release|Any CPU.ActiveCfg = Release|Any CPU
		{453EF279-1459-4EF8-903C-D0D79D40EE9D}.Release|Any CPU.Build.0 = Release|Any CPU
		{453EF279-1459-4EF8-903C-D0D79D40EE9D}.Release|x64.ActiveCfg = Release|Any CPU
		{453EF279-1459-4EF8-903C-D0D79D40EE9D}.Release|x64.Build.0 = Release|Any CPU
		{453EF279-1459-4EF8-903C-D0D79D40EE9D}.Release|x86.ActiveCfg = Release|Any CPU
		{453EF279-1459-4EF8-903C-D0D79D40EE9D}.Release|x86.Build.0 = Release|Any CPU
		{ED7EC4F3-49FB-45C6-B4DC-45D2B0E82B67}.Debug|Any CPU.ActiveCfg = Debug|Any CPU
		{ED7EC4F3-49FB-45C6-B4DC-45D2B0E82B67}.Debug|Any CPU.Build.0 = Debug|Any CPU
		{ED7EC4F3-49FB-45C6-B4DC-45D2B0E82B67}.Debug|x64.ActiveCfg = Debug|Any CPU
		{ED7EC4F3-49FB-45C6-B4DC-45D2B0E82B67}.Debug|x64.Build.0 = Debug|Any CPU
		{ED7EC4F3-49FB-45C6-B4DC-45D2B0E82B67}.Debug|x86.ActiveCfg = Debug|Any CPU
		{ED7EC4F3-49FB-45C6-B4DC-45D2B0E82B67}.Debug|x86.Build.0 = Debug|Any CPU
		{ED7EC4F3-49FB-45C6-B4DC-45D2B0E82B67}.Release|Any CPU.ActiveCfg = Release|Any CPU
		{ED7EC4F3-49FB-45C6-B4DC-45D2B0E82B67}.Release|Any CPU.Build.0 = Release|Any CPU
		{ED7EC4F3-49FB-45C6-B4DC-45D2B0E82B67}.Release|x64.ActiveCfg = Release|Any CPU
		{ED7EC4F3-49FB-45C6-B4DC-45D2B0E82B67}.Release|x64.Build.0 = Release|Any CPU
		{ED7EC4F3-49FB-45C6-B4DC-45D2B0E82B67}.Release|x86.ActiveCfg = Release|Any CPU
		{ED7EC4F3-49FB-45C6-B4DC-45D2B0E82B67}.Release|x86.Build.0 = Release|Any CPU
		{C0E0597A-E21E-42C5-A011-DEED04A6BCB7}.Debug|Any CPU.ActiveCfg = Debug|Any CPU
		{C0E0597A-E21E-42C5-A011-DEED04A6BCB7}.Debug|Any CPU.Build.0 = Debug|Any CPU
		{C0E0597A-E21E-42C5-A011-DEED04A6BCB7}.Debug|x64.ActiveCfg = Debug|Any CPU
		{C0E0597A-E21E-42C5-A011-DEED04A6BCB7}.Debug|x64.Build.0 = Debug|Any CPU
		{C0E0597A-E21E-42C5-A011-DEED04A6BCB7}.Debug|x86.ActiveCfg = Debug|Any CPU
		{C0E0597A-E21E-42C5-A011-DEED04A6BCB7}.Debug|x86.Build.0 = Debug|Any CPU
		{C0E0597A-E21E-42C5-A011-DEED04A6BCB7}.Release|Any CPU.ActiveCfg = Release|Any CPU
		{C0E0597A-E21E-42C5-A011-DEED04A6BCB7}.Release|Any CPU.Build.0 = Release|Any CPU
		{C0E0597A-E21E-42C5-A011-DEED04A6BCB7}.Release|x64.ActiveCfg = Release|Any CPU
		{C0E0597A-E21E-42C5-A011-DEED04A6BCB7}.Release|x64.Build.0 = Release|Any CPU
		{C0E0597A-E21E-42C5-A011-DEED04A6BCB7}.Release|x86.ActiveCfg = Release|Any CPU
		{C0E0597A-E21E-42C5-A011-DEED04A6BCB7}.Release|x86.Build.0 = Release|Any CPU
		{C723EF96-A6EC-4D92-B32F-70FCB9A487BF}.Debug|Any CPU.ActiveCfg = Debug|Any CPU
		{C723EF96-A6EC-4D92-B32F-70FCB9A487BF}.Debug|Any CPU.Build.0 = Debug|Any CPU
		{C723EF96-A6EC-4D92-B32F-70FCB9A487BF}.Debug|x64.ActiveCfg = Debug|Any CPU
		{C723EF96-A6EC-4D92-B32F-70FCB9A487BF}.Debug|x64.Build.0 = Debug|Any CPU
		{C723EF96-A6EC-4D92-B32F-70FCB9A487BF}.Debug|x86.ActiveCfg = Debug|Any CPU
		{C723EF96-A6EC-4D92-B32F-70FCB9A487BF}.Debug|x86.Build.0 = Debug|Any CPU
		{C723EF96-A6EC-4D92-B32F-70FCB9A487BF}.Release|Any CPU.ActiveCfg = Release|Any CPU
		{C723EF96-A6EC-4D92-B32F-70FCB9A487BF}.Release|Any CPU.Build.0 = Release|Any CPU
		{C723EF96-A6EC-4D92-B32F-70FCB9A487BF}.Release|x64.ActiveCfg = Release|Any CPU
		{C723EF96-A6EC-4D92-B32F-70FCB9A487BF}.Release|x64.Build.0 = Release|Any CPU
		{C723EF96-A6EC-4D92-B32F-70FCB9A487BF}.Release|x86.ActiveCfg = Release|Any CPU
		{C723EF96-A6EC-4D92-B32F-70FCB9A487BF}.Release|x86.Build.0 = Release|Any CPU
		{060AE15E-BDAC-476D-9270-D6D72FFD70D1}.Debug|Any CPU.ActiveCfg = Debug|Any CPU
		{060AE15E-BDAC-476D-9270-D6D72FFD70D1}.Debug|Any CPU.Build.0 = Debug|Any CPU
		{060AE15E-BDAC-476D-9270-D6D72FFD70D1}.Debug|x64.ActiveCfg = Debug|Any CPU
		{060AE15E-BDAC-476D-9270-D6D72FFD70D1}.Debug|x64.Build.0 = Debug|Any CPU
		{060AE15E-BDAC-476D-9270-D6D72FFD70D1}.Debug|x86.ActiveCfg = Debug|Any CPU
		{060AE15E-BDAC-476D-9270-D6D72FFD70D1}.Debug|x86.Build.0 = Debug|Any CPU
		{060AE15E-BDAC-476D-9270-D6D72FFD70D1}.Release|Any CPU.ActiveCfg = Release|Any CPU
		{060AE15E-BDAC-476D-9270-D6D72FFD70D1}.Release|Any CPU.Build.0 = Release|Any CPU
		{060AE15E-BDAC-476D-9270-D6D72FFD70D1}.Release|x64.ActiveCfg = Release|Any CPU
		{060AE15E-BDAC-476D-9270-D6D72FFD70D1}.Release|x64.Build.0 = Release|Any CPU
		{060AE15E-BDAC-476D-9270-D6D72FFD70D1}.Release|x86.ActiveCfg = Release|Any CPU
		{060AE15E-BDAC-476D-9270-D6D72FFD70D1}.Release|x86.Build.0 = Release|Any CPU
		{6056382C-02F0-4484-8C58-0D2602C8EFCF}.Debug|Any CPU.ActiveCfg = Debug|Any CPU
		{6056382C-02F0-4484-8C58-0D2602C8EFCF}.Debug|Any CPU.Build.0 = Debug|Any CPU
		{6056382C-02F0-4484-8C58-0D2602C8EFCF}.Debug|x64.ActiveCfg = Debug|Any CPU
		{6056382C-02F0-4484-8C58-0D2602C8EFCF}.Debug|x64.Build.0 = Debug|Any CPU
		{6056382C-02F0-4484-8C58-0D2602C8EFCF}.Debug|x86.ActiveCfg = Debug|Any CPU
		{6056382C-02F0-4484-8C58-0D2602C8EFCF}.Debug|x86.Build.0 = Debug|Any CPU
		{6056382C-02F0-4484-8C58-0D2602C8EFCF}.Release|Any CPU.ActiveCfg = Release|Any CPU
		{6056382C-02F0-4484-8C58-0D2602C8EFCF}.Release|Any CPU.Build.0 = Release|Any CPU
		{6056382C-02F0-4484-8C58-0D2602C8EFCF}.Release|x64.ActiveCfg = Release|Any CPU
		{6056382C-02F0-4484-8C58-0D2602C8EFCF}.Release|x64.Build.0 = Release|Any CPU
		{6056382C-02F0-4484-8C58-0D2602C8EFCF}.Release|x86.ActiveCfg = Release|Any CPU
		{6056382C-02F0-4484-8C58-0D2602C8EFCF}.Release|x86.Build.0 = Release|Any CPU
		{D8FBB0AA-4362-4DB6-BD58-194CC352AF56}.Debug|Any CPU.ActiveCfg = Debug|Any CPU
		{D8FBB0AA-4362-4DB6-BD58-194CC352AF56}.Debug|Any CPU.Build.0 = Debug|Any CPU
		{D8FBB0AA-4362-4DB6-BD58-194CC352AF56}.Debug|x64.ActiveCfg = Debug|Any CPU
		{D8FBB0AA-4362-4DB6-BD58-194CC352AF56}.Debug|x64.Build.0 = Debug|Any CPU
		{D8FBB0AA-4362-4DB6-BD58-194CC352AF56}.Debug|x86.ActiveCfg = Debug|Any CPU
		{D8FBB0AA-4362-4DB6-BD58-194CC352AF56}.Debug|x86.Build.0 = Debug|Any CPU
		{D8FBB0AA-4362-4DB6-BD58-194CC352AF56}.Release|Any CPU.ActiveCfg = Release|Any CPU
		{D8FBB0AA-4362-4DB6-BD58-194CC352AF56}.Release|Any CPU.Build.0 = Release|Any CPU
		{D8FBB0AA-4362-4DB6-BD58-194CC352AF56}.Release|x64.ActiveCfg = Release|Any CPU
		{D8FBB0AA-4362-4DB6-BD58-194CC352AF56}.Release|x64.Build.0 = Release|Any CPU
		{D8FBB0AA-4362-4DB6-BD58-194CC352AF56}.Release|x86.ActiveCfg = Release|Any CPU
		{D8FBB0AA-4362-4DB6-BD58-194CC352AF56}.Release|x86.Build.0 = Release|Any CPU
		{42448A9C-7F07-4597-9574-2C551D4F2298}.Debug|Any CPU.ActiveCfg = Debug|Any CPU
		{42448A9C-7F07-4597-9574-2C551D4F2298}.Debug|Any CPU.Build.0 = Debug|Any CPU
		{42448A9C-7F07-4597-9574-2C551D4F2298}.Debug|x64.ActiveCfg = Debug|Any CPU
		{42448A9C-7F07-4597-9574-2C551D4F2298}.Debug|x64.Build.0 = Debug|Any CPU
		{42448A9C-7F07-4597-9574-2C551D4F2298}.Debug|x86.ActiveCfg = Debug|Any CPU
		{42448A9C-7F07-4597-9574-2C551D4F2298}.Debug|x86.Build.0 = Debug|Any CPU
		{42448A9C-7F07-4597-9574-2C551D4F2298}.Release|Any CPU.ActiveCfg = Release|Any CPU
		{42448A9C-7F07-4597-9574-2C551D4F2298}.Release|Any CPU.Build.0 = Release|Any CPU
		{42448A9C-7F07-4597-9574-2C551D4F2298}.Release|x64.ActiveCfg = Release|Any CPU
		{42448A9C-7F07-4597-9574-2C551D4F2298}.Release|x64.Build.0 = Release|Any CPU
		{42448A9C-7F07-4597-9574-2C551D4F2298}.Release|x86.ActiveCfg = Release|Any CPU
		{42448A9C-7F07-4597-9574-2C551D4F2298}.Release|x86.Build.0 = Release|Any CPU
		{EDA05479-2A81-4D8A-8989-B37F4F5F80A4}.Debug|Any CPU.ActiveCfg = Debug|Any CPU
		{EDA05479-2A81-4D8A-8989-B37F4F5F80A4}.Debug|Any CPU.Build.0 = Debug|Any CPU
		{EDA05479-2A81-4D8A-8989-B37F4F5F80A4}.Debug|x64.ActiveCfg = Debug|Any CPU
		{EDA05479-2A81-4D8A-8989-B37F4F5F80A4}.Debug|x64.Build.0 = Debug|Any CPU
		{EDA05479-2A81-4D8A-8989-B37F4F5F80A4}.Debug|x86.ActiveCfg = Debug|Any CPU
		{EDA05479-2A81-4D8A-8989-B37F4F5F80A4}.Debug|x86.Build.0 = Debug|Any CPU
		{EDA05479-2A81-4D8A-8989-B37F4F5F80A4}.Release|Any CPU.ActiveCfg = Release|Any CPU
		{EDA05479-2A81-4D8A-8989-B37F4F5F80A4}.Release|Any CPU.Build.0 = Release|Any CPU
		{EDA05479-2A81-4D8A-8989-B37F4F5F80A4}.Release|x64.ActiveCfg = Release|Any CPU
		{EDA05479-2A81-4D8A-8989-B37F4F5F80A4}.Release|x64.Build.0 = Release|Any CPU
		{EDA05479-2A81-4D8A-8989-B37F4F5F80A4}.Release|x86.ActiveCfg = Release|Any CPU
		{EDA05479-2A81-4D8A-8989-B37F4F5F80A4}.Release|x86.Build.0 = Release|Any CPU
		{B231810E-035C-4F56-A36D-757A5B6B7868}.Debug|Any CPU.ActiveCfg = Debug|Any CPU
		{B231810E-035C-4F56-A36D-757A5B6B7868}.Debug|Any CPU.Build.0 = Debug|Any CPU
		{B231810E-035C-4F56-A36D-757A5B6B7868}.Debug|x64.ActiveCfg = Debug|Any CPU
		{B231810E-035C-4F56-A36D-757A5B6B7868}.Debug|x64.Build.0 = Debug|Any CPU
		{B231810E-035C-4F56-A36D-757A5B6B7868}.Debug|x86.ActiveCfg = Debug|Any CPU
		{B231810E-035C-4F56-A36D-757A5B6B7868}.Debug|x86.Build.0 = Debug|Any CPU
		{B231810E-035C-4F56-A36D-757A5B6B7868}.Release|Any CPU.ActiveCfg = Release|Any CPU
		{B231810E-035C-4F56-A36D-757A5B6B7868}.Release|Any CPU.Build.0 = Release|Any CPU
		{B231810E-035C-4F56-A36D-757A5B6B7868}.Release|x64.ActiveCfg = Release|Any CPU
		{B231810E-035C-4F56-A36D-757A5B6B7868}.Release|x64.Build.0 = Release|Any CPU
		{B231810E-035C-4F56-A36D-757A5B6B7868}.Release|x86.ActiveCfg = Release|Any CPU
		{B231810E-035C-4F56-A36D-757A5B6B7868}.Release|x86.Build.0 = Release|Any CPU
		{57DD6951-2AD5-49FD-9C4B-A1DF076780EB}.Debug|Any CPU.ActiveCfg = Debug|Any CPU
		{57DD6951-2AD5-49FD-9C4B-A1DF076780EB}.Debug|Any CPU.Build.0 = Debug|Any CPU
		{57DD6951-2AD5-49FD-9C4B-A1DF076780EB}.Debug|x64.ActiveCfg = Debug|Any CPU
		{57DD6951-2AD5-49FD-9C4B-A1DF076780EB}.Debug|x64.Build.0 = Debug|Any CPU
		{57DD6951-2AD5-49FD-9C4B-A1DF076780EB}.Debug|x86.ActiveCfg = Debug|Any CPU
		{57DD6951-2AD5-49FD-9C4B-A1DF076780EB}.Debug|x86.Build.0 = Debug|Any CPU
		{57DD6951-2AD5-49FD-9C4B-A1DF076780EB}.Release|Any CPU.ActiveCfg = Release|Any CPU
		{57DD6951-2AD5-49FD-9C4B-A1DF076780EB}.Release|Any CPU.Build.0 = Release|Any CPU
		{57DD6951-2AD5-49FD-9C4B-A1DF076780EB}.Release|x64.ActiveCfg = Release|Any CPU
		{57DD6951-2AD5-49FD-9C4B-A1DF076780EB}.Release|x64.Build.0 = Release|Any CPU
		{57DD6951-2AD5-49FD-9C4B-A1DF076780EB}.Release|x86.ActiveCfg = Release|Any CPU
		{57DD6951-2AD5-49FD-9C4B-A1DF076780EB}.Release|x86.Build.0 = Release|Any CPU
		{04C312E0-2CCF-4D4C-BE70-BD3C64B6969E}.Debug|Any CPU.ActiveCfg = Debug|Any CPU
		{04C312E0-2CCF-4D4C-BE70-BD3C64B6969E}.Debug|Any CPU.Build.0 = Debug|Any CPU
		{04C312E0-2CCF-4D4C-BE70-BD3C64B6969E}.Debug|x64.ActiveCfg = Debug|Any CPU
		{04C312E0-2CCF-4D4C-BE70-BD3C64B6969E}.Debug|x64.Build.0 = Debug|Any CPU
		{04C312E0-2CCF-4D4C-BE70-BD3C64B6969E}.Debug|x86.ActiveCfg = Debug|Any CPU
		{04C312E0-2CCF-4D4C-BE70-BD3C64B6969E}.Debug|x86.Build.0 = Debug|Any CPU
		{04C312E0-2CCF-4D4C-BE70-BD3C64B6969E}.Release|Any CPU.ActiveCfg = Release|Any CPU
		{04C312E0-2CCF-4D4C-BE70-BD3C64B6969E}.Release|Any CPU.Build.0 = Release|Any CPU
		{04C312E0-2CCF-4D4C-BE70-BD3C64B6969E}.Release|x64.ActiveCfg = Release|Any CPU
		{04C312E0-2CCF-4D4C-BE70-BD3C64B6969E}.Release|x64.Build.0 = Release|Any CPU
		{04C312E0-2CCF-4D4C-BE70-BD3C64B6969E}.Release|x86.ActiveCfg = Release|Any CPU
		{04C312E0-2CCF-4D4C-BE70-BD3C64B6969E}.Release|x86.Build.0 = Release|Any CPU
		{8847D0C4-2E58-4375-8820-5DBF7869FCB0}.Debug|Any CPU.ActiveCfg = Debug|Any CPU
		{8847D0C4-2E58-4375-8820-5DBF7869FCB0}.Debug|Any CPU.Build.0 = Debug|Any CPU
		{8847D0C4-2E58-4375-8820-5DBF7869FCB0}.Debug|x64.ActiveCfg = Debug|Any CPU
		{8847D0C4-2E58-4375-8820-5DBF7869FCB0}.Debug|x64.Build.0 = Debug|Any CPU
		{8847D0C4-2E58-4375-8820-5DBF7869FCB0}.Debug|x86.ActiveCfg = Debug|Any CPU
		{8847D0C4-2E58-4375-8820-5DBF7869FCB0}.Debug|x86.Build.0 = Debug|Any CPU
		{8847D0C4-2E58-4375-8820-5DBF7869FCB0}.Release|Any CPU.ActiveCfg = Release|Any CPU
		{8847D0C4-2E58-4375-8820-5DBF7869FCB0}.Release|Any CPU.Build.0 = Release|Any CPU
		{8847D0C4-2E58-4375-8820-5DBF7869FCB0}.Release|x64.ActiveCfg = Release|Any CPU
		{8847D0C4-2E58-4375-8820-5DBF7869FCB0}.Release|x64.Build.0 = Release|Any CPU
		{8847D0C4-2E58-4375-8820-5DBF7869FCB0}.Release|x86.ActiveCfg = Release|Any CPU
		{8847D0C4-2E58-4375-8820-5DBF7869FCB0}.Release|x86.Build.0 = Release|Any CPU
		{C5B651CD-0C79-4FCD-971A-08341D21A1ED}.Debug|Any CPU.ActiveCfg = Debug|Any CPU
		{C5B651CD-0C79-4FCD-971A-08341D21A1ED}.Debug|Any CPU.Build.0 = Debug|Any CPU
		{C5B651CD-0C79-4FCD-971A-08341D21A1ED}.Debug|x64.ActiveCfg = Debug|Any CPU
		{C5B651CD-0C79-4FCD-971A-08341D21A1ED}.Debug|x64.Build.0 = Debug|Any CPU
		{C5B651CD-0C79-4FCD-971A-08341D21A1ED}.Debug|x86.ActiveCfg = Debug|Any CPU
		{C5B651CD-0C79-4FCD-971A-08341D21A1ED}.Debug|x86.Build.0 = Debug|Any CPU
		{C5B651CD-0C79-4FCD-971A-08341D21A1ED}.Release|Any CPU.ActiveCfg = Release|Any CPU
		{C5B651CD-0C79-4FCD-971A-08341D21A1ED}.Release|Any CPU.Build.0 = Release|Any CPU
		{C5B651CD-0C79-4FCD-971A-08341D21A1ED}.Release|x64.ActiveCfg = Release|Any CPU
		{C5B651CD-0C79-4FCD-971A-08341D21A1ED}.Release|x64.Build.0 = Release|Any CPU
		{C5B651CD-0C79-4FCD-971A-08341D21A1ED}.Release|x86.ActiveCfg = Release|Any CPU
		{C5B651CD-0C79-4FCD-971A-08341D21A1ED}.Release|x86.Build.0 = Release|Any CPU
		{984973D1-0725-477F-A134-371170D5F46B}.Debug|Any CPU.ActiveCfg = Debug|Any CPU
		{984973D1-0725-477F-A134-371170D5F46B}.Debug|Any CPU.Build.0 = Debug|Any CPU
		{984973D1-0725-477F-A134-371170D5F46B}.Debug|x64.ActiveCfg = Debug|Any CPU
		{984973D1-0725-477F-A134-371170D5F46B}.Debug|x64.Build.0 = Debug|Any CPU
		{984973D1-0725-477F-A134-371170D5F46B}.Debug|x86.ActiveCfg = Debug|Any CPU
		{984973D1-0725-477F-A134-371170D5F46B}.Debug|x86.Build.0 = Debug|Any CPU
		{984973D1-0725-477F-A134-371170D5F46B}.Release|Any CPU.ActiveCfg = Release|Any CPU
		{984973D1-0725-477F-A134-371170D5F46B}.Release|Any CPU.Build.0 = Release|Any CPU
		{984973D1-0725-477F-A134-371170D5F46B}.Release|x64.ActiveCfg = Release|Any CPU
		{984973D1-0725-477F-A134-371170D5F46B}.Release|x64.Build.0 = Release|Any CPU
		{984973D1-0725-477F-A134-371170D5F46B}.Release|x86.ActiveCfg = Release|Any CPU
		{984973D1-0725-477F-A134-371170D5F46B}.Release|x86.Build.0 = Release|Any CPU
		{EFFACAC3-964D-4B0E-B174-5F5DA170C591}.Debug|Any CPU.ActiveCfg = Debug|Any CPU
		{EFFACAC3-964D-4B0E-B174-5F5DA170C591}.Debug|Any CPU.Build.0 = Debug|Any CPU
		{EFFACAC3-964D-4B0E-B174-5F5DA170C591}.Debug|x64.ActiveCfg = Debug|Any CPU
		{EFFACAC3-964D-4B0E-B174-5F5DA170C591}.Debug|x64.Build.0 = Debug|Any CPU
		{EFFACAC3-964D-4B0E-B174-5F5DA170C591}.Debug|x86.ActiveCfg = Debug|Any CPU
		{EFFACAC3-964D-4B0E-B174-5F5DA170C591}.Debug|x86.Build.0 = Debug|Any CPU
		{EFFACAC3-964D-4B0E-B174-5F5DA170C591}.Release|Any CPU.ActiveCfg = Release|Any CPU
		{EFFACAC3-964D-4B0E-B174-5F5DA170C591}.Release|Any CPU.Build.0 = Release|Any CPU
		{EFFACAC3-964D-4B0E-B174-5F5DA170C591}.Release|x64.ActiveCfg = Release|Any CPU
		{EFFACAC3-964D-4B0E-B174-5F5DA170C591}.Release|x64.Build.0 = Release|Any CPU
		{EFFACAC3-964D-4B0E-B174-5F5DA170C591}.Release|x86.ActiveCfg = Release|Any CPU
		{EFFACAC3-964D-4B0E-B174-5F5DA170C591}.Release|x86.Build.0 = Release|Any CPU
		{996A3638-D958-4658-BFBF-856F8135FCB1}.Debug|Any CPU.ActiveCfg = Debug|Any CPU
		{996A3638-D958-4658-BFBF-856F8135FCB1}.Debug|Any CPU.Build.0 = Debug|Any CPU
		{996A3638-D958-4658-BFBF-856F8135FCB1}.Debug|x64.ActiveCfg = Debug|Any CPU
		{996A3638-D958-4658-BFBF-856F8135FCB1}.Debug|x64.Build.0 = Debug|Any CPU
		{996A3638-D958-4658-BFBF-856F8135FCB1}.Debug|x86.ActiveCfg = Debug|Any CPU
		{996A3638-D958-4658-BFBF-856F8135FCB1}.Debug|x86.Build.0 = Debug|Any CPU
		{996A3638-D958-4658-BFBF-856F8135FCB1}.Release|Any CPU.ActiveCfg = Release|Any CPU
		{996A3638-D958-4658-BFBF-856F8135FCB1}.Release|Any CPU.Build.0 = Release|Any CPU
		{996A3638-D958-4658-BFBF-856F8135FCB1}.Release|x64.ActiveCfg = Release|Any CPU
		{996A3638-D958-4658-BFBF-856F8135FCB1}.Release|x64.Build.0 = Release|Any CPU
		{996A3638-D958-4658-BFBF-856F8135FCB1}.Release|x86.ActiveCfg = Release|Any CPU
		{996A3638-D958-4658-BFBF-856F8135FCB1}.Release|x86.Build.0 = Release|Any CPU
	EndGlobalSection
	GlobalSection(SolutionProperties) = preSolution
		HideSolutionNode = FALSE
	EndGlobalSection
	GlobalSection(NestedProjects) = preSolution
		{81C57726-7940-4739-94C4-5F11A7E33867} = {BBC9F78B-FCA3-4E8B-BE69-DFF8533377E7}
		{DF2D0A93-CE45-4617-BD65-DE132D384025} = {BBC9F78B-FCA3-4E8B-BE69-DFF8533377E7}
		{4EC4B3AB-3177-4801-89C7-E8D22E639C63} = {D7059831-CCB9-41AA-9EAF-0F0EED485003}
		{8329BEAA-2326-4D50-BD4D-4149C5E0CF43} = {D7059831-CCB9-41AA-9EAF-0F0EED485003}
		{A15EF953-29DA-4E15-94BB-1BBDF97CA1DE} = {792C8FAC-BEE4-4C60-8080-AF8FEAD8753C}
		{AB69777C-A497-434A-A4A3-30BF7C1EF4A6} = {BBC9F78B-FCA3-4E8B-BE69-DFF8533377E7}
		{C4BF9075-3554-4668-BD4E-8009D052366E} = {792C8FAC-BEE4-4C60-8080-AF8FEAD8753C}
		{7CEB564C-C69A-43C4-8F38-52B9E9BA6597} = {6C888352-2A09-44CF-9067-F9D9E73AB6A5}
		{90619CA6-48C2-4BC5-AA8E-9D4D5C31F6DB} = {6C888352-2A09-44CF-9067-F9D9E73AB6A5}
		{4E58D432-9D7F-4719-B15B-4E334A478D14} = {AB69777C-A497-434A-A4A3-30BF7C1EF4A6}
		{FCEC9126-D9D4-4AC0-A88F-79A491994FD7} = {BBC9F78B-FCA3-4E8B-BE69-DFF8533377E7}
		{47DBCB2D-E981-483D-A299-D0B3887A4918} = {BBC9F78B-FCA3-4E8B-BE69-DFF8533377E7}
		{CA6B535E-6371-411B-9EE6-E8D165F11339} = {6C888352-2A09-44CF-9067-F9D9E73AB6A5}
		{6C888352-2A09-44CF-9067-F9D9E73AB6A5} = {4E58D432-9D7F-4719-B15B-4E334A478D14}
		{792C8FAC-BEE4-4C60-8080-AF8FEAD8753C} = {4E58D432-9D7F-4719-B15B-4E334A478D14}
		{2A5C5FF7-D961-4E2F-B830-078E827340DA} = {22679A92-BDFE-4FDC-8B0B-B797E723B63C}
		{9E1699E0-1D32-4935-BFCF-982EE2581DBB} = {22679A92-BDFE-4FDC-8B0B-B797E723B63C}
		{22679A92-BDFE-4FDC-8B0B-B797E723B63C} = {4E58D432-9D7F-4719-B15B-4E334A478D14}
		{8C666F86-B7C0-4668-8A64-564FBB0BE79D} = {792C8FAC-BEE4-4C60-8080-AF8FEAD8753C}
		{CA4D8152-71DA-409E-AF5D-EA7099F22144} = {95170AD6-A968-4C6F-A6F3-008B32D470FA}
		{453EF279-1459-4EF8-903C-D0D79D40EE9D} = {95170AD6-A968-4C6F-A6F3-008B32D470FA}
		{ED7EC4F3-49FB-45C6-B4DC-45D2B0E82B67} = {95170AD6-A968-4C6F-A6F3-008B32D470FA}
		{C0E0597A-E21E-42C5-A011-DEED04A6BCB7} = {3250CF49-8628-4C4F-88ED-27DD99F2D420}
		{C723EF96-A6EC-4D92-B32F-70FCB9A487BF} = {3250CF49-8628-4C4F-88ED-27DD99F2D420}
		{060AE15E-BDAC-476D-9270-D6D72FFD70D1} = {3250CF49-8628-4C4F-88ED-27DD99F2D420}
		{6EBFDA1F-6500-416D-80CD-5CE510EF7D8D} = {AB69777C-A497-434A-A4A3-30BF7C1EF4A6}
		{95170AD6-A968-4C6F-A6F3-008B32D470FA} = {6EBFDA1F-6500-416D-80CD-5CE510EF7D8D}
		{3250CF49-8628-4C4F-88ED-27DD99F2D420} = {AB69777C-A497-434A-A4A3-30BF7C1EF4A6}
		{6056382C-02F0-4484-8C58-0D2602C8EFCF} = {BBC9F78B-FCA3-4E8B-BE69-DFF8533377E7}
		{D8FBB0AA-4362-4DB6-BD58-194CC352AF56} = {BBC9F78B-FCA3-4E8B-BE69-DFF8533377E7}
		{42448A9C-7F07-4597-9574-2C551D4F2298} = {F6E72FB4-D648-440F-8B0F-CBF588311AAF}
		{EDA05479-2A81-4D8A-8989-B37F4F5F80A4} = {F6E72FB4-D648-440F-8B0F-CBF588311AAF}
		{F6E72FB4-D648-440F-8B0F-CBF588311AAF} = {4E58D432-9D7F-4719-B15B-4E334A478D14}
		{09579B6C-753E-4102-874C-38F2C5C16C65} = {4E58D432-9D7F-4719-B15B-4E334A478D14}
		{B231810E-035C-4F56-A36D-757A5B6B7868} = {09579B6C-753E-4102-874C-38F2C5C16C65}
		{57DD6951-2AD5-49FD-9C4B-A1DF076780EB} = {B520A2CE-2761-42CD-8BAE-05E47DA21914}
		{04C312E0-2CCF-4D4C-BE70-BD3C64B6969E} = {B520A2CE-2761-42CD-8BAE-05E47DA21914}
		{8847D0C4-2E58-4375-8820-5DBF7869FCB0} = {09579B6C-753E-4102-874C-38F2C5C16C65}
		{B520A2CE-2761-42CD-8BAE-05E47DA21914} = {09579B6C-753E-4102-874C-38F2C5C16C65}
		{C5B651CD-0C79-4FCD-971A-08341D21A1ED} = {790FFED5-14EA-4C06-AAC8-5BF20E0D2D6B}
		{984973D1-0725-477F-A134-371170D5F46B} = {790FFED5-14EA-4C06-AAC8-5BF20E0D2D6B}
		{07ADF602-FB7D-48CB-8938-6C8A7309E629} = {AB69777C-A497-434A-A4A3-30BF7C1EF4A6}
		{EFFACAC3-964D-4B0E-B174-5F5DA170C591} = {07ADF602-FB7D-48CB-8938-6C8A7309E629}
		{996A3638-D958-4658-BFBF-856F8135FCB1} = {07ADF602-FB7D-48CB-8938-6C8A7309E629}
		{790FFED5-14EA-4C06-AAC8-5BF20E0D2D6B} = {AB69777C-A497-434A-A4A3-30BF7C1EF4A6}
	EndGlobalSection
	GlobalSection(ExtensibilityGlobals) = postSolution
		SolutionGuid = {C7E850AC-B423-49A9-8D5E-6B21CA22F615}
	EndGlobalSection
EndGlobal
