
Microsoft Visual Studio Solution File, Format Version 12.00
# Visual Studio Version 16
VisualStudioVersion = 16.0.30428.66
MinimumVisualStudioVersion = 15.0.26124.0
Project("{2150E333-8FDC-42A3-9474-1A3956D46DE8}") = "src", "src", "{BBC9F78B-FCA3-4E8B-BE69-DFF8533377E7}"
	ProjectSection(SolutionItems) = preProject
		src\Directory.Build.props = src\Directory.Build.props
	EndProjectSection
EndProject
Project("{9A19103F-16F7-4668-BE54-9A1E7A4F7556}") = "Xenial.Framework", "src\Xenial.Framework\Xenial.Framework.csproj", "{81C57726-7940-4739-94C4-5F11A7E33867}"
EndProject
Project("{9A19103F-16F7-4668-BE54-9A1E7A4F7556}") = "Xenial.Framework.Win", "src\Xenial.Framework.Win\Xenial.Framework.Win.csproj", "{DF2D0A93-CE45-4617-BD65-DE132D384025}"
EndProject
Project("{2150E333-8FDC-42A3-9474-1A3956D46DE8}") = "test", "test", "{D7059831-CCB9-41AA-9EAF-0F0EED485003}"
	ProjectSection(SolutionItems) = preProject
		test\.editorconfig = test\.editorconfig
		test\Directory.Build.props = test\Directory.Build.props
	EndProjectSection
EndProject
Project("{9A19103F-16F7-4668-BE54-9A1E7A4F7556}") = "Xenial.Framework.Tests", "test\Xenial.Framework.Tests\Xenial.Framework.Tests.csproj", "{4EC4B3AB-3177-4801-89C7-E8D22E639C63}"
EndProject
Project("{9A19103F-16F7-4668-BE54-9A1E7A4F7556}") = "Xenial.Framework.Win.Tests", "test\Xenial.Framework.Win.Tests\Xenial.Framework.Win.Tests.csproj", "{8329BEAA-2326-4D50-BD4D-4149C5E0CF43}"
EndProject
Project("{2150E333-8FDC-42A3-9474-1A3956D46DE8}") = "Solution Items", "Solution Items", "{EDFA82A4-1E5D-47BA-A5B3-DEE807DE39E8}"
	ProjectSection(SolutionItems) = preProject
		.editorconfig = .editorconfig
		.github\workflows\build.yml = .github\workflows\build.yml
		CodeFormatting.ruleset = CodeFormatting.ruleset
		Directory.Build.props = Directory.Build.props
		global.json = global.json
		nuget.config = nuget.config
	EndProjectSection
EndProject
Project("{2150E333-8FDC-42A3-9474-1A3956D46DE8}") = "lic", "lic", "{C3460F09-1BF9-4B62-817C-C424A955B27C}"
	ProjectSection(SolutionItems) = preProject
		lic\Directory.Build.props = lic\Directory.Build.props
	EndProjectSection
EndProject
Project("{9A19103F-16F7-4668-BE54-9A1E7A4F7556}") = "Xenial.Framework.LicGen", "lic\Xenial.Framework.LicGen\Xenial.Framework.LicGen.csproj", "{0C6046CC-45D1-484A-8B30-B6959F7939A7}"
EndProject
Project("{9A19103F-16F7-4668-BE54-9A1E7A4F7556}") = "Xenial.Framework.MsBuild", "lic\Xenial.Framework.MsBuild\Xenial.Framework.MsBuild.csproj", "{B8D078FD-0D05-493D-950C-38969A2BDE59}"
EndProject
Project("{9A19103F-16F7-4668-BE54-9A1E7A4F7556}") = "Xenial.Framework.WebView.Win", "src\Xenial.Framework.WebView.Win\Xenial.Framework.WebView.Win.csproj", "{A15EF953-29DA-4E15-94BB-1BBDF97CA1DE}"
EndProject
Project("{2150E333-8FDC-42A3-9474-1A3956D46DE8}") = "Modules", "Modules", "{AB69777C-A497-434A-A4A3-30BF7C1EF4A6}"
EndProject
Project("{9A19103F-16F7-4668-BE54-9A1E7A4F7556}") = "Xenial.Framework.WebView", "src\Xenial.Framework.WebView\Xenial.Framework.WebView.csproj", "{C4BF9075-3554-4668-BD4E-8009D052366E}"
EndProject
Project("{9A19103F-16F7-4668-BE54-9A1E7A4F7556}") = "Xenial.Framework.TokenEditors", "src\Xenial.Framework.TokenEditors\Xenial.Framework.TokenEditors.csproj", "{7CEB564C-C69A-43C4-8F38-52B9E9BA6597}"
EndProject
Project("{9A19103F-16F7-4668-BE54-9A1E7A4F7556}") = "Xenial.Framework.TokenEditors.Win", "src\Xenial.Framework.TokenEditors.Win\Xenial.Framework.TokenEditors.Win.csproj", "{90619CA6-48C2-4BC5-AA8E-9D4D5C31F6DB}"
EndProject
Project("{2150E333-8FDC-42A3-9474-1A3956D46DE8}") = "Editors", "Editors", "{4E58D432-9D7F-4719-B15B-4E334A478D14}"
EndProject
Global
	GlobalSection(SolutionConfigurationPlatforms) = preSolution
		Debug|Any CPU = Debug|Any CPU
		Debug|x64 = Debug|x64
		Debug|x86 = Debug|x86
		Release|Any CPU = Release|Any CPU
		Release|x64 = Release|x64
		Release|x86 = Release|x86
	EndGlobalSection
	GlobalSection(ProjectConfigurationPlatforms) = postSolution
		{81C57726-7940-4739-94C4-5F11A7E33867}.Debug|Any CPU.ActiveCfg = Debug|Any CPU
		{81C57726-7940-4739-94C4-5F11A7E33867}.Debug|Any CPU.Build.0 = Debug|Any CPU
		{81C57726-7940-4739-94C4-5F11A7E33867}.Debug|x64.ActiveCfg = Debug|Any CPU
		{81C57726-7940-4739-94C4-5F11A7E33867}.Debug|x64.Build.0 = Debug|Any CPU
		{81C57726-7940-4739-94C4-5F11A7E33867}.Debug|x86.ActiveCfg = Debug|Any CPU
		{81C57726-7940-4739-94C4-5F11A7E33867}.Debug|x86.Build.0 = Debug|Any CPU
		{81C57726-7940-4739-94C4-5F11A7E33867}.Release|Any CPU.ActiveCfg = Release|Any CPU
		{81C57726-7940-4739-94C4-5F11A7E33867}.Release|Any CPU.Build.0 = Release|Any CPU
		{81C57726-7940-4739-94C4-5F11A7E33867}.Release|x64.ActiveCfg = Release|Any CPU
		{81C57726-7940-4739-94C4-5F11A7E33867}.Release|x64.Build.0 = Release|Any CPU
		{81C57726-7940-4739-94C4-5F11A7E33867}.Release|x86.ActiveCfg = Release|Any CPU
		{81C57726-7940-4739-94C4-5F11A7E33867}.Release|x86.Build.0 = Release|Any CPU
		{DF2D0A93-CE45-4617-BD65-DE132D384025}.Debug|Any CPU.ActiveCfg = Debug|Any CPU
		{DF2D0A93-CE45-4617-BD65-DE132D384025}.Debug|Any CPU.Build.0 = Debug|Any CPU
		{DF2D0A93-CE45-4617-BD65-DE132D384025}.Debug|x64.ActiveCfg = Debug|Any CPU
		{DF2D0A93-CE45-4617-BD65-DE132D384025}.Debug|x64.Build.0 = Debug|Any CPU
		{DF2D0A93-CE45-4617-BD65-DE132D384025}.Debug|x86.ActiveCfg = Debug|Any CPU
		{DF2D0A93-CE45-4617-BD65-DE132D384025}.Debug|x86.Build.0 = Debug|Any CPU
		{DF2D0A93-CE45-4617-BD65-DE132D384025}.Release|Any CPU.ActiveCfg = Release|Any CPU
		{DF2D0A93-CE45-4617-BD65-DE132D384025}.Release|Any CPU.Build.0 = Release|Any CPU
		{DF2D0A93-CE45-4617-BD65-DE132D384025}.Release|x64.ActiveCfg = Release|Any CPU
		{DF2D0A93-CE45-4617-BD65-DE132D384025}.Release|x64.Build.0 = Release|Any CPU
		{DF2D0A93-CE45-4617-BD65-DE132D384025}.Release|x86.ActiveCfg = Release|Any CPU
		{DF2D0A93-CE45-4617-BD65-DE132D384025}.Release|x86.Build.0 = Release|Any CPU
		{4EC4B3AB-3177-4801-89C7-E8D22E639C63}.Debug|Any CPU.ActiveCfg = Debug|Any CPU
		{4EC4B3AB-3177-4801-89C7-E8D22E639C63}.Debug|Any CPU.Build.0 = Debug|Any CPU
		{4EC4B3AB-3177-4801-89C7-E8D22E639C63}.Debug|x64.ActiveCfg = Debug|Any CPU
		{4EC4B3AB-3177-4801-89C7-E8D22E639C63}.Debug|x64.Build.0 = Debug|Any CPU
		{4EC4B3AB-3177-4801-89C7-E8D22E639C63}.Debug|x86.ActiveCfg = Debug|Any CPU
		{4EC4B3AB-3177-4801-89C7-E8D22E639C63}.Debug|x86.Build.0 = Debug|Any CPU
		{4EC4B3AB-3177-4801-89C7-E8D22E639C63}.Release|Any CPU.ActiveCfg = Release|Any CPU
		{4EC4B3AB-3177-4801-89C7-E8D22E639C63}.Release|Any CPU.Build.0 = Release|Any CPU
		{4EC4B3AB-3177-4801-89C7-E8D22E639C63}.Release|x64.ActiveCfg = Release|Any CPU
		{4EC4B3AB-3177-4801-89C7-E8D22E639C63}.Release|x64.Build.0 = Release|Any CPU
		{4EC4B3AB-3177-4801-89C7-E8D22E639C63}.Release|x86.ActiveCfg = Release|Any CPU
		{4EC4B3AB-3177-4801-89C7-E8D22E639C63}.Release|x86.Build.0 = Release|Any CPU
		{8329BEAA-2326-4D50-BD4D-4149C5E0CF43}.Debug|Any CPU.ActiveCfg = Debug|Any CPU
		{8329BEAA-2326-4D50-BD4D-4149C5E0CF43}.Debug|Any CPU.Build.0 = Debug|Any CPU
		{8329BEAA-2326-4D50-BD4D-4149C5E0CF43}.Debug|x64.ActiveCfg = Debug|Any CPU
		{8329BEAA-2326-4D50-BD4D-4149C5E0CF43}.Debug|x64.Build.0 = Debug|Any CPU
		{8329BEAA-2326-4D50-BD4D-4149C5E0CF43}.Debug|x86.ActiveCfg = Debug|Any CPU
		{8329BEAA-2326-4D50-BD4D-4149C5E0CF43}.Debug|x86.Build.0 = Debug|Any CPU
		{8329BEAA-2326-4D50-BD4D-4149C5E0CF43}.Release|Any CPU.ActiveCfg = Release|Any CPU
		{8329BEAA-2326-4D50-BD4D-4149C5E0CF43}.Release|Any CPU.Build.0 = Release|Any CPU
		{8329BEAA-2326-4D50-BD4D-4149C5E0CF43}.Release|x64.ActiveCfg = Release|Any CPU
		{8329BEAA-2326-4D50-BD4D-4149C5E0CF43}.Release|x64.Build.0 = Release|Any CPU
		{8329BEAA-2326-4D50-BD4D-4149C5E0CF43}.Release|x86.ActiveCfg = Release|Any CPU
		{8329BEAA-2326-4D50-BD4D-4149C5E0CF43}.Release|x86.Build.0 = Release|Any CPU
		{0C6046CC-45D1-484A-8B30-B6959F7939A7}.Debug|Any CPU.ActiveCfg = Debug|Any CPU
		{0C6046CC-45D1-484A-8B30-B6959F7939A7}.Debug|Any CPU.Build.0 = Debug|Any CPU
		{0C6046CC-45D1-484A-8B30-B6959F7939A7}.Debug|x64.ActiveCfg = Debug|Any CPU
		{0C6046CC-45D1-484A-8B30-B6959F7939A7}.Debug|x64.Build.0 = Debug|Any CPU
		{0C6046CC-45D1-484A-8B30-B6959F7939A7}.Debug|x86.ActiveCfg = Debug|Any CPU
		{0C6046CC-45D1-484A-8B30-B6959F7939A7}.Debug|x86.Build.0 = Debug|Any CPU
		{0C6046CC-45D1-484A-8B30-B6959F7939A7}.Release|Any CPU.ActiveCfg = Release|Any CPU
		{0C6046CC-45D1-484A-8B30-B6959F7939A7}.Release|Any CPU.Build.0 = Release|Any CPU
		{0C6046CC-45D1-484A-8B30-B6959F7939A7}.Release|x64.ActiveCfg = Release|Any CPU
		{0C6046CC-45D1-484A-8B30-B6959F7939A7}.Release|x64.Build.0 = Release|Any CPU
		{0C6046CC-45D1-484A-8B30-B6959F7939A7}.Release|x86.ActiveCfg = Release|Any CPU
		{0C6046CC-45D1-484A-8B30-B6959F7939A7}.Release|x86.Build.0 = Release|Any CPU
		{B8D078FD-0D05-493D-950C-38969A2BDE59}.Debug|Any CPU.ActiveCfg = Debug|Any CPU
		{B8D078FD-0D05-493D-950C-38969A2BDE59}.Debug|Any CPU.Build.0 = Debug|Any CPU
		{B8D078FD-0D05-493D-950C-38969A2BDE59}.Debug|x64.ActiveCfg = Debug|Any CPU
		{B8D078FD-0D05-493D-950C-38969A2BDE59}.Debug|x64.Build.0 = Debug|Any CPU
		{B8D078FD-0D05-493D-950C-38969A2BDE59}.Debug|x86.ActiveCfg = Debug|Any CPU
		{B8D078FD-0D05-493D-950C-38969A2BDE59}.Debug|x86.Build.0 = Debug|Any CPU
		{B8D078FD-0D05-493D-950C-38969A2BDE59}.Release|Any CPU.ActiveCfg = Release|Any CPU
		{B8D078FD-0D05-493D-950C-38969A2BDE59}.Release|Any CPU.Build.0 = Release|Any CPU
		{B8D078FD-0D05-493D-950C-38969A2BDE59}.Release|x64.ActiveCfg = Release|Any CPU
		{B8D078FD-0D05-493D-950C-38969A2BDE59}.Release|x64.Build.0 = Release|Any CPU
		{B8D078FD-0D05-493D-950C-38969A2BDE59}.Release|x86.ActiveCfg = Release|Any CPU
		{B8D078FD-0D05-493D-950C-38969A2BDE59}.Release|x86.Build.0 = Release|Any CPU
		{A15EF953-29DA-4E15-94BB-1BBDF97CA1DE}.Debug|Any CPU.ActiveCfg = Debug|Any CPU
		{A15EF953-29DA-4E15-94BB-1BBDF97CA1DE}.Debug|Any CPU.Build.0 = Debug|Any CPU
		{A15EF953-29DA-4E15-94BB-1BBDF97CA1DE}.Debug|x64.ActiveCfg = Debug|Any CPU
		{A15EF953-29DA-4E15-94BB-1BBDF97CA1DE}.Debug|x64.Build.0 = Debug|Any CPU
		{A15EF953-29DA-4E15-94BB-1BBDF97CA1DE}.Debug|x86.ActiveCfg = Debug|Any CPU
		{A15EF953-29DA-4E15-94BB-1BBDF97CA1DE}.Debug|x86.Build.0 = Debug|Any CPU
		{A15EF953-29DA-4E15-94BB-1BBDF97CA1DE}.Release|Any CPU.ActiveCfg = Release|Any CPU
		{A15EF953-29DA-4E15-94BB-1BBDF97CA1DE}.Release|Any CPU.Build.0 = Release|Any CPU
		{A15EF953-29DA-4E15-94BB-1BBDF97CA1DE}.Release|x64.ActiveCfg = Release|Any CPU
		{A15EF953-29DA-4E15-94BB-1BBDF97CA1DE}.Release|x64.Build.0 = Release|Any CPU
		{A15EF953-29DA-4E15-94BB-1BBDF97CA1DE}.Release|x86.ActiveCfg = Release|Any CPU
		{A15EF953-29DA-4E15-94BB-1BBDF97CA1DE}.Release|x86.Build.0 = Release|Any CPU
		{C4BF9075-3554-4668-BD4E-8009D052366E}.Debug|Any CPU.ActiveCfg = Debug|Any CPU
		{C4BF9075-3554-4668-BD4E-8009D052366E}.Debug|Any CPU.Build.0 = Debug|Any CPU
		{C4BF9075-3554-4668-BD4E-8009D052366E}.Debug|x64.ActiveCfg = Debug|Any CPU
		{C4BF9075-3554-4668-BD4E-8009D052366E}.Debug|x64.Build.0 = Debug|Any CPU
		{C4BF9075-3554-4668-BD4E-8009D052366E}.Debug|x86.ActiveCfg = Debug|Any CPU
		{C4BF9075-3554-4668-BD4E-8009D052366E}.Debug|x86.Build.0 = Debug|Any CPU
		{C4BF9075-3554-4668-BD4E-8009D052366E}.Release|Any CPU.ActiveCfg = Release|Any CPU
		{C4BF9075-3554-4668-BD4E-8009D052366E}.Release|Any CPU.Build.0 = Release|Any CPU
		{C4BF9075-3554-4668-BD4E-8009D052366E}.Release|x64.ActiveCfg = Release|Any CPU
		{C4BF9075-3554-4668-BD4E-8009D052366E}.Release|x64.Build.0 = Release|Any CPU
		{C4BF9075-3554-4668-BD4E-8009D052366E}.Release|x86.ActiveCfg = Release|Any CPU
		{C4BF9075-3554-4668-BD4E-8009D052366E}.Release|x86.Build.0 = Release|Any CPU
		{7CEB564C-C69A-43C4-8F38-52B9E9BA6597}.Debug|Any CPU.ActiveCfg = Debug|Any CPU
		{7CEB564C-C69A-43C4-8F38-52B9E9BA6597}.Debug|Any CPU.Build.0 = Debug|Any CPU
		{7CEB564C-C69A-43C4-8F38-52B9E9BA6597}.Debug|x64.ActiveCfg = Debug|Any CPU
		{7CEB564C-C69A-43C4-8F38-52B9E9BA6597}.Debug|x64.Build.0 = Debug|Any CPU
		{7CEB564C-C69A-43C4-8F38-52B9E9BA6597}.Debug|x86.ActiveCfg = Debug|Any CPU
		{7CEB564C-C69A-43C4-8F38-52B9E9BA6597}.Debug|x86.Build.0 = Debug|Any CPU
		{7CEB564C-C69A-43C4-8F38-52B9E9BA6597}.Release|Any CPU.ActiveCfg = Release|Any CPU
		{7CEB564C-C69A-43C4-8F38-52B9E9BA6597}.Release|Any CPU.Build.0 = Release|Any CPU
		{7CEB564C-C69A-43C4-8F38-52B9E9BA6597}.Release|x64.ActiveCfg = Release|Any CPU
		{7CEB564C-C69A-43C4-8F38-52B9E9BA6597}.Release|x64.Build.0 = Release|Any CPU
		{7CEB564C-C69A-43C4-8F38-52B9E9BA6597}.Release|x86.ActiveCfg = Release|Any CPU
		{7CEB564C-C69A-43C4-8F38-52B9E9BA6597}.Release|x86.Build.0 = Release|Any CPU
		{90619CA6-48C2-4BC5-AA8E-9D4D5C31F6DB}.Debug|Any CPU.ActiveCfg = Debug|Any CPU
		{90619CA6-48C2-4BC5-AA8E-9D4D5C31F6DB}.Debug|Any CPU.Build.0 = Debug|Any CPU
		{90619CA6-48C2-4BC5-AA8E-9D4D5C31F6DB}.Debug|x64.ActiveCfg = Debug|Any CPU
		{90619CA6-48C2-4BC5-AA8E-9D4D5C31F6DB}.Debug|x64.Build.0 = Debug|Any CPU
		{90619CA6-48C2-4BC5-AA8E-9D4D5C31F6DB}.Debug|x86.ActiveCfg = Debug|Any CPU
		{90619CA6-48C2-4BC5-AA8E-9D4D5C31F6DB}.Debug|x86.Build.0 = Debug|Any CPU
		{90619CA6-48C2-4BC5-AA8E-9D4D5C31F6DB}.Release|Any CPU.ActiveCfg = Release|Any CPU
		{90619CA6-48C2-4BC5-AA8E-9D4D5C31F6DB}.Release|Any CPU.Build.0 = Release|Any CPU
		{90619CA6-48C2-4BC5-AA8E-9D4D5C31F6DB}.Release|x64.ActiveCfg = Release|Any CPU
		{90619CA6-48C2-4BC5-AA8E-9D4D5C31F6DB}.Release|x64.Build.0 = Release|Any CPU
		{90619CA6-48C2-4BC5-AA8E-9D4D5C31F6DB}.Release|x86.ActiveCfg = Release|Any CPU
		{90619CA6-48C2-4BC5-AA8E-9D4D5C31F6DB}.Release|x86.Build.0 = Release|Any CPU
	EndGlobalSection
	GlobalSection(SolutionProperties) = preSolution
		HideSolutionNode = FALSE
	EndGlobalSection
	GlobalSection(NestedProjects) = preSolution
		{81C57726-7940-4739-94C4-5F11A7E33867} = {BBC9F78B-FCA3-4E8B-BE69-DFF8533377E7}
		{DF2D0A93-CE45-4617-BD65-DE132D384025} = {BBC9F78B-FCA3-4E8B-BE69-DFF8533377E7}
		{4EC4B3AB-3177-4801-89C7-E8D22E639C63} = {D7059831-CCB9-41AA-9EAF-0F0EED485003}
		{8329BEAA-2326-4D50-BD4D-4149C5E0CF43} = {D7059831-CCB9-41AA-9EAF-0F0EED485003}
		{0C6046CC-45D1-484A-8B30-B6959F7939A7} = {C3460F09-1BF9-4B62-817C-C424A955B27C}
		{B8D078FD-0D05-493D-950C-38969A2BDE59} = {C3460F09-1BF9-4B62-817C-C424A955B27C}
		{A15EF953-29DA-4E15-94BB-1BBDF97CA1DE} = {4E58D432-9D7F-4719-B15B-4E334A478D14}
		{AB69777C-A497-434A-A4A3-30BF7C1EF4A6} = {BBC9F78B-FCA3-4E8B-BE69-DFF8533377E7}
		{C4BF9075-3554-4668-BD4E-8009D052366E} = {4E58D432-9D7F-4719-B15B-4E334A478D14}
		{7CEB564C-C69A-43C4-8F38-52B9E9BA6597} = {4E58D432-9D7F-4719-B15B-4E334A478D14}
		{90619CA6-48C2-4BC5-AA8E-9D4D5C31F6DB} = {4E58D432-9D7F-4719-B15B-4E334A478D14}
		{4E58D432-9D7F-4719-B15B-4E334A478D14} = {AB69777C-A497-434A-A4A3-30BF7C1EF4A6}
	EndGlobalSection
	GlobalSection(ExtensibilityGlobals) = postSolution
		SolutionGuid = {C7E850AC-B423-49A9-8D5E-6B21CA22F615}
	EndGlobalSection
EndGlobal
