
Microsoft Visual Studio Solution File, Format Version 12.00
# Visual Studio Version 16
VisualStudioVersion = 16.6.30114.105
MinimumVisualStudioVersion = 10.0.40219.1
Project("{2150E333-8FDC-42A3-9474-1A3956D46DE8}") = "src", "src", "{A0B8C694-0815-46C4-ABE6-7EDAEDCA3295}"
EndProject
Project("{FAE04EC0-301F-11D3-BF4B-00C04F79EFBC}") = "Xenial.Framework", "src\Xenial.Framework\Xenial.Framework.csproj", "{B1A1465A-6E53-436C-9EC8-58D7E12F4B7E}"
EndProject
Project("{FAE04EC0-301F-11D3-BF4B-00C04F79EFBC}") = "Xenial.Framework.Badges", "src\Xenial.Framework.Badges\Xenial.Framework.Badges.csproj", "{E42F0D9C-E8AB-4008-BBB4-C28AC429DEED}"
EndProject
Project("{FAE04EC0-301F-11D3-BF4B-00C04F79EFBC}") = "Xenial.Framework.Badges.Blazor", "src\Xenial.Framework.Badges.Blazor\Xenial.Framework.Badges.Blazor.csproj", "{BD1EFB3C-2732-40CF-91E1-F87F4EAE2A3B}"
EndProject
Project("{FAE04EC0-301F-11D3-BF4B-00C04F79EFBC}") = "Xenial.Framework.Lab", "src\Xenial.Framework.Lab\Xenial.Framework.Lab.csproj", "{26547BFA-FED4-4B50-8EDE-7907D0A3A1F4}"
EndProject
Project("{FAE04EC0-301F-11D3-BF4B-00C04F79EFBC}") = "Xenial.Framework.Lab.Blazor", "src\Xenial.Framework.Lab.Blazor\Xenial.Framework.Lab.Blazor.csproj", "{0E6D6E14-3CDD-400C-80FA-A812C1DA6BEA}"
EndProject
Project("{FAE04EC0-301F-11D3-BF4B-00C04F79EFBC}") = "Xenial.Framework.StepProgressEditors", "src\Xenial.Framework.StepProgressEditors\Xenial.Framework.StepProgressEditors.csproj", "{50CF8E38-02E6-4CCF-9B6B-A09C58BAF20D}"
EndProject
Project("{FAE04EC0-301F-11D3-BF4B-00C04F79EFBC}") = "Xenial.Framework.TokenEditors", "src\Xenial.Framework.TokenEditors\Xenial.Framework.TokenEditors.csproj", "{9E815FDF-5125-47CF-9F95-F5BCB413701E}"
EndProject
Project("{FAE04EC0-301F-11D3-BF4B-00C04F79EFBC}") = "Xenial.Framework.TokenEditors.Blazor", "src\Xenial.Framework.TokenEditors.Blazor\Xenial.Framework.TokenEditors.Blazor.csproj", "{4EA08FDC-1826-4B6E-851E-C795BA168F3E}"
EndProject
Project("{FAE04EC0-301F-11D3-BF4B-00C04F79EFBC}") = "Xenial.Framework.WebView", "src\Xenial.Framework.WebView\Xenial.Framework.WebView.csproj", "{1C7AFF74-2A44-4C76-93C3-ADC362A56B97}"
EndProject
Project("{FAE04EC0-301F-11D3-BF4B-00C04F79EFBC}") = "Xenial.Framework.WebView.Blazor", "src\Xenial.Framework.WebView.Blazor\Xenial.Framework.WebView.Blazor.csproj", "{AE378CBF-50C8-4AB1-A7DA-A47DB4A09EF8}"
EndProject
Project("{FAE04EC0-301F-11D3-BF4B-00C04F79EFBC}") = "Xenial.Framework.Xpo", "src\Xenial.Framework.Xpo\Xenial.Framework.Xpo.csproj", "{8C1BE30A-7283-483C-AEF4-3246F7B35719}"
EndProject
Project("{2150E333-8FDC-42A3-9474-1A3956D46DE8}") = "test", "test", "{A9711D30-9746-4B0E-BEA0-D7187FB4F1A0}"
EndProject
Project("{FAE04EC0-301F-11D3-BF4B-00C04F79EFBC}") = "Xenial.Framework.Tests", "test\Xenial.Framework.Tests\Xenial.Framework.Tests.csproj", "{160D4494-5565-4028-A49F-A89E0C40547C}"
EndProject
Global
	GlobalSection(SolutionConfigurationPlatforms) = preSolution
		Debug|Any CPU = Debug|Any CPU
		Debug|x64 = Debug|x64
		Debug|x86 = Debug|x86
		Release|Any CPU = Release|Any CPU
		Release|x64 = Release|x64
		Release|x86 = Release|x86
	EndGlobalSection
	GlobalSection(SolutionProperties) = preSolution
		HideSolutionNode = FALSE
	EndGlobalSection
	GlobalSection(ProjectConfigurationPlatforms) = postSolution
		{B1A1465A-6E53-436C-9EC8-58D7E12F4B7E}.Debug|Any CPU.ActiveCfg = Debug|Any CPU
		{B1A1465A-6E53-436C-9EC8-58D7E12F4B7E}.Debug|Any CPU.Build.0 = Debug|Any CPU
		{B1A1465A-6E53-436C-9EC8-58D7E12F4B7E}.Debug|x64.ActiveCfg = Debug|Any CPU
		{B1A1465A-6E53-436C-9EC8-58D7E12F4B7E}.Debug|x64.Build.0 = Debug|Any CPU
		{B1A1465A-6E53-436C-9EC8-58D7E12F4B7E}.Debug|x86.ActiveCfg = Debug|Any CPU
		{B1A1465A-6E53-436C-9EC8-58D7E12F4B7E}.Debug|x86.Build.0 = Debug|Any CPU
		{B1A1465A-6E53-436C-9EC8-58D7E12F4B7E}.Release|Any CPU.ActiveCfg = Release|Any CPU
		{B1A1465A-6E53-436C-9EC8-58D7E12F4B7E}.Release|Any CPU.Build.0 = Release|Any CPU
		{B1A1465A-6E53-436C-9EC8-58D7E12F4B7E}.Release|x64.ActiveCfg = Release|Any CPU
		{B1A1465A-6E53-436C-9EC8-58D7E12F4B7E}.Release|x64.Build.0 = Release|Any CPU
		{B1A1465A-6E53-436C-9EC8-58D7E12F4B7E}.Release|x86.ActiveCfg = Release|Any CPU
		{B1A1465A-6E53-436C-9EC8-58D7E12F4B7E}.Release|x86.Build.0 = Release|Any CPU
		{E42F0D9C-E8AB-4008-BBB4-C28AC429DEED}.Debug|Any CPU.ActiveCfg = Debug|Any CPU
		{E42F0D9C-E8AB-4008-BBB4-C28AC429DEED}.Debug|Any CPU.Build.0 = Debug|Any CPU
		{E42F0D9C-E8AB-4008-BBB4-C28AC429DEED}.Debug|x64.ActiveCfg = Debug|Any CPU
		{E42F0D9C-E8AB-4008-BBB4-C28AC429DEED}.Debug|x64.Build.0 = Debug|Any CPU
		{E42F0D9C-E8AB-4008-BBB4-C28AC429DEED}.Debug|x86.ActiveCfg = Debug|Any CPU
		{E42F0D9C-E8AB-4008-BBB4-C28AC429DEED}.Debug|x86.Build.0 = Debug|Any CPU
		{E42F0D9C-E8AB-4008-BBB4-C28AC429DEED}.Release|Any CPU.ActiveCfg = Release|Any CPU
		{E42F0D9C-E8AB-4008-BBB4-C28AC429DEED}.Release|Any CPU.Build.0 = Release|Any CPU
		{E42F0D9C-E8AB-4008-BBB4-C28AC429DEED}.Release|x64.ActiveCfg = Release|Any CPU
		{E42F0D9C-E8AB-4008-BBB4-C28AC429DEED}.Release|x64.Build.0 = Release|Any CPU
		{E42F0D9C-E8AB-4008-BBB4-C28AC429DEED}.Release|x86.ActiveCfg = Release|Any CPU
		{E42F0D9C-E8AB-4008-BBB4-C28AC429DEED}.Release|x86.Build.0 = Release|Any CPU
		{BD1EFB3C-2732-40CF-91E1-F87F4EAE2A3B}.Debug|Any CPU.ActiveCfg = Debug|Any CPU
		{BD1EFB3C-2732-40CF-91E1-F87F4EAE2A3B}.Debug|Any CPU.Build.0 = Debug|Any CPU
		{BD1EFB3C-2732-40CF-91E1-F87F4EAE2A3B}.Debug|x64.ActiveCfg = Debug|Any CPU
		{BD1EFB3C-2732-40CF-91E1-F87F4EAE2A3B}.Debug|x64.Build.0 = Debug|Any CPU
		{BD1EFB3C-2732-40CF-91E1-F87F4EAE2A3B}.Debug|x86.ActiveCfg = Debug|Any CPU
		{BD1EFB3C-2732-40CF-91E1-F87F4EAE2A3B}.Debug|x86.Build.0 = Debug|Any CPU
		{BD1EFB3C-2732-40CF-91E1-F87F4EAE2A3B}.Release|Any CPU.ActiveCfg = Release|Any CPU
		{BD1EFB3C-2732-40CF-91E1-F87F4EAE2A3B}.Release|Any CPU.Build.0 = Release|Any CPU
		{BD1EFB3C-2732-40CF-91E1-F87F4EAE2A3B}.Release|x64.ActiveCfg = Release|Any CPU
		{BD1EFB3C-2732-40CF-91E1-F87F4EAE2A3B}.Release|x64.Build.0 = Release|Any CPU
		{BD1EFB3C-2732-40CF-91E1-F87F4EAE2A3B}.Release|x86.ActiveCfg = Release|Any CPU
		{BD1EFB3C-2732-40CF-91E1-F87F4EAE2A3B}.Release|x86.Build.0 = Release|Any CPU
		{26547BFA-FED4-4B50-8EDE-7907D0A3A1F4}.Debug|Any CPU.ActiveCfg = Debug|Any CPU
		{26547BFA-FED4-4B50-8EDE-7907D0A3A1F4}.Debug|Any CPU.Build.0 = Debug|Any CPU
		{26547BFA-FED4-4B50-8EDE-7907D0A3A1F4}.Debug|x64.ActiveCfg = Debug|Any CPU
		{26547BFA-FED4-4B50-8EDE-7907D0A3A1F4}.Debug|x64.Build.0 = Debug|Any CPU
		{26547BFA-FED4-4B50-8EDE-7907D0A3A1F4}.Debug|x86.ActiveCfg = Debug|Any CPU
		{26547BFA-FED4-4B50-8EDE-7907D0A3A1F4}.Debug|x86.Build.0 = Debug|Any CPU
		{26547BFA-FED4-4B50-8EDE-7907D0A3A1F4}.Release|Any CPU.ActiveCfg = Release|Any CPU
		{26547BFA-FED4-4B50-8EDE-7907D0A3A1F4}.Release|Any CPU.Build.0 = Release|Any CPU
		{26547BFA-FED4-4B50-8EDE-7907D0A3A1F4}.Release|x64.ActiveCfg = Release|Any CPU
		{26547BFA-FED4-4B50-8EDE-7907D0A3A1F4}.Release|x64.Build.0 = Release|Any CPU
		{26547BFA-FED4-4B50-8EDE-7907D0A3A1F4}.Release|x86.ActiveCfg = Release|Any CPU
		{26547BFA-FED4-4B50-8EDE-7907D0A3A1F4}.Release|x86.Build.0 = Release|Any CPU
		{0E6D6E14-3CDD-400C-80FA-A812C1DA6BEA}.Debug|Any CPU.ActiveCfg = Debug|Any CPU
		{0E6D6E14-3CDD-400C-80FA-A812C1DA6BEA}.Debug|Any CPU.Build.0 = Debug|Any CPU
		{0E6D6E14-3CDD-400C-80FA-A812C1DA6BEA}.Debug|x64.ActiveCfg = Debug|Any CPU
		{0E6D6E14-3CDD-400C-80FA-A812C1DA6BEA}.Debug|x64.Build.0 = Debug|Any CPU
		{0E6D6E14-3CDD-400C-80FA-A812C1DA6BEA}.Debug|x86.ActiveCfg = Debug|Any CPU
		{0E6D6E14-3CDD-400C-80FA-A812C1DA6BEA}.Debug|x86.Build.0 = Debug|Any CPU
		{0E6D6E14-3CDD-400C-80FA-A812C1DA6BEA}.Release|Any CPU.ActiveCfg = Release|Any CPU
		{0E6D6E14-3CDD-400C-80FA-A812C1DA6BEA}.Release|Any CPU.Build.0 = Release|Any CPU
		{0E6D6E14-3CDD-400C-80FA-A812C1DA6BEA}.Release|x64.ActiveCfg = Release|Any CPU
		{0E6D6E14-3CDD-400C-80FA-A812C1DA6BEA}.Release|x64.Build.0 = Release|Any CPU
		{0E6D6E14-3CDD-400C-80FA-A812C1DA6BEA}.Release|x86.ActiveCfg = Release|Any CPU
		{0E6D6E14-3CDD-400C-80FA-A812C1DA6BEA}.Release|x86.Build.0 = Release|Any CPU
		{50CF8E38-02E6-4CCF-9B6B-A09C58BAF20D}.Debug|Any CPU.ActiveCfg = Debug|Any CPU
		{50CF8E38-02E6-4CCF-9B6B-A09C58BAF20D}.Debug|Any CPU.Build.0 = Debug|Any CPU
		{50CF8E38-02E6-4CCF-9B6B-A09C58BAF20D}.Debug|x64.ActiveCfg = Debug|Any CPU
		{50CF8E38-02E6-4CCF-9B6B-A09C58BAF20D}.Debug|x64.Build.0 = Debug|Any CPU
		{50CF8E38-02E6-4CCF-9B6B-A09C58BAF20D}.Debug|x86.ActiveCfg = Debug|Any CPU
		{50CF8E38-02E6-4CCF-9B6B-A09C58BAF20D}.Debug|x86.Build.0 = Debug|Any CPU
		{50CF8E38-02E6-4CCF-9B6B-A09C58BAF20D}.Release|Any CPU.ActiveCfg = Release|Any CPU
		{50CF8E38-02E6-4CCF-9B6B-A09C58BAF20D}.Release|Any CPU.Build.0 = Release|Any CPU
		{50CF8E38-02E6-4CCF-9B6B-A09C58BAF20D}.Release|x64.ActiveCfg = Release|Any CPU
		{50CF8E38-02E6-4CCF-9B6B-A09C58BAF20D}.Release|x64.Build.0 = Release|Any CPU
		{50CF8E38-02E6-4CCF-9B6B-A09C58BAF20D}.Release|x86.ActiveCfg = Release|Any CPU
		{50CF8E38-02E6-4CCF-9B6B-A09C58BAF20D}.Release|x86.Build.0 = Release|Any CPU
		{9E815FDF-5125-47CF-9F95-F5BCB413701E}.Debug|Any CPU.ActiveCfg = Debug|Any CPU
		{9E815FDF-5125-47CF-9F95-F5BCB413701E}.Debug|Any CPU.Build.0 = Debug|Any CPU
		{9E815FDF-5125-47CF-9F95-F5BCB413701E}.Debug|x64.ActiveCfg = Debug|Any CPU
		{9E815FDF-5125-47CF-9F95-F5BCB413701E}.Debug|x64.Build.0 = Debug|Any CPU
		{9E815FDF-5125-47CF-9F95-F5BCB413701E}.Debug|x86.ActiveCfg = Debug|Any CPU
		{9E815FDF-5125-47CF-9F95-F5BCB413701E}.Debug|x86.Build.0 = Debug|Any CPU
		{9E815FDF-5125-47CF-9F95-F5BCB413701E}.Release|Any CPU.ActiveCfg = Release|Any CPU
		{9E815FDF-5125-47CF-9F95-F5BCB413701E}.Release|Any CPU.Build.0 = Release|Any CPU
		{9E815FDF-5125-47CF-9F95-F5BCB413701E}.Release|x64.ActiveCfg = Release|Any CPU
		{9E815FDF-5125-47CF-9F95-F5BCB413701E}.Release|x64.Build.0 = Release|Any CPU
		{9E815FDF-5125-47CF-9F95-F5BCB413701E}.Release|x86.ActiveCfg = Release|Any CPU
		{9E815FDF-5125-47CF-9F95-F5BCB413701E}.Release|x86.Build.0 = Release|Any CPU
		{4EA08FDC-1826-4B6E-851E-C795BA168F3E}.Debug|Any CPU.ActiveCfg = Debug|Any CPU
		{4EA08FDC-1826-4B6E-851E-C795BA168F3E}.Debug|Any CPU.Build.0 = Debug|Any CPU
		{4EA08FDC-1826-4B6E-851E-C795BA168F3E}.Debug|x64.ActiveCfg = Debug|Any CPU
		{4EA08FDC-1826-4B6E-851E-C795BA168F3E}.Debug|x64.Build.0 = Debug|Any CPU
		{4EA08FDC-1826-4B6E-851E-C795BA168F3E}.Debug|x86.ActiveCfg = Debug|Any CPU
		{4EA08FDC-1826-4B6E-851E-C795BA168F3E}.Debug|x86.Build.0 = Debug|Any CPU
		{4EA08FDC-1826-4B6E-851E-C795BA168F3E}.Release|Any CPU.ActiveCfg = Release|Any CPU
		{4EA08FDC-1826-4B6E-851E-C795BA168F3E}.Release|Any CPU.Build.0 = Release|Any CPU
		{4EA08FDC-1826-4B6E-851E-C795BA168F3E}.Release|x64.ActiveCfg = Release|Any CPU
		{4EA08FDC-1826-4B6E-851E-C795BA168F3E}.Release|x64.Build.0 = Release|Any CPU
		{4EA08FDC-1826-4B6E-851E-C795BA168F3E}.Release|x86.ActiveCfg = Release|Any CPU
		{4EA08FDC-1826-4B6E-851E-C795BA168F3E}.Release|x86.Build.0 = Release|Any CPU
		{1C7AFF74-2A44-4C76-93C3-ADC362A56B97}.Debug|Any CPU.ActiveCfg = Debug|Any CPU
		{1C7AFF74-2A44-4C76-93C3-ADC362A56B97}.Debug|Any CPU.Build.0 = Debug|Any CPU
		{1C7AFF74-2A44-4C76-93C3-ADC362A56B97}.Debug|x64.ActiveCfg = Debug|Any CPU
		{1C7AFF74-2A44-4C76-93C3-ADC362A56B97}.Debug|x64.Build.0 = Debug|Any CPU
		{1C7AFF74-2A44-4C76-93C3-ADC362A56B97}.Debug|x86.ActiveCfg = Debug|Any CPU
		{1C7AFF74-2A44-4C76-93C3-ADC362A56B97}.Debug|x86.Build.0 = Debug|Any CPU
		{1C7AFF74-2A44-4C76-93C3-ADC362A56B97}.Release|Any CPU.ActiveCfg = Release|Any CPU
		{1C7AFF74-2A44-4C76-93C3-ADC362A56B97}.Release|Any CPU.Build.0 = Release|Any CPU
		{1C7AFF74-2A44-4C76-93C3-ADC362A56B97}.Release|x64.ActiveCfg = Release|Any CPU
		{1C7AFF74-2A44-4C76-93C3-ADC362A56B97}.Release|x64.Build.0 = Release|Any CPU
		{1C7AFF74-2A44-4C76-93C3-ADC362A56B97}.Release|x86.ActiveCfg = Release|Any CPU
		{1C7AFF74-2A44-4C76-93C3-ADC362A56B97}.Release|x86.Build.0 = Release|Any CPU
		{AE378CBF-50C8-4AB1-A7DA-A47DB4A09EF8}.Debug|Any CPU.ActiveCfg = Debug|Any CPU
		{AE378CBF-50C8-4AB1-A7DA-A47DB4A09EF8}.Debug|Any CPU.Build.0 = Debug|Any CPU
		{AE378CBF-50C8-4AB1-A7DA-A47DB4A09EF8}.Debug|x64.ActiveCfg = Debug|Any CPU
		{AE378CBF-50C8-4AB1-A7DA-A47DB4A09EF8}.Debug|x64.Build.0 = Debug|Any CPU
		{AE378CBF-50C8-4AB1-A7DA-A47DB4A09EF8}.Debug|x86.ActiveCfg = Debug|Any CPU
		{AE378CBF-50C8-4AB1-A7DA-A47DB4A09EF8}.Debug|x86.Build.0 = Debug|Any CPU
		{AE378CBF-50C8-4AB1-A7DA-A47DB4A09EF8}.Release|Any CPU.ActiveCfg = Release|Any CPU
		{AE378CBF-50C8-4AB1-A7DA-A47DB4A09EF8}.Release|Any CPU.Build.0 = Release|Any CPU
		{AE378CBF-50C8-4AB1-A7DA-A47DB4A09EF8}.Release|x64.ActiveCfg = Release|Any CPU
		{AE378CBF-50C8-4AB1-A7DA-A47DB4A09EF8}.Release|x64.Build.0 = Release|Any CPU
		{AE378CBF-50C8-4AB1-A7DA-A47DB4A09EF8}.Release|x86.ActiveCfg = Release|Any CPU
		{AE378CBF-50C8-4AB1-A7DA-A47DB4A09EF8}.Release|x86.Build.0 = Release|Any CPU
		{8C1BE30A-7283-483C-AEF4-3246F7B35719}.Debug|Any CPU.ActiveCfg = Debug|Any CPU
		{8C1BE30A-7283-483C-AEF4-3246F7B35719}.Debug|Any CPU.Build.0 = Debug|Any CPU
		{8C1BE30A-7283-483C-AEF4-3246F7B35719}.Debug|x64.ActiveCfg = Debug|Any CPU
		{8C1BE30A-7283-483C-AEF4-3246F7B35719}.Debug|x64.Build.0 = Debug|Any CPU
		{8C1BE30A-7283-483C-AEF4-3246F7B35719}.Debug|x86.ActiveCfg = Debug|Any CPU
		{8C1BE30A-7283-483C-AEF4-3246F7B35719}.Debug|x86.Build.0 = Debug|Any CPU
		{8C1BE30A-7283-483C-AEF4-3246F7B35719}.Release|Any CPU.ActiveCfg = Release|Any CPU
		{8C1BE30A-7283-483C-AEF4-3246F7B35719}.Release|Any CPU.Build.0 = Release|Any CPU
		{8C1BE30A-7283-483C-AEF4-3246F7B35719}.Release|x64.ActiveCfg = Release|Any CPU
		{8C1BE30A-7283-483C-AEF4-3246F7B35719}.Release|x64.Build.0 = Release|Any CPU
		{8C1BE30A-7283-483C-AEF4-3246F7B35719}.Release|x86.ActiveCfg = Release|Any CPU
		{8C1BE30A-7283-483C-AEF4-3246F7B35719}.Release|x86.Build.0 = Release|Any CPU
		{160D4494-5565-4028-A49F-A89E0C40547C}.Debug|Any CPU.ActiveCfg = Debug|Any CPU
		{160D4494-5565-4028-A49F-A89E0C40547C}.Debug|Any CPU.Build.0 = Debug|Any CPU
		{160D4494-5565-4028-A49F-A89E0C40547C}.Debug|x64.ActiveCfg = Debug|Any CPU
		{160D4494-5565-4028-A49F-A89E0C40547C}.Debug|x64.Build.0 = Debug|Any CPU
		{160D4494-5565-4028-A49F-A89E0C40547C}.Debug|x86.ActiveCfg = Debug|Any CPU
		{160D4494-5565-4028-A49F-A89E0C40547C}.Debug|x86.Build.0 = Debug|Any CPU
		{160D4494-5565-4028-A49F-A89E0C40547C}.Release|Any CPU.ActiveCfg = Release|Any CPU
		{160D4494-5565-4028-A49F-A89E0C40547C}.Release|Any CPU.Build.0 = Release|Any CPU
		{160D4494-5565-4028-A49F-A89E0C40547C}.Release|x64.ActiveCfg = Release|Any CPU
		{160D4494-5565-4028-A49F-A89E0C40547C}.Release|x64.Build.0 = Release|Any CPU
		{160D4494-5565-4028-A49F-A89E0C40547C}.Release|x86.ActiveCfg = Release|Any CPU
		{160D4494-5565-4028-A49F-A89E0C40547C}.Release|x86.Build.0 = Release|Any CPU
	EndGlobalSection
	GlobalSection(NestedProjects) = preSolution
		{B1A1465A-6E53-436C-9EC8-58D7E12F4B7E} = {A0B8C694-0815-46C4-ABE6-7EDAEDCA3295}
		{E42F0D9C-E8AB-4008-BBB4-C28AC429DEED} = {A0B8C694-0815-46C4-ABE6-7EDAEDCA3295}
		{BD1EFB3C-2732-40CF-91E1-F87F4EAE2A3B} = {A0B8C694-0815-46C4-ABE6-7EDAEDCA3295}
		{26547BFA-FED4-4B50-8EDE-7907D0A3A1F4} = {A0B8C694-0815-46C4-ABE6-7EDAEDCA3295}
		{0E6D6E14-3CDD-400C-80FA-A812C1DA6BEA} = {A0B8C694-0815-46C4-ABE6-7EDAEDCA3295}
		{50CF8E38-02E6-4CCF-9B6B-A09C58BAF20D} = {A0B8C694-0815-46C4-ABE6-7EDAEDCA3295}
		{9E815FDF-5125-47CF-9F95-F5BCB413701E} = {A0B8C694-0815-46C4-ABE6-7EDAEDCA3295}
		{4EA08FDC-1826-4B6E-851E-C795BA168F3E} = {A0B8C694-0815-46C4-ABE6-7EDAEDCA3295}
		{1C7AFF74-2A44-4C76-93C3-ADC362A56B97} = {A0B8C694-0815-46C4-ABE6-7EDAEDCA3295}
		{AE378CBF-50C8-4AB1-A7DA-A47DB4A09EF8} = {A0B8C694-0815-46C4-ABE6-7EDAEDCA3295}
		{8C1BE30A-7283-483C-AEF4-3246F7B35719} = {A0B8C694-0815-46C4-ABE6-7EDAEDCA3295}
		{160D4494-5565-4028-A49F-A89E0C40547C} = {A9711D30-9746-4B0E-BEA0-D7187FB4F1A0}
	EndGlobalSection
EndGlobal
