
Microsoft Visual Studio Solution File, Format Version 12.00
# Visual Studio Version 16
VisualStudioVersion = 16.0.30803.129
MinimumVisualStudioVersion = 15.0.26124.0
Project("{2150E333-8FDC-42A3-9474-1A3956D46DE8}") = "FeatureCenter", "FeatureCenter", "{4A8CB7A6-B904-4614-82CD-9A87260EC675}"
	ProjectSection(SolutionItems) = preProject
		FeatureCenter\Directory.Build.props = FeatureCenter\Directory.Build.props
	EndProjectSection
EndProject
Project("{9A19103F-16F7-4668-BE54-9A1E7A4F7556}") = "Xenial.FeatureCenter.Module", "FeatureCenter\Xenial.FeatureCenter.Module\Xenial.FeatureCenter.Module.csproj", "{AE42B7F0-83C7-440D-9D20-25E0FD86991C}"
EndProject
Project("{9A19103F-16F7-4668-BE54-9A1E7A4F7556}") = "Xenial.FeatureCenter.Module.Win", "FeatureCenter\Xenial.FeatureCenter.Module.Win\Xenial.FeatureCenter.Module.Win.csproj", "{DF9886A6-15C6-40CB-98A4-405D65B6172A}"
EndProject
Project("{9A19103F-16F7-4668-BE54-9A1E7A4F7556}") = "Xenial.FeatureCenter.Win", "FeatureCenter\Xenial.FeatureCenter.Win\Xenial.FeatureCenter.Win.csproj", "{E897820D-F2F2-4F24-BF9C-FF83B3DFF73C}"
EndProject
Project("{2150E333-8FDC-42A3-9474-1A3956D46DE8}") = "Solution Items", "Solution Items", "{FD21E976-C668-40CB-9AF1-554E745176C5}"
	ProjectSection(SolutionItems) = preProject
		Directory.Build.props = Directory.Build.props
	EndProjectSection
EndProject
Project("{2150E333-8FDC-42A3-9474-1A3956D46DE8}") = "src", "src", "{0C10E816-F485-466A-A168-2098DE482F9A}"
EndProject
Project("{9A19103F-16F7-4668-BE54-9A1E7A4F7556}") = "Xenial.Framework", "..\src\Xenial.Framework\Xenial.Framework.csproj", "{7B21939B-51C5-4EBF-A7CC-147BA9C1A136}"
EndProject
Project("{9A19103F-16F7-4668-BE54-9A1E7A4F7556}") = "Xenial.Framework.WebView", "..\src\Xenial.Framework.WebView\Xenial.Framework.WebView.csproj", "{007CFB14-6A8C-490B-BF99-E27D40024D81}"
EndProject
Project("{9A19103F-16F7-4668-BE54-9A1E7A4F7556}") = "Xenial.Framework.TokenEditors", "..\src\Xenial.Framework.TokenEditors\Xenial.Framework.TokenEditors.csproj", "{F80D0FF8-0BD6-4E2C-909A-3D4A10CA2738}"
EndProject
Project("{9A19103F-16F7-4668-BE54-9A1E7A4F7556}") = "Xenial.Framework.TokenEditors.Win", "..\src\Xenial.Framework.TokenEditors.Win\Xenial.Framework.TokenEditors.Win.csproj", "{D5858DF9-466D-4A0A-B9FF-4F783B9D1B6F}"
EndProject
Project("{9A19103F-16F7-4668-BE54-9A1E7A4F7556}") = "Xenial.Framework.WebView.Win", "..\src\Xenial.Framework.WebView.Win\Xenial.Framework.WebView.Win.csproj", "{F28DBCF9-460D-4C1B-9E1D-5000C40209B9}"
EndProject
Project("{9A19103F-16F7-4668-BE54-9A1E7A4F7556}") = "Xenial.Framework.Win", "..\src\Xenial.Framework.Win\Xenial.Framework.Win.csproj", "{926E4D46-B830-4104-92AD-732B1518562B}"
EndProject
Project("{9A19103F-16F7-4668-BE54-9A1E7A4F7556}") = "Xenial.Framework.Xpo", "..\src\Xenial.Framework.Xpo\Xenial.Framework.Xpo.csproj", "{64F29AD4-AF22-467F-9B56-3A99F71AC5CB}"
EndProject
Project("{9A19103F-16F7-4668-BE54-9A1E7A4F7556}") = "Xenial.FeatureCenter.Module.Blazor", "FeatureCenter\Xenial.FeatureCenter.Module.Blazor\Xenial.FeatureCenter.Module.Blazor.csproj", "{3A151D2A-5421-4436-A03E-F9E790160D13}"
EndProject
Project("{9A19103F-16F7-4668-BE54-9A1E7A4F7556}") = "Xenial.FeatureCenter.Blazor.Server", "FeatureCenter\Xenial.FeatureCenter.Blazor.Server\Xenial.FeatureCenter.Blazor.Server.csproj", "{5097985E-ED82-414D-B140-8E229BEC7828}"
EndProject
Project("{9A19103F-16F7-4668-BE54-9A1E7A4F7556}") = "Xenial.Framework.Blazor", "..\src\Xenial.Framework.Blazor\Xenial.Framework.Blazor.csproj", "{7C7AECED-B67D-4961-9CB2-1C0415ADFC54}"
EndProject
Project("{9A19103F-16F7-4668-BE54-9A1E7A4F7556}") = "Xenial.Framework.TokenEditors.Blazor", "..\src\Xenial.Framework.TokenEditors.Blazor\Xenial.Framework.TokenEditors.Blazor.csproj", "{7C51C03F-9379-4446-80DE-C4A54D503AB4}"
EndProject
Project("{9A19103F-16F7-4668-BE54-9A1E7A4F7556}") = "Xenial.Framework.StepProgressEditors", "..\src\Xenial.Framework.StepProgressEditors\Xenial.Framework.StepProgressEditors.csproj", "{F990D3E3-11DC-4BF2-9DE2-5D7921C91AD1}"
EndProject
Project("{9A19103F-16F7-4668-BE54-9A1E7A4F7556}") = "Xenial.Framework.StepProgressEditors.Win", "..\src\Xenial.Framework.StepProgressEditors.Win\Xenial.Framework.StepProgressEditors.Win.csproj", "{14165F95-E034-4D0D-8A8B-2023C5DFA33A}"
EndProject
Project("{9A19103F-16F7-4668-BE54-9A1E7A4F7556}") = "Xenial.Framework.WebView.Blazor", "..\src\Xenial.Framework.WebView.Blazor\Xenial.Framework.WebView.Blazor.csproj", "{482ED609-66B6-4FCC-8411-056875DC752C}"
EndProject
Project("{9A19103F-16F7-4668-BE54-9A1E7A4F7556}") = "Xenial.Framework.Badges", "..\src\Xenial.Framework.Badges\Xenial.Framework.Badges.csproj", "{AEBCC303-640F-47C8-8B6D-612C921CBB02}"
EndProject
Project("{9A19103F-16F7-4668-BE54-9A1E7A4F7556}") = "Xenial.Framework.Badges.Blazor", "..\src\Xenial.Framework.Badges.Blazor\Xenial.Framework.Badges.Blazor.csproj", "{310C2139-A283-44A9-8C45-8A6EB075AE32}"
EndProject
Project("{9A19103F-16F7-4668-BE54-9A1E7A4F7556}") = "Xenial.Framework.Badges.Win", "..\src\Xenial.Framework.Badges.Win\Xenial.Framework.Badges.Win.csproj", "{74A6B5EE-4C28-4FEC-A10C-3B6FC8BF3C3F}"
EndProject
Global
	GlobalSection(SolutionConfigurationPlatforms) = preSolution
		Debug|Any CPU = Debug|Any CPU
		Debug|x64 = Debug|x64
		Debug|x86 = Debug|x86
		Release|Any CPU = Release|Any CPU
		Release|x64 = Release|x64
		Release|x86 = Release|x86
	EndGlobalSection
	GlobalSection(ProjectConfigurationPlatforms) = postSolution
		{AE42B7F0-83C7-440D-9D20-25E0FD86991C}.Debug|Any CPU.ActiveCfg = Debug|Any CPU
		{AE42B7F0-83C7-440D-9D20-25E0FD86991C}.Debug|Any CPU.Build.0 = Debug|Any CPU
		{AE42B7F0-83C7-440D-9D20-25E0FD86991C}.Debug|x64.ActiveCfg = Debug|Any CPU
		{AE42B7F0-83C7-440D-9D20-25E0FD86991C}.Debug|x64.Build.0 = Debug|Any CPU
		{AE42B7F0-83C7-440D-9D20-25E0FD86991C}.Debug|x86.ActiveCfg = Debug|Any CPU
		{AE42B7F0-83C7-440D-9D20-25E0FD86991C}.Debug|x86.Build.0 = Debug|Any CPU
		{AE42B7F0-83C7-440D-9D20-25E0FD86991C}.Release|Any CPU.ActiveCfg = Release|Any CPU
		{AE42B7F0-83C7-440D-9D20-25E0FD86991C}.Release|Any CPU.Build.0 = Release|Any CPU
		{AE42B7F0-83C7-440D-9D20-25E0FD86991C}.Release|x64.ActiveCfg = Release|Any CPU
		{AE42B7F0-83C7-440D-9D20-25E0FD86991C}.Release|x64.Build.0 = Release|Any CPU
		{AE42B7F0-83C7-440D-9D20-25E0FD86991C}.Release|x86.ActiveCfg = Release|Any CPU
		{AE42B7F0-83C7-440D-9D20-25E0FD86991C}.Release|x86.Build.0 = Release|Any CPU
		{DF9886A6-15C6-40CB-98A4-405D65B6172A}.Debug|Any CPU.ActiveCfg = Debug|Any CPU
		{DF9886A6-15C6-40CB-98A4-405D65B6172A}.Debug|Any CPU.Build.0 = Debug|Any CPU
		{DF9886A6-15C6-40CB-98A4-405D65B6172A}.Debug|x64.ActiveCfg = Debug|Any CPU
		{DF9886A6-15C6-40CB-98A4-405D65B6172A}.Debug|x64.Build.0 = Debug|Any CPU
		{DF9886A6-15C6-40CB-98A4-405D65B6172A}.Debug|x86.ActiveCfg = Debug|Any CPU
		{DF9886A6-15C6-40CB-98A4-405D65B6172A}.Debug|x86.Build.0 = Debug|Any CPU
		{DF9886A6-15C6-40CB-98A4-405D65B6172A}.Release|Any CPU.ActiveCfg = Release|Any CPU
		{DF9886A6-15C6-40CB-98A4-405D65B6172A}.Release|Any CPU.Build.0 = Release|Any CPU
		{DF9886A6-15C6-40CB-98A4-405D65B6172A}.Release|x64.ActiveCfg = Release|Any CPU
		{DF9886A6-15C6-40CB-98A4-405D65B6172A}.Release|x64.Build.0 = Release|Any CPU
		{DF9886A6-15C6-40CB-98A4-405D65B6172A}.Release|x86.ActiveCfg = Release|Any CPU
		{DF9886A6-15C6-40CB-98A4-405D65B6172A}.Release|x86.Build.0 = Release|Any CPU
		{E897820D-F2F2-4F24-BF9C-FF83B3DFF73C}.Debug|Any CPU.ActiveCfg = Debug|Any CPU
		{E897820D-F2F2-4F24-BF9C-FF83B3DFF73C}.Debug|Any CPU.Build.0 = Debug|Any CPU
		{E897820D-F2F2-4F24-BF9C-FF83B3DFF73C}.Debug|x64.ActiveCfg = Debug|Any CPU
		{E897820D-F2F2-4F24-BF9C-FF83B3DFF73C}.Debug|x64.Build.0 = Debug|Any CPU
		{E897820D-F2F2-4F24-BF9C-FF83B3DFF73C}.Debug|x86.ActiveCfg = Debug|Any CPU
		{E897820D-F2F2-4F24-BF9C-FF83B3DFF73C}.Debug|x86.Build.0 = Debug|Any CPU
		{E897820D-F2F2-4F24-BF9C-FF83B3DFF73C}.Release|Any CPU.ActiveCfg = Release|Any CPU
		{E897820D-F2F2-4F24-BF9C-FF83B3DFF73C}.Release|Any CPU.Build.0 = Release|Any CPU
		{E897820D-F2F2-4F24-BF9C-FF83B3DFF73C}.Release|x64.ActiveCfg = Release|Any CPU
		{E897820D-F2F2-4F24-BF9C-FF83B3DFF73C}.Release|x64.Build.0 = Release|Any CPU
		{E897820D-F2F2-4F24-BF9C-FF83B3DFF73C}.Release|x86.ActiveCfg = Release|Any CPU
		{E897820D-F2F2-4F24-BF9C-FF83B3DFF73C}.Release|x86.Build.0 = Release|Any CPU
		{7B21939B-51C5-4EBF-A7CC-147BA9C1A136}.Debug|Any CPU.ActiveCfg = Debug|Any CPU
		{7B21939B-51C5-4EBF-A7CC-147BA9C1A136}.Debug|Any CPU.Build.0 = Debug|Any CPU
		{7B21939B-51C5-4EBF-A7CC-147BA9C1A136}.Debug|x64.ActiveCfg = Debug|Any CPU
		{7B21939B-51C5-4EBF-A7CC-147BA9C1A136}.Debug|x64.Build.0 = Debug|Any CPU
		{7B21939B-51C5-4EBF-A7CC-147BA9C1A136}.Debug|x86.ActiveCfg = Debug|Any CPU
		{7B21939B-51C5-4EBF-A7CC-147BA9C1A136}.Debug|x86.Build.0 = Debug|Any CPU
		{7B21939B-51C5-4EBF-A7CC-147BA9C1A136}.Release|Any CPU.ActiveCfg = Release|Any CPU
		{7B21939B-51C5-4EBF-A7CC-147BA9C1A136}.Release|Any CPU.Build.0 = Release|Any CPU
		{7B21939B-51C5-4EBF-A7CC-147BA9C1A136}.Release|x64.ActiveCfg = Release|Any CPU
		{7B21939B-51C5-4EBF-A7CC-147BA9C1A136}.Release|x64.Build.0 = Release|Any CPU
		{7B21939B-51C5-4EBF-A7CC-147BA9C1A136}.Release|x86.ActiveCfg = Release|Any CPU
		{7B21939B-51C5-4EBF-A7CC-147BA9C1A136}.Release|x86.Build.0 = Release|Any CPU
		{007CFB14-6A8C-490B-BF99-E27D40024D81}.Debug|Any CPU.ActiveCfg = Debug|Any CPU
		{007CFB14-6A8C-490B-BF99-E27D40024D81}.Debug|Any CPU.Build.0 = Debug|Any CPU
		{007CFB14-6A8C-490B-BF99-E27D40024D81}.Debug|x64.ActiveCfg = Debug|Any CPU
		{007CFB14-6A8C-490B-BF99-E27D40024D81}.Debug|x64.Build.0 = Debug|Any CPU
		{007CFB14-6A8C-490B-BF99-E27D40024D81}.Debug|x86.ActiveCfg = Debug|Any CPU
		{007CFB14-6A8C-490B-BF99-E27D40024D81}.Debug|x86.Build.0 = Debug|Any CPU
		{007CFB14-6A8C-490B-BF99-E27D40024D81}.Release|Any CPU.ActiveCfg = Release|Any CPU
		{007CFB14-6A8C-490B-BF99-E27D40024D81}.Release|Any CPU.Build.0 = Release|Any CPU
		{007CFB14-6A8C-490B-BF99-E27D40024D81}.Release|x64.ActiveCfg = Release|Any CPU
		{007CFB14-6A8C-490B-BF99-E27D40024D81}.Release|x64.Build.0 = Release|Any CPU
		{007CFB14-6A8C-490B-BF99-E27D40024D81}.Release|x86.ActiveCfg = Release|Any CPU
		{007CFB14-6A8C-490B-BF99-E27D40024D81}.Release|x86.Build.0 = Release|Any CPU
		{F80D0FF8-0BD6-4E2C-909A-3D4A10CA2738}.Debug|Any CPU.ActiveCfg = Debug|Any CPU
		{F80D0FF8-0BD6-4E2C-909A-3D4A10CA2738}.Debug|Any CPU.Build.0 = Debug|Any CPU
		{F80D0FF8-0BD6-4E2C-909A-3D4A10CA2738}.Debug|x64.ActiveCfg = Debug|Any CPU
		{F80D0FF8-0BD6-4E2C-909A-3D4A10CA2738}.Debug|x64.Build.0 = Debug|Any CPU
		{F80D0FF8-0BD6-4E2C-909A-3D4A10CA2738}.Debug|x86.ActiveCfg = Debug|Any CPU
		{F80D0FF8-0BD6-4E2C-909A-3D4A10CA2738}.Debug|x86.Build.0 = Debug|Any CPU
		{F80D0FF8-0BD6-4E2C-909A-3D4A10CA2738}.Release|Any CPU.ActiveCfg = Release|Any CPU
		{F80D0FF8-0BD6-4E2C-909A-3D4A10CA2738}.Release|Any CPU.Build.0 = Release|Any CPU
		{F80D0FF8-0BD6-4E2C-909A-3D4A10CA2738}.Release|x64.ActiveCfg = Release|Any CPU
		{F80D0FF8-0BD6-4E2C-909A-3D4A10CA2738}.Release|x64.Build.0 = Release|Any CPU
		{F80D0FF8-0BD6-4E2C-909A-3D4A10CA2738}.Release|x86.ActiveCfg = Release|Any CPU
		{F80D0FF8-0BD6-4E2C-909A-3D4A10CA2738}.Release|x86.Build.0 = Release|Any CPU
		{D5858DF9-466D-4A0A-B9FF-4F783B9D1B6F}.Debug|Any CPU.ActiveCfg = Debug|Any CPU
		{D5858DF9-466D-4A0A-B9FF-4F783B9D1B6F}.Debug|Any CPU.Build.0 = Debug|Any CPU
		{D5858DF9-466D-4A0A-B9FF-4F783B9D1B6F}.Debug|x64.ActiveCfg = Debug|Any CPU
		{D5858DF9-466D-4A0A-B9FF-4F783B9D1B6F}.Debug|x64.Build.0 = Debug|Any CPU
		{D5858DF9-466D-4A0A-B9FF-4F783B9D1B6F}.Debug|x86.ActiveCfg = Debug|Any CPU
		{D5858DF9-466D-4A0A-B9FF-4F783B9D1B6F}.Debug|x86.Build.0 = Debug|Any CPU
		{D5858DF9-466D-4A0A-B9FF-4F783B9D1B6F}.Release|Any CPU.ActiveCfg = Release|Any CPU
		{D5858DF9-466D-4A0A-B9FF-4F783B9D1B6F}.Release|Any CPU.Build.0 = Release|Any CPU
		{D5858DF9-466D-4A0A-B9FF-4F783B9D1B6F}.Release|x64.ActiveCfg = Release|Any CPU
		{D5858DF9-466D-4A0A-B9FF-4F783B9D1B6F}.Release|x64.Build.0 = Release|Any CPU
		{D5858DF9-466D-4A0A-B9FF-4F783B9D1B6F}.Release|x86.ActiveCfg = Release|Any CPU
		{D5858DF9-466D-4A0A-B9FF-4F783B9D1B6F}.Release|x86.Build.0 = Release|Any CPU
		{F28DBCF9-460D-4C1B-9E1D-5000C40209B9}.Debug|Any CPU.ActiveCfg = Debug|Any CPU
		{F28DBCF9-460D-4C1B-9E1D-5000C40209B9}.Debug|Any CPU.Build.0 = Debug|Any CPU
		{F28DBCF9-460D-4C1B-9E1D-5000C40209B9}.Debug|x64.ActiveCfg = Debug|Any CPU
		{F28DBCF9-460D-4C1B-9E1D-5000C40209B9}.Debug|x64.Build.0 = Debug|Any CPU
		{F28DBCF9-460D-4C1B-9E1D-5000C40209B9}.Debug|x86.ActiveCfg = Debug|Any CPU
		{F28DBCF9-460D-4C1B-9E1D-5000C40209B9}.Debug|x86.Build.0 = Debug|Any CPU
		{F28DBCF9-460D-4C1B-9E1D-5000C40209B9}.Release|Any CPU.ActiveCfg = Release|Any CPU
		{F28DBCF9-460D-4C1B-9E1D-5000C40209B9}.Release|Any CPU.Build.0 = Release|Any CPU
		{F28DBCF9-460D-4C1B-9E1D-5000C40209B9}.Release|x64.ActiveCfg = Release|Any CPU
		{F28DBCF9-460D-4C1B-9E1D-5000C40209B9}.Release|x64.Build.0 = Release|Any CPU
		{F28DBCF9-460D-4C1B-9E1D-5000C40209B9}.Release|x86.ActiveCfg = Release|Any CPU
		{F28DBCF9-460D-4C1B-9E1D-5000C40209B9}.Release|x86.Build.0 = Release|Any CPU
		{926E4D46-B830-4104-92AD-732B1518562B}.Debug|Any CPU.ActiveCfg = Debug|Any CPU
		{926E4D46-B830-4104-92AD-732B1518562B}.Debug|Any CPU.Build.0 = Debug|Any CPU
		{926E4D46-B830-4104-92AD-732B1518562B}.Debug|x64.ActiveCfg = Debug|Any CPU
		{926E4D46-B830-4104-92AD-732B1518562B}.Debug|x64.Build.0 = Debug|Any CPU
		{926E4D46-B830-4104-92AD-732B1518562B}.Debug|x86.ActiveCfg = Debug|Any CPU
		{926E4D46-B830-4104-92AD-732B1518562B}.Debug|x86.Build.0 = Debug|Any CPU
		{926E4D46-B830-4104-92AD-732B1518562B}.Release|Any CPU.ActiveCfg = Release|Any CPU
		{926E4D46-B830-4104-92AD-732B1518562B}.Release|Any CPU.Build.0 = Release|Any CPU
		{926E4D46-B830-4104-92AD-732B1518562B}.Release|x64.ActiveCfg = Release|Any CPU
		{926E4D46-B830-4104-92AD-732B1518562B}.Release|x64.Build.0 = Release|Any CPU
		{926E4D46-B830-4104-92AD-732B1518562B}.Release|x86.ActiveCfg = Release|Any CPU
		{926E4D46-B830-4104-92AD-732B1518562B}.Release|x86.Build.0 = Release|Any CPU
		{64F29AD4-AF22-467F-9B56-3A99F71AC5CB}.Debug|Any CPU.ActiveCfg = Debug|Any CPU
		{64F29AD4-AF22-467F-9B56-3A99F71AC5CB}.Debug|Any CPU.Build.0 = Debug|Any CPU
		{64F29AD4-AF22-467F-9B56-3A99F71AC5CB}.Debug|x64.ActiveCfg = Debug|Any CPU
		{64F29AD4-AF22-467F-9B56-3A99F71AC5CB}.Debug|x64.Build.0 = Debug|Any CPU
		{64F29AD4-AF22-467F-9B56-3A99F71AC5CB}.Debug|x86.ActiveCfg = Debug|Any CPU
		{64F29AD4-AF22-467F-9B56-3A99F71AC5CB}.Debug|x86.Build.0 = Debug|Any CPU
		{64F29AD4-AF22-467F-9B56-3A99F71AC5CB}.Release|Any CPU.ActiveCfg = Release|Any CPU
		{64F29AD4-AF22-467F-9B56-3A99F71AC5CB}.Release|Any CPU.Build.0 = Release|Any CPU
		{64F29AD4-AF22-467F-9B56-3A99F71AC5CB}.Release|x64.ActiveCfg = Release|Any CPU
		{64F29AD4-AF22-467F-9B56-3A99F71AC5CB}.Release|x64.Build.0 = Release|Any CPU
		{64F29AD4-AF22-467F-9B56-3A99F71AC5CB}.Release|x86.ActiveCfg = Release|Any CPU
		{64F29AD4-AF22-467F-9B56-3A99F71AC5CB}.Release|x86.Build.0 = Release|Any CPU
		{3A151D2A-5421-4436-A03E-F9E790160D13}.Debug|Any CPU.ActiveCfg = Debug|Any CPU
		{3A151D2A-5421-4436-A03E-F9E790160D13}.Debug|Any CPU.Build.0 = Debug|Any CPU
		{3A151D2A-5421-4436-A03E-F9E790160D13}.Debug|x64.ActiveCfg = Debug|Any CPU
		{3A151D2A-5421-4436-A03E-F9E790160D13}.Debug|x64.Build.0 = Debug|Any CPU
		{3A151D2A-5421-4436-A03E-F9E790160D13}.Debug|x86.ActiveCfg = Debug|Any CPU
		{3A151D2A-5421-4436-A03E-F9E790160D13}.Debug|x86.Build.0 = Debug|Any CPU
		{3A151D2A-5421-4436-A03E-F9E790160D13}.Release|Any CPU.ActiveCfg = Release|Any CPU
		{3A151D2A-5421-4436-A03E-F9E790160D13}.Release|Any CPU.Build.0 = Release|Any CPU
		{3A151D2A-5421-4436-A03E-F9E790160D13}.Release|x64.ActiveCfg = Release|Any CPU
		{3A151D2A-5421-4436-A03E-F9E790160D13}.Release|x64.Build.0 = Release|Any CPU
		{3A151D2A-5421-4436-A03E-F9E790160D13}.Release|x86.ActiveCfg = Release|Any CPU
		{3A151D2A-5421-4436-A03E-F9E790160D13}.Release|x86.Build.0 = Release|Any CPU
		{5097985E-ED82-414D-B140-8E229BEC7828}.Debug|Any CPU.ActiveCfg = Debug|Any CPU
		{5097985E-ED82-414D-B140-8E229BEC7828}.Debug|Any CPU.Build.0 = Debug|Any CPU
		{5097985E-ED82-414D-B140-8E229BEC7828}.Debug|x64.ActiveCfg = Debug|Any CPU
		{5097985E-ED82-414D-B140-8E229BEC7828}.Debug|x64.Build.0 = Debug|Any CPU
		{5097985E-ED82-414D-B140-8E229BEC7828}.Debug|x86.ActiveCfg = Debug|Any CPU
		{5097985E-ED82-414D-B140-8E229BEC7828}.Debug|x86.Build.0 = Debug|Any CPU
		{5097985E-ED82-414D-B140-8E229BEC7828}.Release|Any CPU.ActiveCfg = Release|Any CPU
		{5097985E-ED82-414D-B140-8E229BEC7828}.Release|Any CPU.Build.0 = Release|Any CPU
		{5097985E-ED82-414D-B140-8E229BEC7828}.Release|x64.ActiveCfg = Release|Any CPU
		{5097985E-ED82-414D-B140-8E229BEC7828}.Release|x64.Build.0 = Release|Any CPU
		{5097985E-ED82-414D-B140-8E229BEC7828}.Release|x86.ActiveCfg = Release|Any CPU
		{5097985E-ED82-414D-B140-8E229BEC7828}.Release|x86.Build.0 = Release|Any CPU
		{7C7AECED-B67D-4961-9CB2-1C0415ADFC54}.Debug|Any CPU.ActiveCfg = Debug|Any CPU
		{7C7AECED-B67D-4961-9CB2-1C0415ADFC54}.Debug|Any CPU.Build.0 = Debug|Any CPU
		{7C7AECED-B67D-4961-9CB2-1C0415ADFC54}.Debug|x64.ActiveCfg = Debug|Any CPU
		{7C7AECED-B67D-4961-9CB2-1C0415ADFC54}.Debug|x64.Build.0 = Debug|Any CPU
		{7C7AECED-B67D-4961-9CB2-1C0415ADFC54}.Debug|x86.ActiveCfg = Debug|Any CPU
		{7C7AECED-B67D-4961-9CB2-1C0415ADFC54}.Debug|x86.Build.0 = Debug|Any CPU
		{7C7AECED-B67D-4961-9CB2-1C0415ADFC54}.Release|Any CPU.ActiveCfg = Release|Any CPU
		{7C7AECED-B67D-4961-9CB2-1C0415ADFC54}.Release|Any CPU.Build.0 = Release|Any CPU
		{7C7AECED-B67D-4961-9CB2-1C0415ADFC54}.Release|x64.ActiveCfg = Release|Any CPU
		{7C7AECED-B67D-4961-9CB2-1C0415ADFC54}.Release|x64.Build.0 = Release|Any CPU
		{7C7AECED-B67D-4961-9CB2-1C0415ADFC54}.Release|x86.ActiveCfg = Release|Any CPU
		{7C7AECED-B67D-4961-9CB2-1C0415ADFC54}.Release|x86.Build.0 = Release|Any CPU
		{7C51C03F-9379-4446-80DE-C4A54D503AB4}.Debug|Any CPU.ActiveCfg = Debug|Any CPU
		{7C51C03F-9379-4446-80DE-C4A54D503AB4}.Debug|Any CPU.Build.0 = Debug|Any CPU
		{7C51C03F-9379-4446-80DE-C4A54D503AB4}.Debug|x64.ActiveCfg = Debug|Any CPU
		{7C51C03F-9379-4446-80DE-C4A54D503AB4}.Debug|x64.Build.0 = Debug|Any CPU
		{7C51C03F-9379-4446-80DE-C4A54D503AB4}.Debug|x86.ActiveCfg = Debug|Any CPU
		{7C51C03F-9379-4446-80DE-C4A54D503AB4}.Debug|x86.Build.0 = Debug|Any CPU
		{7C51C03F-9379-4446-80DE-C4A54D503AB4}.Release|Any CPU.ActiveCfg = Release|Any CPU
		{7C51C03F-9379-4446-80DE-C4A54D503AB4}.Release|Any CPU.Build.0 = Release|Any CPU
		{7C51C03F-9379-4446-80DE-C4A54D503AB4}.Release|x64.ActiveCfg = Release|Any CPU
		{7C51C03F-9379-4446-80DE-C4A54D503AB4}.Release|x64.Build.0 = Release|Any CPU
		{7C51C03F-9379-4446-80DE-C4A54D503AB4}.Release|x86.ActiveCfg = Release|Any CPU
		{7C51C03F-9379-4446-80DE-C4A54D503AB4}.Release|x86.Build.0 = Release|Any CPU
		{F990D3E3-11DC-4BF2-9DE2-5D7921C91AD1}.Debug|Any CPU.ActiveCfg = Debug|Any CPU
		{F990D3E3-11DC-4BF2-9DE2-5D7921C91AD1}.Debug|Any CPU.Build.0 = Debug|Any CPU
		{F990D3E3-11DC-4BF2-9DE2-5D7921C91AD1}.Debug|x64.ActiveCfg = Debug|Any CPU
		{F990D3E3-11DC-4BF2-9DE2-5D7921C91AD1}.Debug|x64.Build.0 = Debug|Any CPU
		{F990D3E3-11DC-4BF2-9DE2-5D7921C91AD1}.Debug|x86.ActiveCfg = Debug|Any CPU
		{F990D3E3-11DC-4BF2-9DE2-5D7921C91AD1}.Debug|x86.Build.0 = Debug|Any CPU
		{F990D3E3-11DC-4BF2-9DE2-5D7921C91AD1}.Release|Any CPU.ActiveCfg = Release|Any CPU
		{F990D3E3-11DC-4BF2-9DE2-5D7921C91AD1}.Release|Any CPU.Build.0 = Release|Any CPU
		{F990D3E3-11DC-4BF2-9DE2-5D7921C91AD1}.Release|x64.ActiveCfg = Release|Any CPU
		{F990D3E3-11DC-4BF2-9DE2-5D7921C91AD1}.Release|x64.Build.0 = Release|Any CPU
		{F990D3E3-11DC-4BF2-9DE2-5D7921C91AD1}.Release|x86.ActiveCfg = Release|Any CPU
		{F990D3E3-11DC-4BF2-9DE2-5D7921C91AD1}.Release|x86.Build.0 = Release|Any CPU
		{14165F95-E034-4D0D-8A8B-2023C5DFA33A}.Debug|Any CPU.ActiveCfg = Debug|Any CPU
		{14165F95-E034-4D0D-8A8B-2023C5DFA33A}.Debug|Any CPU.Build.0 = Debug|Any CPU
		{14165F95-E034-4D0D-8A8B-2023C5DFA33A}.Debug|x64.ActiveCfg = Debug|Any CPU
		{14165F95-E034-4D0D-8A8B-2023C5DFA33A}.Debug|x64.Build.0 = Debug|Any CPU
		{14165F95-E034-4D0D-8A8B-2023C5DFA33A}.Debug|x86.ActiveCfg = Debug|Any CPU
		{14165F95-E034-4D0D-8A8B-2023C5DFA33A}.Debug|x86.Build.0 = Debug|Any CPU
		{14165F95-E034-4D0D-8A8B-2023C5DFA33A}.Release|Any CPU.ActiveCfg = Release|Any CPU
		{14165F95-E034-4D0D-8A8B-2023C5DFA33A}.Release|Any CPU.Build.0 = Release|Any CPU
		{14165F95-E034-4D0D-8A8B-2023C5DFA33A}.Release|x64.ActiveCfg = Release|Any CPU
		{14165F95-E034-4D0D-8A8B-2023C5DFA33A}.Release|x64.Build.0 = Release|Any CPU
		{14165F95-E034-4D0D-8A8B-2023C5DFA33A}.Release|x86.ActiveCfg = Release|Any CPU
		{14165F95-E034-4D0D-8A8B-2023C5DFA33A}.Release|x86.Build.0 = Release|Any CPU
		{482ED609-66B6-4FCC-8411-056875DC752C}.Debug|Any CPU.ActiveCfg = Debug|Any CPU
		{482ED609-66B6-4FCC-8411-056875DC752C}.Debug|Any CPU.Build.0 = Debug|Any CPU
		{482ED609-66B6-4FCC-8411-056875DC752C}.Debug|x64.ActiveCfg = Debug|Any CPU
		{482ED609-66B6-4FCC-8411-056875DC752C}.Debug|x64.Build.0 = Debug|Any CPU
		{482ED609-66B6-4FCC-8411-056875DC752C}.Debug|x86.ActiveCfg = Debug|Any CPU
		{482ED609-66B6-4FCC-8411-056875DC752C}.Debug|x86.Build.0 = Debug|Any CPU
		{482ED609-66B6-4FCC-8411-056875DC752C}.Release|Any CPU.ActiveCfg = Release|Any CPU
		{482ED609-66B6-4FCC-8411-056875DC752C}.Release|Any CPU.Build.0 = Release|Any CPU
		{482ED609-66B6-4FCC-8411-056875DC752C}.Release|x64.ActiveCfg = Release|Any CPU
		{482ED609-66B6-4FCC-8411-056875DC752C}.Release|x64.Build.0 = Release|Any CPU
		{482ED609-66B6-4FCC-8411-056875DC752C}.Release|x86.ActiveCfg = Release|Any CPU
		{482ED609-66B6-4FCC-8411-056875DC752C}.Release|x86.Build.0 = Release|Any CPU
		{AEBCC303-640F-47C8-8B6D-612C921CBB02}.Debug|Any CPU.ActiveCfg = Debug|Any CPU
		{AEBCC303-640F-47C8-8B6D-612C921CBB02}.Debug|Any CPU.Build.0 = Debug|Any CPU
		{AEBCC303-640F-47C8-8B6D-612C921CBB02}.Debug|x64.ActiveCfg = Debug|Any CPU
		{AEBCC303-640F-47C8-8B6D-612C921CBB02}.Debug|x64.Build.0 = Debug|Any CPU
		{AEBCC303-640F-47C8-8B6D-612C921CBB02}.Debug|x86.ActiveCfg = Debug|Any CPU
		{AEBCC303-640F-47C8-8B6D-612C921CBB02}.Debug|x86.Build.0 = Debug|Any CPU
		{AEBCC303-640F-47C8-8B6D-612C921CBB02}.Release|Any CPU.ActiveCfg = Release|Any CPU
		{AEBCC303-640F-47C8-8B6D-612C921CBB02}.Release|Any CPU.Build.0 = Release|Any CPU
		{AEBCC303-640F-47C8-8B6D-612C921CBB02}.Release|x64.ActiveCfg = Release|Any CPU
		{AEBCC303-640F-47C8-8B6D-612C921CBB02}.Release|x64.Build.0 = Release|Any CPU
		{AEBCC303-640F-47C8-8B6D-612C921CBB02}.Release|x86.ActiveCfg = Release|Any CPU
		{AEBCC303-640F-47C8-8B6D-612C921CBB02}.Release|x86.Build.0 = Release|Any CPU
		{310C2139-A283-44A9-8C45-8A6EB075AE32}.Debug|Any CPU.ActiveCfg = Debug|Any CPU
		{310C2139-A283-44A9-8C45-8A6EB075AE32}.Debug|Any CPU.Build.0 = Debug|Any CPU
		{310C2139-A283-44A9-8C45-8A6EB075AE32}.Debug|x64.ActiveCfg = Debug|Any CPU
		{310C2139-A283-44A9-8C45-8A6EB075AE32}.Debug|x64.Build.0 = Debug|Any CPU
		{310C2139-A283-44A9-8C45-8A6EB075AE32}.Debug|x86.ActiveCfg = Debug|Any CPU
		{310C2139-A283-44A9-8C45-8A6EB075AE32}.Debug|x86.Build.0 = Debug|Any CPU
		{310C2139-A283-44A9-8C45-8A6EB075AE32}.Release|Any CPU.ActiveCfg = Release|Any CPU
		{310C2139-A283-44A9-8C45-8A6EB075AE32}.Release|Any CPU.Build.0 = Release|Any CPU
		{310C2139-A283-44A9-8C45-8A6EB075AE32}.Release|x64.ActiveCfg = Release|Any CPU
		{310C2139-A283-44A9-8C45-8A6EB075AE32}.Release|x64.Build.0 = Release|Any CPU
		{310C2139-A283-44A9-8C45-8A6EB075AE32}.Release|x86.ActiveCfg = Release|Any CPU
		{310C2139-A283-44A9-8C45-8A6EB075AE32}.Release|x86.Build.0 = Release|Any CPU
		{74A6B5EE-4C28-4FEC-A10C-3B6FC8BF3C3F}.Debug|Any CPU.ActiveCfg = Debug|Any CPU
		{74A6B5EE-4C28-4FEC-A10C-3B6FC8BF3C3F}.Debug|Any CPU.Build.0 = Debug|Any CPU
		{74A6B5EE-4C28-4FEC-A10C-3B6FC8BF3C3F}.Debug|x64.ActiveCfg = Debug|Any CPU
		{74A6B5EE-4C28-4FEC-A10C-3B6FC8BF3C3F}.Debug|x64.Build.0 = Debug|Any CPU
		{74A6B5EE-4C28-4FEC-A10C-3B6FC8BF3C3F}.Debug|x86.ActiveCfg = Debug|Any CPU
		{74A6B5EE-4C28-4FEC-A10C-3B6FC8BF3C3F}.Debug|x86.Build.0 = Debug|Any CPU
		{74A6B5EE-4C28-4FEC-A10C-3B6FC8BF3C3F}.Release|Any CPU.ActiveCfg = Release|Any CPU
		{74A6B5EE-4C28-4FEC-A10C-3B6FC8BF3C3F}.Release|Any CPU.Build.0 = Release|Any CPU
		{74A6B5EE-4C28-4FEC-A10C-3B6FC8BF3C3F}.Release|x64.ActiveCfg = Release|Any CPU
		{74A6B5EE-4C28-4FEC-A10C-3B6FC8BF3C3F}.Release|x64.Build.0 = Release|Any CPU
		{74A6B5EE-4C28-4FEC-A10C-3B6FC8BF3C3F}.Release|x86.ActiveCfg = Release|Any CPU
		{74A6B5EE-4C28-4FEC-A10C-3B6FC8BF3C3F}.Release|x86.Build.0 = Release|Any CPU
	EndGlobalSection
	GlobalSection(SolutionProperties) = preSolution
		HideSolutionNode = FALSE
	EndGlobalSection
	GlobalSection(NestedProjects) = preSolution
		{AE42B7F0-83C7-440D-9D20-25E0FD86991C} = {4A8CB7A6-B904-4614-82CD-9A87260EC675}
		{DF9886A6-15C6-40CB-98A4-405D65B6172A} = {4A8CB7A6-B904-4614-82CD-9A87260EC675}
		{E897820D-F2F2-4F24-BF9C-FF83B3DFF73C} = {4A8CB7A6-B904-4614-82CD-9A87260EC675}
		{7B21939B-51C5-4EBF-A7CC-147BA9C1A136} = {0C10E816-F485-466A-A168-2098DE482F9A}
		{007CFB14-6A8C-490B-BF99-E27D40024D81} = {0C10E816-F485-466A-A168-2098DE482F9A}
		{F80D0FF8-0BD6-4E2C-909A-3D4A10CA2738} = {0C10E816-F485-466A-A168-2098DE482F9A}
		{D5858DF9-466D-4A0A-B9FF-4F783B9D1B6F} = {0C10E816-F485-466A-A168-2098DE482F9A}
		{F28DBCF9-460D-4C1B-9E1D-5000C40209B9} = {0C10E816-F485-466A-A168-2098DE482F9A}
		{926E4D46-B830-4104-92AD-732B1518562B} = {0C10E816-F485-466A-A168-2098DE482F9A}
		{64F29AD4-AF22-467F-9B56-3A99F71AC5CB} = {0C10E816-F485-466A-A168-2098DE482F9A}
		{3A151D2A-5421-4436-A03E-F9E790160D13} = {4A8CB7A6-B904-4614-82CD-9A87260EC675}
		{5097985E-ED82-414D-B140-8E229BEC7828} = {4A8CB7A6-B904-4614-82CD-9A87260EC675}
		{7C7AECED-B67D-4961-9CB2-1C0415ADFC54} = {0C10E816-F485-466A-A168-2098DE482F9A}
		{7C51C03F-9379-4446-80DE-C4A54D503AB4} = {0C10E816-F485-466A-A168-2098DE482F9A}
		{F990D3E3-11DC-4BF2-9DE2-5D7921C91AD1} = {0C10E816-F485-466A-A168-2098DE482F9A}
		{14165F95-E034-4D0D-8A8B-2023C5DFA33A} = {0C10E816-F485-466A-A168-2098DE482F9A}
		{482ED609-66B6-4FCC-8411-056875DC752C} = {0C10E816-F485-466A-A168-2098DE482F9A}
		{AEBCC303-640F-47C8-8B6D-612C921CBB02} = {0C10E816-F485-466A-A168-2098DE482F9A}
		{310C2139-A283-44A9-8C45-8A6EB075AE32} = {0C10E816-F485-466A-A168-2098DE482F9A}
		{74A6B5EE-4C28-4FEC-A10C-3B6FC8BF3C3F} = {0C10E816-F485-466A-A168-2098DE482F9A}
	EndGlobalSection
	GlobalSection(ExtensibilityGlobals) = postSolution
		SolutionGuid = {B01080EB-FEDE-416C-93F3-38426F0D5B96}
	EndGlobalSection
EndGlobal
